Microsoft Visual Studio Solution File, Format Version 12.00
# Visual Studio Version 16
VisualStudioVersion = 16.0.30709.132
MinimumVisualStudioVersion = 10.0.40219.1
Project("{A8A06387-5A08-470D-8F9C-CD5ECF2DDB09}") = "Cone", "Cone\Cone.cmproj", "{A9DF5794-1124-457E-8163-C326382D5F92}"
EndProject
Project("{A8A06387-5A08-470D-8F9C-CD5ECF2DDB09}") = "Cube", "Cube\Cube.cmproj", "{1813CF96-80B0-4B53-ADBC-FF4FD04175B1}"
EndProject
Project("{A8A06387-5A08-470D-8F9C-CD5ECF2DDB09}") = "Cylinder", "Cylinder\Cylinder.cmproj", "{D6CBCDE1-BAD8-4CA2-91D8-1B001EB03AD9}"
EndProject
Project("{A8A06387-5A08-470D-8F9C-CD5ECF2DDB09}") = "Sirius.Graphics", "graphics\Sirius.Graphics.cmproj", "{AD088043-496E-432D-B726-67677AF62770}"
EndProject
Project("{A8A06387-5A08-470D-8F9C-CD5ECF2DDB09}") = "Sirius.Math", "math\Sirius.Math.cmproj", "{5EBBBED5-A40E-42C2-82E0-B9AAD48FA16A}"
EndProject
Project("{A8A06387-5A08-470D-8F9C-CD5ECF2DDB09}") = "Sirius.Math.Test", "math.test\Sirius.Math.Test.cmproj", "{049B8C6F-ECE8-4973-9389-01CBACB81A1C}"
EndProject
Project("{A8A06387-5A08-470D-8F9C-CD5ECF2DDB09}") = "Sphere", "Sphere\Sphere.cmproj", "{A03D0931-6FF4-4DC7-A001-323BF92FD186}"
EndProject
Global
	GlobalSection(SolutionConfigurationPlatforms) = preSolution
		Debug|Any CPU = Debug|Any CPU
		Release|Any CPU = Release|Any CPU
	EndGlobalSection
	GlobalSection(ProjectConfigurationPlatforms) = postSolution
		{A9DF5794-1124-457E-8163-C326382D5F92}.Debug|Any CPU.ActiveCfg = Debug|Any CPU
		{A9DF5794-1124-457E-8163-C326382D5F92}.Debug|Any CPU.Build.0 = Debug|Any CPU
		{A9DF5794-1124-457E-8163-C326382D5F92}.Release|Any CPU.ActiveCfg = Release|Any CPU
		{A9DF5794-1124-457E-8163-C326382D5F92}.Release|Any CPU.Build.0 = Release|Any CPU
		{1813CF96-80B0-4B53-ADBC-FF4FD04175B1}.Debug|Any CPU.ActiveCfg = Debug|Any CPU
		{1813CF96-80B0-4B53-ADBC-FF4FD04175B1}.Debug|Any CPU.Build.0 = Debug|Any CPU
		{1813CF96-80B0-4B53-ADBC-FF4FD04175B1}.Release|Any CPU.ActiveCfg = Release|Any CPU
		{1813CF96-80B0-4B53-ADBC-FF4FD04175B1}.Release|Any CPU.Build.0 = Release|Any CPU
		{D6CBCDE1-BAD8-4CA2-91D8-1B001EB03AD9}.Debug|Any CPU.ActiveCfg = Debug|Any CPU
		{D6CBCDE1-BAD8-4CA2-91D8-1B001EB03AD9}.Debug|Any CPU.Build.0 = Debug|Any CPU
		{D6CBCDE1-BAD8-4CA2-91D8-1B001EB03AD9}.Release|Any CPU.ActiveCfg = Release|Any CPU
		{D6CBCDE1-BAD8-4CA2-91D8-1B001EB03AD9}.Release|Any CPU.Build.0 = Release|Any CPU
		{AD088043-496E-432D-B726-67677AF62770}.Debug|Any CPU.ActiveCfg = Debug|Any CPU
		{AD088043-496E-432D-B726-67677AF62770}.Debug|Any CPU.Build.0 = Debug|Any CPU
		{AD088043-496E-432D-B726-67677AF62770}.Release|Any CPU.ActiveCfg = Release|Any CPU
		{AD088043-496E-432D-B726-67677AF62770}.Release|Any CPU.Build.0 = Release|Any CPU
		{5EBBBED5-A40E-42C2-82E0-B9AAD48FA16A}.Debug|Any CPU.ActiveCfg = Debug|Any CPU
		{5EBBBED5-A40E-42C2-82E0-B9AAD48FA16A}.Debug|Any CPU.Build.0 = Debug|Any CPU
		{5EBBBED5-A40E-42C2-82E0-B9AAD48FA16A}.Release|Any CPU.ActiveCfg = Release|Any CPU
		{5EBBBED5-A40E-42C2-82E0-B9AAD48FA16A}.Release|Any CPU.Build.0 = Release|Any CPU
		{049B8C6F-ECE8-4973-9389-01CBACB81A1C}.Debug|Any CPU.ActiveCfg = Debug|Any CPU
		{049B8C6F-ECE8-4973-9389-01CBACB81A1C}.Debug|Any CPU.Build.0 = Debug|Any CPU
		{049B8C6F-ECE8-4973-9389-01CBACB81A1C}.Release|Any CPU.ActiveCfg = Release|Any CPU
		{049B8C6F-ECE8-4973-9389-01CBACB81A1C}.Release|Any CPU.Build.0 = Release|Any CPU
		{A03D0931-6FF4-4DC7-A001-323BF92FD186}.Debug|Any CPU.ActiveCfg = Debug|Any CPU
		{A03D0931-6FF4-4DC7-A001-323BF92FD186}.Debug|Any CPU.Build.0 = Debug|Any CPU
		{A03D0931-6FF4-4DC7-A001-323BF92FD186}.Release|Any CPU.ActiveCfg = Release|Any CPU
		{A03D0931-6FF4-4DC7-A001-323BF92FD186}.Release|Any CPU.Build.0 = Release|Any CPU
	EndGlobalSection
	GlobalSection(SolutionProperties) = preSolution
		HideSolutionNode = FALSE
	EndGlobalSection
	GlobalSection(ExtensibilityGlobals) = postSolution
		        SolutionGuid = {b6d348ea-0d59-4bc0-bd7c-cf225c7d6da1}
		SolutionGuid = {F57B1547-471A-47E9-8FAA-DBB696021FAE}
	EndGlobalSection
EndGlobal
