
Microsoft Visual Studio Solution File, Format Version 12.00
# Visual Studio Version 16
VisualStudioVersion = 16.0.31515.178
MinimumVisualStudioVersion = 10.0.40219.1
Project("{8BC9CEB8-8B4A-11D0-8D11-00A0C91BC942}") = "setup", "setup.vcxproj", "{60F9A047-5444-4EFA-9B9B-A00E364CC2B2}"
EndProject
Global
	GlobalSection(SolutionConfigurationPlatforms) = preSolution
		Debug|x64 = Debug|x64
		Release|x64 = Release|x64
	EndGlobalSection
	GlobalSection(ProjectConfigurationPlatforms) = postSolution
		{60F9A047-5444-4EFA-9B9B-A00E364CC2B2}.Debug|x64.ActiveCfg = Debug|x64
		{60F9A047-5444-4EFA-9B9B-A00E364CC2B2}.Debug|x64.Build.0 = Debug|x64
		{60F9A047-5444-4EFA-9B9B-A00E364CC2B2}.Release|x64.ActiveCfg = Release|x64
		{60F9A047-5444-4EFA-9B9B-A00E364CC2B2}.Release|x64.Build.0 = Release|x64
	EndGlobalSection
	GlobalSection(SolutionProperties) = preSolution
		HideSolutionNode = FALSE
	EndGlobalSection
	GlobalSection(ExtensibilityGlobals) = postSolution
		SolutionGuid = {C774D6A0-6267-4C28-A639-46B7B40E0578}
	EndGlobalSection
EndGlobal
