
Microsoft Visual Studio Solution File, Format Version 12.00
# Visual Studio 15
VisualStudioVersion = 15.0.28306.52
MinimumVisualStudioVersion = 10.0.40219.1
Project("{A8A06387-5A08-470D-8F9C-CD5ECF2DDB09}") = "cmsx", "cmsx.cmproj", "{D92EE834-A1DC-427C-8EE6-3FB578A79169}"
EndProject
Project("{A8A06387-5A08-470D-8F9C-CD5ECF2DDB09}") = "cmsxm", "cmsxm\cmsxm.cmproj", "{8E165212-F382-45ED-802C-0D657CAE865B}"
EndProject
Project("{A8A06387-5A08-470D-8F9C-CD5ECF2DDB09}") = "cmsxa", "cmsxa\cmsxa.cmproj", "{E0925858-448A-4B3D-83DF-560EE0908F71}"
EndProject
Project("{A8A06387-5A08-470D-8F9C-CD5ECF2DDB09}") = "cmsxas", "cmsxas\cmsxas.cmproj", "{3A663075-5D03-41C4-9DCA-DF3227610C19}"
EndProject
Project("{A8A06387-5A08-470D-8F9C-CD5ECF2DDB09}") = "cmsxk", "cmsxk\cmsxk.cmproj", "{41E9E486-FBFF-4E28-BC97-C4DB0FB9A67B}"
EndProject
Project("{A8A06387-5A08-470D-8F9C-CD5ECF2DDB09}") = "cmsxu", "cmsxu\cmsxu.cmproj", "{09657CFF-72C3-4C7B-A3EA-222EE4EBC858}"
EndProject
Project("{A8A06387-5A08-470D-8F9C-CD5ECF2DDB09}") = "cmsxo", "cmsxo\cmsxo.cmproj", "{4E86B5E2-D558-4C75-9929-EB819B55BFD6}"
EndProject
Project("{A8A06387-5A08-470D-8F9C-CD5ECF2DDB09}") = "cmsxdump", "cmsxdump\cmsxdump.cmproj", "{A5CE21A7-7F2F-4E4F-AC3B-0C21F66A55DD}"
EndProject
Project("{A8A06387-5A08-470D-8F9C-CD5ECF2DDB09}") = "cmsxlink", "cmsxlink\cmsxlink.cmproj", "{18CCEE7A-DC2E-4E4F-AA0F-F73C4809A3C0}"
EndProject
Project("{A8A06387-5A08-470D-8F9C-CD5ECF2DDB09}") = "cmsxar", "cmsxar\cmsxar.cmproj", "{06042FD6-FB09-42F7-B2F5-103F70B88F9C}"
EndProject
Global
	GlobalSection(SolutionConfigurationPlatforms) = preSolution
		Debug|Any CPU = Debug|Any CPU
		Release|Any CPU = Release|Any CPU
	EndGlobalSection
	GlobalSection(ProjectConfigurationPlatforms) = postSolution
		{D92EE834-A1DC-427C-8EE6-3FB578A79169}.Debug|Any CPU.ActiveCfg = Debug|Any CPU
		{D92EE834-A1DC-427C-8EE6-3FB578A79169}.Debug|Any CPU.Build.0 = Debug|Any CPU
		{D92EE834-A1DC-427C-8EE6-3FB578A79169}.Release|Any CPU.ActiveCfg = Release|Any CPU
		{D92EE834-A1DC-427C-8EE6-3FB578A79169}.Release|Any CPU.Build.0 = Release|Any CPU
		{8E165212-F382-45ED-802C-0D657CAE865B}.Debug|Any CPU.ActiveCfg = Debug|Any CPU
		{8E165212-F382-45ED-802C-0D657CAE865B}.Debug|Any CPU.Build.0 = Debug|Any CPU
		{8E165212-F382-45ED-802C-0D657CAE865B}.Release|Any CPU.ActiveCfg = Release|Any CPU
		{8E165212-F382-45ED-802C-0D657CAE865B}.Release|Any CPU.Build.0 = Release|Any CPU
		{E0925858-448A-4B3D-83DF-560EE0908F71}.Debug|Any CPU.ActiveCfg = Debug|Any CPU
		{E0925858-448A-4B3D-83DF-560EE0908F71}.Debug|Any CPU.Build.0 = Debug|Any CPU
		{E0925858-448A-4B3D-83DF-560EE0908F71}.Release|Any CPU.ActiveCfg = Release|Any CPU
		{E0925858-448A-4B3D-83DF-560EE0908F71}.Release|Any CPU.Build.0 = Release|Any CPU
		{3A663075-5D03-41C4-9DCA-DF3227610C19}.Debug|Any CPU.ActiveCfg = Debug|Any CPU
		{3A663075-5D03-41C4-9DCA-DF3227610C19}.Debug|Any CPU.Build.0 = Debug|Any CPU
		{3A663075-5D03-41C4-9DCA-DF3227610C19}.Release|Any CPU.ActiveCfg = Release|Any CPU
		{3A663075-5D03-41C4-9DCA-DF3227610C19}.Release|Any CPU.Build.0 = Release|Any CPU
		{41E9E486-FBFF-4E28-BC97-C4DB0FB9A67B}.Debug|Any CPU.ActiveCfg = Debug|Any CPU
		{41E9E486-FBFF-4E28-BC97-C4DB0FB9A67B}.Debug|Any CPU.Build.0 = Debug|Any CPU
		{41E9E486-FBFF-4E28-BC97-C4DB0FB9A67B}.Release|Any CPU.ActiveCfg = Release|Any CPU
		{41E9E486-FBFF-4E28-BC97-C4DB0FB9A67B}.Release|Any CPU.Build.0 = Release|Any CPU
		{09657CFF-72C3-4C7B-A3EA-222EE4EBC858}.Debug|Any CPU.ActiveCfg = Debug|Any CPU
		{09657CFF-72C3-4C7B-A3EA-222EE4EBC858}.Debug|Any CPU.Build.0 = Debug|Any CPU
		{09657CFF-72C3-4C7B-A3EA-222EE4EBC858}.Release|Any CPU.ActiveCfg = Release|Any CPU
		{09657CFF-72C3-4C7B-A3EA-222EE4EBC858}.Release|Any CPU.Build.0 = Release|Any CPU
		{4E86B5E2-D558-4C75-9929-EB819B55BFD6}.Debug|Any CPU.ActiveCfg = Debug|Any CPU
		{4E86B5E2-D558-4C75-9929-EB819B55BFD6}.Debug|Any CPU.Build.0 = Debug|Any CPU
		{4E86B5E2-D558-4C75-9929-EB819B55BFD6}.Release|Any CPU.ActiveCfg = Release|Any CPU
		{4E86B5E2-D558-4C75-9929-EB819B55BFD6}.Release|Any CPU.Build.0 = Release|Any CPU
		{A5CE21A7-7F2F-4E4F-AC3B-0C21F66A55DD}.Debug|Any CPU.ActiveCfg = Debug|Any CPU
		{A5CE21A7-7F2F-4E4F-AC3B-0C21F66A55DD}.Debug|Any CPU.Build.0 = Debug|Any CPU
		{A5CE21A7-7F2F-4E4F-AC3B-0C21F66A55DD}.Release|Any CPU.ActiveCfg = Release|Any CPU
		{A5CE21A7-7F2F-4E4F-AC3B-0C21F66A55DD}.Release|Any CPU.Build.0 = Release|Any CPU
		{18CCEE7A-DC2E-4E4F-AA0F-F73C4809A3C0}.Debug|Any CPU.ActiveCfg = Debug|Any CPU
		{18CCEE7A-DC2E-4E4F-AA0F-F73C4809A3C0}.Debug|Any CPU.Build.0 = Debug|Any CPU
		{18CCEE7A-DC2E-4E4F-AA0F-F73C4809A3C0}.Release|Any CPU.ActiveCfg = Release|Any CPU
		{18CCEE7A-DC2E-4E4F-AA0F-F73C4809A3C0}.Release|Any CPU.Build.0 = Release|Any CPU
		{06042FD6-FB09-42F7-B2F5-103F70B88F9C}.Debug|Any CPU.ActiveCfg = Debug|Any CPU
		{06042FD6-FB09-42F7-B2F5-103F70B88F9C}.Debug|Any CPU.Build.0 = Debug|Any CPU
		{06042FD6-FB09-42F7-B2F5-103F70B88F9C}.Release|Any CPU.ActiveCfg = Release|Any CPU
		{06042FD6-FB09-42F7-B2F5-103F70B88F9C}.Release|Any CPU.Build.0 = Release|Any CPU
	EndGlobalSection
	GlobalSection(SolutionProperties) = preSolution
		HideSolutionNode = FALSE
	EndGlobalSection
	GlobalSection(ExtensibilityGlobals) = postSolution
		SolutionGuid = {730F01EC-2B2E-45A6-8C7C-F27DBC585449}
	EndGlobalSection
EndGlobal
