Microsoft Visual Studio Solution File, Format Version 12.00
# Visual Studio Version 16
VisualStudioVersion = 16.0.30330.147
MinimumVisualStudioVersion = 10.0.40219.1
Project("{A8A06387-5A08-470D-8F9C-CD5ECF2DDB09}") = "Cm.Ast", "..\..\cm\ast\Cm.Ast.cmproj", "{F3308578-67AD-4D97-8614-EC7CDC6799D9}"
EndProject
Project("{A8A06387-5A08-470D-8F9C-CD5ECF2DDB09}") = "Cm.Lexer", "..\..\cm\lexer\Cm.Lexer.cmproj", "{1EC21C5F-3A98-4FA9-BA29-A038F677DD64}"
EndProject
Project("{A8A06387-5A08-470D-8F9C-CD5ECF2DDB09}") = "Cm.Parser", "..\..\cm\parser\Cm.Parser.cmproj", "{16D42CE1-C093-4777-B1F0-5539CB8333DD}"
EndProject
Project("{A8A06387-5A08-470D-8F9C-CD5ECF2DDB09}") = "Cm.Views", "..\..\cm\views\Cm.Views.cmproj", "{98E0E864-1FF3-4058-AB07-0D59DDF645D5}"
EndProject
Project("{A8A06387-5A08-470D-8F9C-CD5ECF2DDB09}") = "cmcode", "cmcode\cmcode.cmproj", "{EF794EDD-A6AF-4CA2-B423-7820360D3254}"
EndProject
Global
	GlobalSection(SolutionConfigurationPlatforms) = preSolution
		Debug|Any CPU = Debug|Any CPU
		Release|Any CPU = Release|Any CPU
	EndGlobalSection
	GlobalSection(ProjectConfigurationPlatforms) = postSolution
		{F3308578-67AD-4D97-8614-EC7CDC6799D9}.Debug|Any CPU.ActiveCfg = Debug|Any CPU
		{F3308578-67AD-4D97-8614-EC7CDC6799D9}.Debug|Any CPU.Build.0 = Debug|Any CPU
		{F3308578-67AD-4D97-8614-EC7CDC6799D9}.Release|Any CPU.ActiveCfg = Release|Any CPU
		{F3308578-67AD-4D97-8614-EC7CDC6799D9}.Release|Any CPU.Build.0 = Release|Any CPU
		{1EC21C5F-3A98-4FA9-BA29-A038F677DD64}.Debug|Any CPU.ActiveCfg = Debug|Any CPU
		{1EC21C5F-3A98-4FA9-BA29-A038F677DD64}.Debug|Any CPU.Build.0 = Debug|Any CPU
		{1EC21C5F-3A98-4FA9-BA29-A038F677DD64}.Release|Any CPU.ActiveCfg = Release|Any CPU
		{1EC21C5F-3A98-4FA9-BA29-A038F677DD64}.Release|Any CPU.Build.0 = Release|Any CPU
		{16D42CE1-C093-4777-B1F0-5539CB8333DD}.Debug|Any CPU.ActiveCfg = Debug|Any CPU
		{16D42CE1-C093-4777-B1F0-5539CB8333DD}.Debug|Any CPU.Build.0 = Debug|Any CPU
		{16D42CE1-C093-4777-B1F0-5539CB8333DD}.Release|Any CPU.ActiveCfg = Release|Any CPU
		{16D42CE1-C093-4777-B1F0-5539CB8333DD}.Release|Any CPU.Build.0 = Release|Any CPU
		{98E0E864-1FF3-4058-AB07-0D59DDF645D5}.Debug|Any CPU.ActiveCfg = Debug|Any CPU
		{98E0E864-1FF3-4058-AB07-0D59DDF645D5}.Debug|Any CPU.Build.0 = Debug|Any CPU
		{98E0E864-1FF3-4058-AB07-0D59DDF645D5}.Release|Any CPU.ActiveCfg = Release|Any CPU
		{98E0E864-1FF3-4058-AB07-0D59DDF645D5}.Release|Any CPU.Build.0 = Release|Any CPU
		{EF794EDD-A6AF-4CA2-B423-7820360D3254}.Debug|Any CPU.ActiveCfg = Debug|Any CPU
		{EF794EDD-A6AF-4CA2-B423-7820360D3254}.Debug|Any CPU.Build.0 = Debug|Any CPU
		{EF794EDD-A6AF-4CA2-B423-7820360D3254}.Release|Any CPU.ActiveCfg = Release|Any CPU
		{EF794EDD-A6AF-4CA2-B423-7820360D3254}.Release|Any CPU.Build.0 = Release|Any CPU
	EndGlobalSection
	GlobalSection(SolutionProperties) = preSolution
		HideSolutionNode = FALSE
	EndGlobalSection
	GlobalSection(ExtensibilityGlobals) = postSolution
		        SolutionGuid = {a557ac98-cd8d-4edc-9730-4e682c7f10d1}
		SolutionGuid = {502D5E0B-515A-4308-A112-2177703AF26E}
	EndGlobalSection
EndGlobal
