Microsoft Visual Studio Solution File, Format Version 12.00
# Visual Studio 15
VisualStudioVersion = 15.0.27428.2015
MinimumVisualStudioVersion = 10.0.40219.1
Project("{A8A06387-5A08-470D-8F9C-CD5ECF2DDB09}") = "Cm.Ast", "../../cm/ast/Cm.Ast.cmproj", "{ce75f089-5e25-4a70-95ad-f5a389e6b3d5}"
EndProject
Project("{A8A06387-5A08-470D-8F9C-CD5ECF2DDB09}") = "scmlg", "scmlg/scmlg.cmproj", "{ed0e1861-695f-454b-b69c-7252a7e8f98c}"
EndProject
Project("{A8A06387-5A08-470D-8F9C-CD5ECF2DDB09}") = "scmpg", "scmpg/scmpg.cmproj", "{9c8e5d95-dc7a-452a-8837-c73572855669}"
EndProject
Project("{A8A06387-5A08-470D-8F9C-CD5ECF2DDB09}") = "scm2html", "scm2html/scm2html.cmproj", "{c9370c23-92ed-4598-b76f-1c63f5e2065d}"
EndProject
Global
    GlobalSection(SolutionConfigurationPlatforms) = preSolution
        Debug|Any CPU = Debug|Any CPU
        Release|Any CPU = Release|Any CPU
    EndGlobalSection
    GlobalSection(ProjectConfigurationPlatforms) = postSolution
        {ce75f089-5e25-4a70-95ad-f5a389e6b3d5}.Debug|Any CPU.ActiveCfg = Debug|Any CPU
        {ce75f089-5e25-4a70-95ad-f5a389e6b3d5}.Debug|Any CPU.Build.0 = Debug|Any CPU
        {ce75f089-5e25-4a70-95ad-f5a389e6b3d5}.Release|Any CPU.ActiveCfg = Release|Any CPU
        {ce75f089-5e25-4a70-95ad-f5a389e6b3d5}.Release|Any CPU.Build.0 = Release|Any CPU
        {ed0e1861-695f-454b-b69c-7252a7e8f98c}.Debug|Any CPU.ActiveCfg = Debug|Any CPU
        {ed0e1861-695f-454b-b69c-7252a7e8f98c}.Debug|Any CPU.Build.0 = Debug|Any CPU
        {ed0e1861-695f-454b-b69c-7252a7e8f98c}.Release|Any CPU.ActiveCfg = Release|Any CPU
        {ed0e1861-695f-454b-b69c-7252a7e8f98c}.Release|Any CPU.Build.0 = Release|Any CPU
        {9c8e5d95-dc7a-452a-8837-c73572855669}.Debug|Any CPU.ActiveCfg = Debug|Any CPU
        {9c8e5d95-dc7a-452a-8837-c73572855669}.Debug|Any CPU.Build.0 = Debug|Any CPU
        {9c8e5d95-dc7a-452a-8837-c73572855669}.Release|Any CPU.ActiveCfg = Release|Any CPU
        {9c8e5d95-dc7a-452a-8837-c73572855669}.Release|Any CPU.Build.0 = Release|Any CPU
        {c9370c23-92ed-4598-b76f-1c63f5e2065d}.Debug|Any CPU.ActiveCfg = Debug|Any CPU
        {c9370c23-92ed-4598-b76f-1c63f5e2065d}.Debug|Any CPU.Build.0 = Debug|Any CPU
        {c9370c23-92ed-4598-b76f-1c63f5e2065d}.Release|Any CPU.ActiveCfg = Release|Any CPU
        {c9370c23-92ed-4598-b76f-1c63f5e2065d}.Release|Any CPU.Build.0 = Release|Any CPU
    EndGlobalSection
    GlobalSection(SolutionProperties) = preSolution
        HideSolutionNode = FALSE
    EndGlobalSection
    GlobalSection(ExtensibilityGlobals) = postSolution
        SolutionGuid = {053c31a9-0e6a-4b1d-84db-77fe004fc34f}
    EndGlobalSection
EndGlobal
