
Microsoft Visual Studio Solution File, Format Version 12.00
# Visual Studio 15
VisualStudioVersion = 15.0.26730.16
MinimumVisualStudioVersion = 10.0.40219.1
Project("{FAE04EC0-301F-11D3-BF4B-00C04F79EFBC}") = "cmdevenv", "cmdevenv\cmdevenv.csproj", "{A083E082-C590-460D-8649-5D87C98348BD}"
EndProject
Project("{FAE04EC0-301F-11D3-BF4B-00C04F79EFBC}") = "devcore", "devcore\devcore.csproj", "{EA053551-4B88-449D-9E24-2B7DA446F5A5}"
EndProject
Project("{FAE04EC0-301F-11D3-BF4B-00C04F79EFBC}") = "master.util", "master.util\master.util.csproj", "{F363BD34-82B7-47D5-8DEC-C1924AB6BB79}"
EndProject
Project("{FAE04EC0-301F-11D3-BF4B-00C04F79EFBC}") = "master.xml", "master.xml\master.xml.csproj", "{6231AC19-A556-45CB-ACCB-5AA9F4F72B02}"
EndProject
Project("{FAE04EC0-301F-11D3-BF4B-00C04F79EFBC}") = "soul.codedom", "soul.codedom\soul.codedom.csproj", "{4F6D51E0-4E50-49BC-90E8-8E76CED326E2}"
EndProject
Project("{FAE04EC0-301F-11D3-BF4B-00C04F79EFBC}") = "soul.parsing", "soul.parsing\soul.parsing.csproj", "{1EC2F296-E52E-4CD1-B2D4-C3C1C3295FA6}"
EndProject
Project("{FAE04EC0-301F-11D3-BF4B-00C04F79EFBC}") = "parser", "parser\parser.csproj", "{8290BA99-CD29-47C4-80A3-C0597CD5E5BD}"
EndProject
Project("{FAE04EC0-301F-11D3-BF4B-00C04F79EFBC}") = "server", "server\server.csproj", "{997AE1A3-89DB-41C8-8379-DE9B4FA561F1}"
EndProject
Global
	GlobalSection(SolutionConfigurationPlatforms) = preSolution
		Debug|Any CPU = Debug|Any CPU
		Debug|ARM = Debug|ARM
		Debug|x64 = Debug|x64
		Debug|x86 = Debug|x86
		Release|Any CPU = Release|Any CPU
		Release|ARM = Release|ARM
		Release|x64 = Release|x64
		Release|x86 = Release|x86
	EndGlobalSection
	GlobalSection(ProjectConfigurationPlatforms) = postSolution
		{A083E082-C590-460D-8649-5D87C98348BD}.Debug|Any CPU.ActiveCfg = Debug|Any CPU
		{A083E082-C590-460D-8649-5D87C98348BD}.Debug|Any CPU.Build.0 = Debug|Any CPU
		{A083E082-C590-460D-8649-5D87C98348BD}.Debug|ARM.ActiveCfg = Debug|Any CPU
		{A083E082-C590-460D-8649-5D87C98348BD}.Debug|ARM.Build.0 = Debug|Any CPU
		{A083E082-C590-460D-8649-5D87C98348BD}.Debug|x64.ActiveCfg = Debug|x64
		{A083E082-C590-460D-8649-5D87C98348BD}.Debug|x64.Build.0 = Debug|x64
		{A083E082-C590-460D-8649-5D87C98348BD}.Debug|x86.ActiveCfg = Debug|Any CPU
		{A083E082-C590-460D-8649-5D87C98348BD}.Debug|x86.Build.0 = Debug|Any CPU
		{A083E082-C590-460D-8649-5D87C98348BD}.Release|Any CPU.ActiveCfg = Release|Any CPU
		{A083E082-C590-460D-8649-5D87C98348BD}.Release|Any CPU.Build.0 = Release|Any CPU
		{A083E082-C590-460D-8649-5D87C98348BD}.Release|ARM.ActiveCfg = Release|Any CPU
		{A083E082-C590-460D-8649-5D87C98348BD}.Release|ARM.Build.0 = Release|Any CPU
		{A083E082-C590-460D-8649-5D87C98348BD}.Release|x64.ActiveCfg = Release|x64
		{A083E082-C590-460D-8649-5D87C98348BD}.Release|x64.Build.0 = Release|x64
		{A083E082-C590-460D-8649-5D87C98348BD}.Release|x86.ActiveCfg = Release|Any CPU
		{A083E082-C590-460D-8649-5D87C98348BD}.Release|x86.Build.0 = Release|Any CPU
		{EA053551-4B88-449D-9E24-2B7DA446F5A5}.Debug|Any CPU.ActiveCfg = Debug|Any CPU
		{EA053551-4B88-449D-9E24-2B7DA446F5A5}.Debug|Any CPU.Build.0 = Debug|Any CPU
		{EA053551-4B88-449D-9E24-2B7DA446F5A5}.Debug|ARM.ActiveCfg = Debug|Any CPU
		{EA053551-4B88-449D-9E24-2B7DA446F5A5}.Debug|ARM.Build.0 = Debug|Any CPU
		{EA053551-4B88-449D-9E24-2B7DA446F5A5}.Debug|x64.ActiveCfg = Debug|x64
		{EA053551-4B88-449D-9E24-2B7DA446F5A5}.Debug|x64.Build.0 = Debug|x64
		{EA053551-4B88-449D-9E24-2B7DA446F5A5}.Debug|x86.ActiveCfg = Debug|Any CPU
		{EA053551-4B88-449D-9E24-2B7DA446F5A5}.Debug|x86.Build.0 = Debug|Any CPU
		{EA053551-4B88-449D-9E24-2B7DA446F5A5}.Release|Any CPU.ActiveCfg = Release|Any CPU
		{EA053551-4B88-449D-9E24-2B7DA446F5A5}.Release|Any CPU.Build.0 = Release|Any CPU
		{EA053551-4B88-449D-9E24-2B7DA446F5A5}.Release|ARM.ActiveCfg = Release|Any CPU
		{EA053551-4B88-449D-9E24-2B7DA446F5A5}.Release|ARM.Build.0 = Release|Any CPU
		{EA053551-4B88-449D-9E24-2B7DA446F5A5}.Release|x64.ActiveCfg = Release|x64
		{EA053551-4B88-449D-9E24-2B7DA446F5A5}.Release|x64.Build.0 = Release|x64
		{EA053551-4B88-449D-9E24-2B7DA446F5A5}.Release|x86.ActiveCfg = Release|Any CPU
		{EA053551-4B88-449D-9E24-2B7DA446F5A5}.Release|x86.Build.0 = Release|Any CPU
		{F363BD34-82B7-47D5-8DEC-C1924AB6BB79}.Debug|Any CPU.ActiveCfg = Debug|Any CPU
		{F363BD34-82B7-47D5-8DEC-C1924AB6BB79}.Debug|Any CPU.Build.0 = Debug|Any CPU
		{F363BD34-82B7-47D5-8DEC-C1924AB6BB79}.Debug|ARM.ActiveCfg = Debug|Any CPU
		{F363BD34-82B7-47D5-8DEC-C1924AB6BB79}.Debug|ARM.Build.0 = Debug|Any CPU
		{F363BD34-82B7-47D5-8DEC-C1924AB6BB79}.Debug|x64.ActiveCfg = Debug|x64
		{F363BD34-82B7-47D5-8DEC-C1924AB6BB79}.Debug|x64.Build.0 = Debug|x64
		{F363BD34-82B7-47D5-8DEC-C1924AB6BB79}.Debug|x86.ActiveCfg = Debug|Any CPU
		{F363BD34-82B7-47D5-8DEC-C1924AB6BB79}.Debug|x86.Build.0 = Debug|Any CPU
		{F363BD34-82B7-47D5-8DEC-C1924AB6BB79}.Release|Any CPU.ActiveCfg = Release|Any CPU
		{F363BD34-82B7-47D5-8DEC-C1924AB6BB79}.Release|Any CPU.Build.0 = Release|Any CPU
		{F363BD34-82B7-47D5-8DEC-C1924AB6BB79}.Release|ARM.ActiveCfg = Release|Any CPU
		{F363BD34-82B7-47D5-8DEC-C1924AB6BB79}.Release|ARM.Build.0 = Release|Any CPU
		{F363BD34-82B7-47D5-8DEC-C1924AB6BB79}.Release|x64.ActiveCfg = Release|x64
		{F363BD34-82B7-47D5-8DEC-C1924AB6BB79}.Release|x64.Build.0 = Release|x64
		{F363BD34-82B7-47D5-8DEC-C1924AB6BB79}.Release|x86.ActiveCfg = Release|Any CPU
		{F363BD34-82B7-47D5-8DEC-C1924AB6BB79}.Release|x86.Build.0 = Release|Any CPU
		{6231AC19-A556-45CB-ACCB-5AA9F4F72B02}.Debug|Any CPU.ActiveCfg = Debug|Any CPU
		{6231AC19-A556-45CB-ACCB-5AA9F4F72B02}.Debug|Any CPU.Build.0 = Debug|Any CPU
		{6231AC19-A556-45CB-ACCB-5AA9F4F72B02}.Debug|ARM.ActiveCfg = Debug|Any CPU
		{6231AC19-A556-45CB-ACCB-5AA9F4F72B02}.Debug|ARM.Build.0 = Debug|Any CPU
		{6231AC19-A556-45CB-ACCB-5AA9F4F72B02}.Debug|x64.ActiveCfg = Debug|x64
		{6231AC19-A556-45CB-ACCB-5AA9F4F72B02}.Debug|x64.Build.0 = Debug|x64
		{6231AC19-A556-45CB-ACCB-5AA9F4F72B02}.Debug|x86.ActiveCfg = Debug|Any CPU
		{6231AC19-A556-45CB-ACCB-5AA9F4F72B02}.Debug|x86.Build.0 = Debug|Any CPU
		{6231AC19-A556-45CB-ACCB-5AA9F4F72B02}.Release|Any CPU.ActiveCfg = Release|Any CPU
		{6231AC19-A556-45CB-ACCB-5AA9F4F72B02}.Release|Any CPU.Build.0 = Release|Any CPU
		{6231AC19-A556-45CB-ACCB-5AA9F4F72B02}.Release|ARM.ActiveCfg = Release|Any CPU
		{6231AC19-A556-45CB-ACCB-5AA9F4F72B02}.Release|ARM.Build.0 = Release|Any CPU
		{6231AC19-A556-45CB-ACCB-5AA9F4F72B02}.Release|x64.ActiveCfg = Release|x64
		{6231AC19-A556-45CB-ACCB-5AA9F4F72B02}.Release|x64.Build.0 = Release|x64
		{6231AC19-A556-45CB-ACCB-5AA9F4F72B02}.Release|x86.ActiveCfg = Release|Any CPU
		{6231AC19-A556-45CB-ACCB-5AA9F4F72B02}.Release|x86.Build.0 = Release|Any CPU
		{4F6D51E0-4E50-49BC-90E8-8E76CED326E2}.Debug|Any CPU.ActiveCfg = Debug|Any CPU
		{4F6D51E0-4E50-49BC-90E8-8E76CED326E2}.Debug|Any CPU.Build.0 = Debug|Any CPU
		{4F6D51E0-4E50-49BC-90E8-8E76CED326E2}.Debug|ARM.ActiveCfg = Debug|Any CPU
		{4F6D51E0-4E50-49BC-90E8-8E76CED326E2}.Debug|ARM.Build.0 = Debug|Any CPU
		{4F6D51E0-4E50-49BC-90E8-8E76CED326E2}.Debug|x64.ActiveCfg = Debug|x64
		{4F6D51E0-4E50-49BC-90E8-8E76CED326E2}.Debug|x64.Build.0 = Debug|x64
		{4F6D51E0-4E50-49BC-90E8-8E76CED326E2}.Debug|x86.ActiveCfg = Debug|Any CPU
		{4F6D51E0-4E50-49BC-90E8-8E76CED326E2}.Debug|x86.Build.0 = Debug|Any CPU
		{4F6D51E0-4E50-49BC-90E8-8E76CED326E2}.Release|Any CPU.ActiveCfg = Release|Any CPU
		{4F6D51E0-4E50-49BC-90E8-8E76CED326E2}.Release|Any CPU.Build.0 = Release|Any CPU
		{4F6D51E0-4E50-49BC-90E8-8E76CED326E2}.Release|ARM.ActiveCfg = Release|Any CPU
		{4F6D51E0-4E50-49BC-90E8-8E76CED326E2}.Release|ARM.Build.0 = Release|Any CPU
		{4F6D51E0-4E50-49BC-90E8-8E76CED326E2}.Release|x64.ActiveCfg = Release|x64
		{4F6D51E0-4E50-49BC-90E8-8E76CED326E2}.Release|x64.Build.0 = Release|x64
		{4F6D51E0-4E50-49BC-90E8-8E76CED326E2}.Release|x86.ActiveCfg = Release|Any CPU
		{4F6D51E0-4E50-49BC-90E8-8E76CED326E2}.Release|x86.Build.0 = Release|Any CPU
		{1EC2F296-E52E-4CD1-B2D4-C3C1C3295FA6}.Debug|Any CPU.ActiveCfg = Debug|Any CPU
		{1EC2F296-E52E-4CD1-B2D4-C3C1C3295FA6}.Debug|Any CPU.Build.0 = Debug|Any CPU
		{1EC2F296-E52E-4CD1-B2D4-C3C1C3295FA6}.Debug|ARM.ActiveCfg = Debug|Any CPU
		{1EC2F296-E52E-4CD1-B2D4-C3C1C3295FA6}.Debug|ARM.Build.0 = Debug|Any CPU
		{1EC2F296-E52E-4CD1-B2D4-C3C1C3295FA6}.Debug|x64.ActiveCfg = Debug|x64
		{1EC2F296-E52E-4CD1-B2D4-C3C1C3295FA6}.Debug|x64.Build.0 = Debug|x64
		{1EC2F296-E52E-4CD1-B2D4-C3C1C3295FA6}.Debug|x86.ActiveCfg = Debug|Any CPU
		{1EC2F296-E52E-4CD1-B2D4-C3C1C3295FA6}.Debug|x86.Build.0 = Debug|Any CPU
		{1EC2F296-E52E-4CD1-B2D4-C3C1C3295FA6}.Release|Any CPU.ActiveCfg = Release|Any CPU
		{1EC2F296-E52E-4CD1-B2D4-C3C1C3295FA6}.Release|Any CPU.Build.0 = Release|Any CPU
		{1EC2F296-E52E-4CD1-B2D4-C3C1C3295FA6}.Release|ARM.ActiveCfg = Release|Any CPU
		{1EC2F296-E52E-4CD1-B2D4-C3C1C3295FA6}.Release|ARM.Build.0 = Release|Any CPU
		{1EC2F296-E52E-4CD1-B2D4-C3C1C3295FA6}.Release|x64.ActiveCfg = Release|x64
		{1EC2F296-E52E-4CD1-B2D4-C3C1C3295FA6}.Release|x64.Build.0 = Release|x64
		{1EC2F296-E52E-4CD1-B2D4-C3C1C3295FA6}.Release|x86.ActiveCfg = Release|Any CPU
		{1EC2F296-E52E-4CD1-B2D4-C3C1C3295FA6}.Release|x86.Build.0 = Release|Any CPU
		{8290BA99-CD29-47C4-80A3-C0597CD5E5BD}.Debug|Any CPU.ActiveCfg = Debug|Any CPU
		{8290BA99-CD29-47C4-80A3-C0597CD5E5BD}.Debug|Any CPU.Build.0 = Debug|Any CPU
		{8290BA99-CD29-47C4-80A3-C0597CD5E5BD}.Debug|ARM.ActiveCfg = Debug|Any CPU
		{8290BA99-CD29-47C4-80A3-C0597CD5E5BD}.Debug|ARM.Build.0 = Debug|Any CPU
		{8290BA99-CD29-47C4-80A3-C0597CD5E5BD}.Debug|x64.ActiveCfg = Debug|x64
		{8290BA99-CD29-47C4-80A3-C0597CD5E5BD}.Debug|x64.Build.0 = Debug|x64
		{8290BA99-CD29-47C4-80A3-C0597CD5E5BD}.Debug|x86.ActiveCfg = Debug|Any CPU
		{8290BA99-CD29-47C4-80A3-C0597CD5E5BD}.Debug|x86.Build.0 = Debug|Any CPU
		{8290BA99-CD29-47C4-80A3-C0597CD5E5BD}.Release|Any CPU.ActiveCfg = Release|Any CPU
		{8290BA99-CD29-47C4-80A3-C0597CD5E5BD}.Release|Any CPU.Build.0 = Release|Any CPU
		{8290BA99-CD29-47C4-80A3-C0597CD5E5BD}.Release|ARM.ActiveCfg = Release|Any CPU
		{8290BA99-CD29-47C4-80A3-C0597CD5E5BD}.Release|ARM.Build.0 = Release|Any CPU
		{8290BA99-CD29-47C4-80A3-C0597CD5E5BD}.Release|x64.ActiveCfg = Release|x64
		{8290BA99-CD29-47C4-80A3-C0597CD5E5BD}.Release|x64.Build.0 = Release|x64
		{8290BA99-CD29-47C4-80A3-C0597CD5E5BD}.Release|x86.ActiveCfg = Release|Any CPU
		{8290BA99-CD29-47C4-80A3-C0597CD5E5BD}.Release|x86.Build.0 = Release|Any CPU
		{997AE1A3-89DB-41C8-8379-DE9B4FA561F1}.Debug|Any CPU.ActiveCfg = Debug|Any CPU
		{997AE1A3-89DB-41C8-8379-DE9B4FA561F1}.Debug|Any CPU.Build.0 = Debug|Any CPU
		{997AE1A3-89DB-41C8-8379-DE9B4FA561F1}.Debug|ARM.ActiveCfg = Debug|Any CPU
		{997AE1A3-89DB-41C8-8379-DE9B4FA561F1}.Debug|ARM.Build.0 = Debug|Any CPU
		{997AE1A3-89DB-41C8-8379-DE9B4FA561F1}.Debug|x64.ActiveCfg = Debug|x64
		{997AE1A3-89DB-41C8-8379-DE9B4FA561F1}.Debug|x64.Build.0 = Debug|x64
		{997AE1A3-89DB-41C8-8379-DE9B4FA561F1}.Debug|x86.ActiveCfg = Debug|Any CPU
		{997AE1A3-89DB-41C8-8379-DE9B4FA561F1}.Debug|x86.Build.0 = Debug|Any CPU
		{997AE1A3-89DB-41C8-8379-DE9B4FA561F1}.Release|Any CPU.ActiveCfg = Release|Any CPU
		{997AE1A3-89DB-41C8-8379-DE9B4FA561F1}.Release|Any CPU.Build.0 = Release|Any CPU
		{997AE1A3-89DB-41C8-8379-DE9B4FA561F1}.Release|ARM.ActiveCfg = Release|Any CPU
		{997AE1A3-89DB-41C8-8379-DE9B4FA561F1}.Release|ARM.Build.0 = Release|Any CPU
		{997AE1A3-89DB-41C8-8379-DE9B4FA561F1}.Release|x64.ActiveCfg = Release|x64
		{997AE1A3-89DB-41C8-8379-DE9B4FA561F1}.Release|x64.Build.0 = Release|x64
		{997AE1A3-89DB-41C8-8379-DE9B4FA561F1}.Release|x86.ActiveCfg = Release|Any CPU
		{997AE1A3-89DB-41C8-8379-DE9B4FA561F1}.Release|x86.Build.0 = Release|Any CPU
	EndGlobalSection
	GlobalSection(SolutionProperties) = preSolution
		HideSolutionNode = FALSE
	EndGlobalSection
	GlobalSection(ExtensibilityGlobals) = postSolution
		SolutionGuid = {10F40C66-E0C7-487F-9EEB-7450B2764D9B}
	EndGlobalSection
EndGlobal
