Microsoft Visual Studio Solution File, Format Version 12.00
# Visual Studio 15
VisualStudioVersion = 15.0.27428.2015
MinimumVisualStudioVersion = 10.0.40219.1
Project("{A8A06387-5A08-470D-8F9C-CD5ECF2DDB09}") = "cmast", "cmast/cmast.cmproj", "{9381431b-1d47-4319-9717-73d7379c42ee}"
EndProject
Project("{A8A06387-5A08-470D-8F9C-CD5ECF2DDB09}") = "cmparser", "cmparser/cmparser.cmproj", "{f97c381f-0416-443d-a3d5-f1f544e5fa4e}"
EndProject
Project("{A8A06387-5A08-470D-8F9C-CD5ECF2DDB09}") = "cmsymbols", "cmsymbols/cmsymbols.cmproj", "{bcfa568c-281d-4b5d-8eae-235fb51a9cd7}"
EndProject
Project("{A8A06387-5A08-470D-8F9C-CD5ECF2DDB09}") = "conversion", "conversion/conversion.cmproj", "{cb807d41-f28d-4177-92fc-ef2d37f42782}"
EndProject
Project("{A8A06387-5A08-470D-8F9C-CD5ECF2DDB09}") = "cpp", "cpp/cpp.cmproj", "{c5312e5f-6729-4ee9-b813-6a65184359a7}"
EndProject
Project("{A8A06387-5A08-470D-8F9C-CD5ECF2DDB09}") = "cpp2cm", "cpp2cm/cpp2cm.cmproj", "{d0a97df4-9a6f-44a2-8155-e8dd06b85c8d}"
EndProject
Project("{A8A06387-5A08-470D-8F9C-CD5ECF2DDB09}") = "cpp2xml", "cpp2xml/cpp2xml.cmproj", "{4dd0818f-aeeb-4b45-99b2-3591b5fe7e15}"
EndProject
Project("{A8A06387-5A08-470D-8F9C-CD5ECF2DDB09}") = "cppast", "cppast/cppast.cmproj", "{7381d75e-7706-4d74-bd32-b63d265aca04}"
EndProject
Project("{A8A06387-5A08-470D-8F9C-CD5ECF2DDB09}") = "cppparser", "cppparser/cppparser.cmproj", "{4d847179-56a3-4277-a320-ac546d38cf08}"
EndProject
Project("{A8A06387-5A08-470D-8F9C-CD5ECF2DDB09}") = "cppsymbols", "cppsymbols/cppsymbols.cmproj", "{d9b02f1a-f286-4bba-9195-03db66fde79c}"
EndProject
Project("{A8A06387-5A08-470D-8F9C-CD5ECF2DDB09}") = "cppsymtab", "cppsymtab/cppsymtab.cmproj", "{a3146fef-ec5a-44b6-8acf-1d9afd894b31}"
EndProject
Project("{A8A06387-5A08-470D-8F9C-CD5ECF2DDB09}") = "pp", "pp/pp.cmproj", "{0926d886-9489-4b3f-8490-dd91418ad3c2}"
EndProject
Global
    GlobalSection(SolutionConfigurationPlatforms) = preSolution
        Debug|Any CPU = Debug|Any CPU
        Release|Any CPU = Release|Any CPU
    EndGlobalSection
    GlobalSection(ProjectConfigurationPlatforms) = postSolution
        {9381431b-1d47-4319-9717-73d7379c42ee}.Debug|Any CPU.ActiveCfg = Debug|Any CPU
        {9381431b-1d47-4319-9717-73d7379c42ee}.Debug|Any CPU.Build.0 = Debug|Any CPU
        {9381431b-1d47-4319-9717-73d7379c42ee}.Release|Any CPU.ActiveCfg = Release|Any CPU
        {9381431b-1d47-4319-9717-73d7379c42ee}.Release|Any CPU.Build.0 = Release|Any CPU
        {f97c381f-0416-443d-a3d5-f1f544e5fa4e}.Debug|Any CPU.ActiveCfg = Debug|Any CPU
        {f97c381f-0416-443d-a3d5-f1f544e5fa4e}.Debug|Any CPU.Build.0 = Debug|Any CPU
        {f97c381f-0416-443d-a3d5-f1f544e5fa4e}.Release|Any CPU.ActiveCfg = Release|Any CPU
        {f97c381f-0416-443d-a3d5-f1f544e5fa4e}.Release|Any CPU.Build.0 = Release|Any CPU
        {bcfa568c-281d-4b5d-8eae-235fb51a9cd7}.Debug|Any CPU.ActiveCfg = Debug|Any CPU
        {bcfa568c-281d-4b5d-8eae-235fb51a9cd7}.Debug|Any CPU.Build.0 = Debug|Any CPU
        {bcfa568c-281d-4b5d-8eae-235fb51a9cd7}.Release|Any CPU.ActiveCfg = Release|Any CPU
        {bcfa568c-281d-4b5d-8eae-235fb51a9cd7}.Release|Any CPU.Build.0 = Release|Any CPU
        {cb807d41-f28d-4177-92fc-ef2d37f42782}.Debug|Any CPU.ActiveCfg = Debug|Any CPU
        {cb807d41-f28d-4177-92fc-ef2d37f42782}.Debug|Any CPU.Build.0 = Debug|Any CPU
        {cb807d41-f28d-4177-92fc-ef2d37f42782}.Release|Any CPU.ActiveCfg = Release|Any CPU
        {cb807d41-f28d-4177-92fc-ef2d37f42782}.Release|Any CPU.Build.0 = Release|Any CPU
        {c5312e5f-6729-4ee9-b813-6a65184359a7}.Debug|Any CPU.ActiveCfg = Debug|Any CPU
        {c5312e5f-6729-4ee9-b813-6a65184359a7}.Debug|Any CPU.Build.0 = Debug|Any CPU
        {c5312e5f-6729-4ee9-b813-6a65184359a7}.Release|Any CPU.ActiveCfg = Release|Any CPU
        {c5312e5f-6729-4ee9-b813-6a65184359a7}.Release|Any CPU.Build.0 = Release|Any CPU
        {d0a97df4-9a6f-44a2-8155-e8dd06b85c8d}.Debug|Any CPU.ActiveCfg = Debug|Any CPU
        {d0a97df4-9a6f-44a2-8155-e8dd06b85c8d}.Debug|Any CPU.Build.0 = Debug|Any CPU
        {d0a97df4-9a6f-44a2-8155-e8dd06b85c8d}.Release|Any CPU.ActiveCfg = Release|Any CPU
        {d0a97df4-9a6f-44a2-8155-e8dd06b85c8d}.Release|Any CPU.Build.0 = Release|Any CPU
        {4dd0818f-aeeb-4b45-99b2-3591b5fe7e15}.Debug|Any CPU.ActiveCfg = Debug|Any CPU
        {4dd0818f-aeeb-4b45-99b2-3591b5fe7e15}.Debug|Any CPU.Build.0 = Debug|Any CPU
        {4dd0818f-aeeb-4b45-99b2-3591b5fe7e15}.Release|Any CPU.ActiveCfg = Release|Any CPU
        {4dd0818f-aeeb-4b45-99b2-3591b5fe7e15}.Release|Any CPU.Build.0 = Release|Any CPU
        {7381d75e-7706-4d74-bd32-b63d265aca04}.Debug|Any CPU.ActiveCfg = Debug|Any CPU
        {7381d75e-7706-4d74-bd32-b63d265aca04}.Debug|Any CPU.Build.0 = Debug|Any CPU
        {7381d75e-7706-4d74-bd32-b63d265aca04}.Release|Any CPU.ActiveCfg = Release|Any CPU
        {7381d75e-7706-4d74-bd32-b63d265aca04}.Release|Any CPU.Build.0 = Release|Any CPU
        {4d847179-56a3-4277-a320-ac546d38cf08}.Debug|Any CPU.ActiveCfg = Debug|Any CPU
        {4d847179-56a3-4277-a320-ac546d38cf08}.Debug|Any CPU.Build.0 = Debug|Any CPU
        {4d847179-56a3-4277-a320-ac546d38cf08}.Release|Any CPU.ActiveCfg = Release|Any CPU
        {4d847179-56a3-4277-a320-ac546d38cf08}.Release|Any CPU.Build.0 = Release|Any CPU
        {d9b02f1a-f286-4bba-9195-03db66fde79c}.Debug|Any CPU.ActiveCfg = Debug|Any CPU
        {d9b02f1a-f286-4bba-9195-03db66fde79c}.Debug|Any CPU.Build.0 = Debug|Any CPU
        {d9b02f1a-f286-4bba-9195-03db66fde79c}.Release|Any CPU.ActiveCfg = Release|Any CPU
        {d9b02f1a-f286-4bba-9195-03db66fde79c}.Release|Any CPU.Build.0 = Release|Any CPU
        {a3146fef-ec5a-44b6-8acf-1d9afd894b31}.Debug|Any CPU.ActiveCfg = Debug|Any CPU
        {a3146fef-ec5a-44b6-8acf-1d9afd894b31}.Debug|Any CPU.Build.0 = Debug|Any CPU
        {a3146fef-ec5a-44b6-8acf-1d9afd894b31}.Release|Any CPU.ActiveCfg = Release|Any CPU
        {a3146fef-ec5a-44b6-8acf-1d9afd894b31}.Release|Any CPU.Build.0 = Release|Any CPU
        {0926d886-9489-4b3f-8490-dd91418ad3c2}.Debug|Any CPU.ActiveCfg = Debug|Any CPU
        {0926d886-9489-4b3f-8490-dd91418ad3c2}.Debug|Any CPU.Build.0 = Debug|Any CPU
        {0926d886-9489-4b3f-8490-dd91418ad3c2}.Release|Any CPU.ActiveCfg = Release|Any CPU
        {0926d886-9489-4b3f-8490-dd91418ad3c2}.Release|Any CPU.Build.0 = Release|Any CPU
    EndGlobalSection
    GlobalSection(SolutionProperties) = preSolution
        HideSolutionNode = FALSE
    EndGlobalSection
    GlobalSection(ExtensibilityGlobals) = postSolution
        SolutionGuid = {b8c04747-4efe-48dc-9ab4-d2c903e5ee8d}
    EndGlobalSection
EndGlobal
