Microsoft Visual Studio Solution File, Format Version 12.00
# Visual Studio 15
VisualStudioVersion = 15.0.27428.2015
MinimumVisualStudioVersion = 10.0.40219.1
Project("{A8A06387-5A08-470D-8F9C-CD5ECF2DDB09}") = "attr_model", "attr_model/attr_model.cmproj", "{9e46f880-590b-40f8-8c02-0fdf425a2cc6}"
EndProject
Project("{A8A06387-5A08-470D-8F9C-CD5ECF2DDB09}") = "attr_test", "attr_test/attr_test.cmproj", "{5ff5d028-2775-49c7-8af0-16c5debd7243}"
EndProject
Project("{A8A06387-5A08-470D-8F9C-CD5ECF2DDB09}") = "intf_model", "intf_model/intf_model.cmproj", "{abe359ae-2f7d-4dc0-8512-05fb2a7bef46}"
EndProject
Project("{A8A06387-5A08-470D-8F9C-CD5ECF2DDB09}") = "intf_test", "intf_test/intf_test.cmproj", "{7045373f-aec1-4f0b-9d44-ce5528b6d186}"
EndProject
Project("{A8A06387-5A08-470D-8F9C-CD5ECF2DDB09}") = "type_model", "type_model/type_model.cmproj", "{ebe3b796-be01-4ff8-b6a2-7369e8a1e420}"
EndProject
Project("{A8A06387-5A08-470D-8F9C-CD5ECF2DDB09}") = "type_test", "type_test/type_test.cmproj", "{e8d14ee5-c27e-4595-8852-a891054636fd}"
EndProject
Global
    GlobalSection(SolutionConfigurationPlatforms) = preSolution
        Debug|Any CPU = Debug|Any CPU
        Release|Any CPU = Release|Any CPU
    EndGlobalSection
    GlobalSection(ProjectConfigurationPlatforms) = postSolution
        {9e46f880-590b-40f8-8c02-0fdf425a2cc6}.Debug|Any CPU.ActiveCfg = Debug|Any CPU
        {9e46f880-590b-40f8-8c02-0fdf425a2cc6}.Debug|Any CPU.Build.0 = Debug|Any CPU
        {9e46f880-590b-40f8-8c02-0fdf425a2cc6}.Release|Any CPU.ActiveCfg = Release|Any CPU
        {9e46f880-590b-40f8-8c02-0fdf425a2cc6}.Release|Any CPU.Build.0 = Release|Any CPU
        {5ff5d028-2775-49c7-8af0-16c5debd7243}.Debug|Any CPU.ActiveCfg = Debug|Any CPU
        {5ff5d028-2775-49c7-8af0-16c5debd7243}.Debug|Any CPU.Build.0 = Debug|Any CPU
        {5ff5d028-2775-49c7-8af0-16c5debd7243}.Release|Any CPU.ActiveCfg = Release|Any CPU
        {5ff5d028-2775-49c7-8af0-16c5debd7243}.Release|Any CPU.Build.0 = Release|Any CPU
        {abe359ae-2f7d-4dc0-8512-05fb2a7bef46}.Debug|Any CPU.ActiveCfg = Debug|Any CPU
        {abe359ae-2f7d-4dc0-8512-05fb2a7bef46}.Debug|Any CPU.Build.0 = Debug|Any CPU
        {abe359ae-2f7d-4dc0-8512-05fb2a7bef46}.Release|Any CPU.ActiveCfg = Release|Any CPU
        {abe359ae-2f7d-4dc0-8512-05fb2a7bef46}.Release|Any CPU.Build.0 = Release|Any CPU
        {7045373f-aec1-4f0b-9d44-ce5528b6d186}.Debug|Any CPU.ActiveCfg = Debug|Any CPU
        {7045373f-aec1-4f0b-9d44-ce5528b6d186}.Debug|Any CPU.Build.0 = Debug|Any CPU
        {7045373f-aec1-4f0b-9d44-ce5528b6d186}.Release|Any CPU.ActiveCfg = Release|Any CPU
        {7045373f-aec1-4f0b-9d44-ce5528b6d186}.Release|Any CPU.Build.0 = Release|Any CPU
        {ebe3b796-be01-4ff8-b6a2-7369e8a1e420}.Debug|Any CPU.ActiveCfg = Debug|Any CPU
        {ebe3b796-be01-4ff8-b6a2-7369e8a1e420}.Debug|Any CPU.Build.0 = Debug|Any CPU
        {ebe3b796-be01-4ff8-b6a2-7369e8a1e420}.Release|Any CPU.ActiveCfg = Release|Any CPU
        {ebe3b796-be01-4ff8-b6a2-7369e8a1e420}.Release|Any CPU.Build.0 = Release|Any CPU
        {e8d14ee5-c27e-4595-8852-a891054636fd}.Debug|Any CPU.ActiveCfg = Debug|Any CPU
        {e8d14ee5-c27e-4595-8852-a891054636fd}.Debug|Any CPU.Build.0 = Debug|Any CPU
        {e8d14ee5-c27e-4595-8852-a891054636fd}.Release|Any CPU.ActiveCfg = Release|Any CPU
        {e8d14ee5-c27e-4595-8852-a891054636fd}.Release|Any CPU.Build.0 = Release|Any CPU
    EndGlobalSection
    GlobalSection(SolutionProperties) = preSolution
        HideSolutionNode = FALSE
    EndGlobalSection
    GlobalSection(ExtensibilityGlobals) = postSolution
        SolutionGuid = {d3ca3d2e-9daa-499d-b556-d3f262ff9bc7}
    EndGlobalSection
EndGlobal
