
Microsoft Visual Studio Solution File, Format Version 12.00
# Visual Studio Version 16
VisualStudioVersion = 16.0.29411.108
MinimumVisualStudioVersion = 10.0.40219.1
Project("{A8A06387-5A08-470D-8F9C-CD5ECF2DDB09}") = "TradeEngine", "TradeEngine.cmproj", "{FA9505B1-738D-4BBB-ACF8-D47387706906}"
EndProject
Global
	GlobalSection(SolutionConfigurationPlatforms) = preSolution
		Debug|Any CPU = Debug|Any CPU
		Release|Any CPU = Release|Any CPU
	EndGlobalSection
	GlobalSection(ProjectConfigurationPlatforms) = postSolution
		{FA9505B1-738D-4BBB-ACF8-D47387706906}.Debug|Any CPU.ActiveCfg = Debug|Any CPU
		{FA9505B1-738D-4BBB-ACF8-D47387706906}.Debug|Any CPU.Build.0 = Debug|Any CPU
		{FA9505B1-738D-4BBB-ACF8-D47387706906}.Release|Any CPU.ActiveCfg = Release|Any CPU
		{FA9505B1-738D-4BBB-ACF8-D47387706906}.Release|Any CPU.Build.0 = Release|Any CPU
	EndGlobalSection
	GlobalSection(SolutionProperties) = preSolution
		HideSolutionNode = FALSE
	EndGlobalSection
	GlobalSection(ExtensibilityGlobals) = postSolution
		SolutionGuid = {2B4BD7EE-1ED1-4056-87E7-13C087CF757C}
	EndGlobalSection
EndGlobal
