Microsoft Visual Studio Solution File, Format Version 12.00
# Visual Studio 15
VisualStudioVersion = 15.0.27428.2015
MinimumVisualStudioVersion = 10.0.40219.1
Project("{A8A06387-5A08-470D-8F9C-CD5ECF2DDB09}") = "Align", "align/align.cmproj", "{bfec3344-c7ef-46cb-b983-c3c56bf7ad5f}"
EndProject
Project("{A8A06387-5A08-470D-8F9C-CD5ECF2DDB09}") = "ClassDelegate", "class_delegate/class_delegate.cmproj", "{6c738e87-d3b5-46e8-b3dc-9713328ccf61}"
EndProject
Project("{A8A06387-5A08-470D-8F9C-CD5ECF2DDB09}") = "Console", "console/console.cmproj", "{7616c3b4-b1bf-4831-be38-3ffbf4fb79d5}"
EndProject
Project("{A8A06387-5A08-470D-8F9C-CD5ECF2DDB09}") = "Delegate", "delegate/delegate.cmproj", "{69730035-a40b-4b3a-92ab-b6a50e06703b}"
EndProject
Project("{A8A06387-5A08-470D-8F9C-CD5ECF2DDB09}") = "Interface", "interface/interface.cmproj", "{abf0fd10-e0ee-4579-88e8-b25f37ef882d}"
EndProject
Project("{A8A06387-5A08-470D-8F9C-CD5ECF2DDB09}") = "Min", "min/min.cmproj", "{a47cd692-0b5d-4064-84f0-890305af561e}"
EndProject
Project("{A8A06387-5A08-470D-8F9C-CD5ECF2DDB09}") = "phonebook", "phonebook/phonebook.cmproj", "{8562a7a4-c82b-4b8c-ac1e-8659d6c8525f}"
EndProject
Project("{A8A06387-5A08-470D-8F9C-CD5ECF2DDB09}") = "Point", "point/point.cmproj", "{70773954-9864-4425-9e5c-6c218a75951e}"
EndProject
Project("{A8A06387-5A08-470D-8F9C-CD5ECF2DDB09}") = "QuickSort", "quickSort/QuickSort.cmproj", "{b23b864f-644e-48cf-9921-f0ed6ca6aba8}"
EndProject
Project("{A8A06387-5A08-470D-8F9C-CD5ECF2DDB09}") = "RangeFor", "range_for/range_for.cmproj", "{c2f2b31d-652e-4458-9e65-4ff6b8be8099}"
EndProject
Project("{A8A06387-5A08-470D-8F9C-CD5ECF2DDB09}") = "StrLen", "strlen/strlen.cmproj", "{a755b90d-2214-41cd-873d-028faf7d7a31}"
EndProject
Project("{A8A06387-5A08-470D-8F9C-CD5ECF2DDB09}") = "globalvar", "globalvar/globalvar.cmproj", "{ef9fabf4-4b51-40ac-b63d-6cdf582375ff}"
EndProject
Project("{A8A06387-5A08-470D-8F9C-CD5ECF2DDB09}") = "UniquePtr", "unique_ptr/unique_ptr.cmproj", "{4229eda0-c05d-4752-9d19-5d3e5e215e85}"
EndProject
Project("{A8A06387-5A08-470D-8F9C-CD5ECF2DDB09}") = "Vehicles", "vehicles/vehicles.cmproj", "{7918cb6c-5252-4510-ac68-bd55f3ccbd43}"
EndProject
Global
    GlobalSection(SolutionConfigurationPlatforms) = preSolution
        Debug|Any CPU = Debug|Any CPU
        Release|Any CPU = Release|Any CPU
    EndGlobalSection
    GlobalSection(ProjectConfigurationPlatforms) = postSolution
        {bfec3344-c7ef-46cb-b983-c3c56bf7ad5f}.Debug|Any CPU.ActiveCfg = Debug|Any CPU
        {bfec3344-c7ef-46cb-b983-c3c56bf7ad5f}.Debug|Any CPU.Build.0 = Debug|Any CPU
        {bfec3344-c7ef-46cb-b983-c3c56bf7ad5f}.Release|Any CPU.ActiveCfg = Release|Any CPU
        {bfec3344-c7ef-46cb-b983-c3c56bf7ad5f}.Release|Any CPU.Build.0 = Release|Any CPU
        {6c738e87-d3b5-46e8-b3dc-9713328ccf61}.Debug|Any CPU.ActiveCfg = Debug|Any CPU
        {6c738e87-d3b5-46e8-b3dc-9713328ccf61}.Debug|Any CPU.Build.0 = Debug|Any CPU
        {6c738e87-d3b5-46e8-b3dc-9713328ccf61}.Release|Any CPU.ActiveCfg = Release|Any CPU
        {6c738e87-d3b5-46e8-b3dc-9713328ccf61}.Release|Any CPU.Build.0 = Release|Any CPU
        {7616c3b4-b1bf-4831-be38-3ffbf4fb79d5}.Debug|Any CPU.ActiveCfg = Debug|Any CPU
        {7616c3b4-b1bf-4831-be38-3ffbf4fb79d5}.Debug|Any CPU.Build.0 = Debug|Any CPU
        {7616c3b4-b1bf-4831-be38-3ffbf4fb79d5}.Release|Any CPU.ActiveCfg = Release|Any CPU
        {7616c3b4-b1bf-4831-be38-3ffbf4fb79d5}.Release|Any CPU.Build.0 = Release|Any CPU
        {69730035-a40b-4b3a-92ab-b6a50e06703b}.Debug|Any CPU.ActiveCfg = Debug|Any CPU
        {69730035-a40b-4b3a-92ab-b6a50e06703b}.Debug|Any CPU.Build.0 = Debug|Any CPU
        {69730035-a40b-4b3a-92ab-b6a50e06703b}.Release|Any CPU.ActiveCfg = Release|Any CPU
        {69730035-a40b-4b3a-92ab-b6a50e06703b}.Release|Any CPU.Build.0 = Release|Any CPU
        {abf0fd10-e0ee-4579-88e8-b25f37ef882d}.Debug|Any CPU.ActiveCfg = Debug|Any CPU
        {abf0fd10-e0ee-4579-88e8-b25f37ef882d}.Debug|Any CPU.Build.0 = Debug|Any CPU
        {abf0fd10-e0ee-4579-88e8-b25f37ef882d}.Release|Any CPU.ActiveCfg = Release|Any CPU
        {abf0fd10-e0ee-4579-88e8-b25f37ef882d}.Release|Any CPU.Build.0 = Release|Any CPU
        {a47cd692-0b5d-4064-84f0-890305af561e}.Debug|Any CPU.ActiveCfg = Debug|Any CPU
        {a47cd692-0b5d-4064-84f0-890305af561e}.Debug|Any CPU.Build.0 = Debug|Any CPU
        {a47cd692-0b5d-4064-84f0-890305af561e}.Release|Any CPU.ActiveCfg = Release|Any CPU
        {a47cd692-0b5d-4064-84f0-890305af561e}.Release|Any CPU.Build.0 = Release|Any CPU
        {8562a7a4-c82b-4b8c-ac1e-8659d6c8525f}.Debug|Any CPU.ActiveCfg = Debug|Any CPU
        {8562a7a4-c82b-4b8c-ac1e-8659d6c8525f}.Debug|Any CPU.Build.0 = Debug|Any CPU
        {8562a7a4-c82b-4b8c-ac1e-8659d6c8525f}.Release|Any CPU.ActiveCfg = Release|Any CPU
        {8562a7a4-c82b-4b8c-ac1e-8659d6c8525f}.Release|Any CPU.Build.0 = Release|Any CPU
        {70773954-9864-4425-9e5c-6c218a75951e}.Debug|Any CPU.ActiveCfg = Debug|Any CPU
        {70773954-9864-4425-9e5c-6c218a75951e}.Debug|Any CPU.Build.0 = Debug|Any CPU
        {70773954-9864-4425-9e5c-6c218a75951e}.Release|Any CPU.ActiveCfg = Release|Any CPU
        {70773954-9864-4425-9e5c-6c218a75951e}.Release|Any CPU.Build.0 = Release|Any CPU
        {b23b864f-644e-48cf-9921-f0ed6ca6aba8}.Debug|Any CPU.ActiveCfg = Debug|Any CPU
        {b23b864f-644e-48cf-9921-f0ed6ca6aba8}.Debug|Any CPU.Build.0 = Debug|Any CPU
        {b23b864f-644e-48cf-9921-f0ed6ca6aba8}.Release|Any CPU.ActiveCfg = Release|Any CPU
        {b23b864f-644e-48cf-9921-f0ed6ca6aba8}.Release|Any CPU.Build.0 = Release|Any CPU
        {c2f2b31d-652e-4458-9e65-4ff6b8be8099}.Debug|Any CPU.ActiveCfg = Debug|Any CPU
        {c2f2b31d-652e-4458-9e65-4ff6b8be8099}.Debug|Any CPU.Build.0 = Debug|Any CPU
        {c2f2b31d-652e-4458-9e65-4ff6b8be8099}.Release|Any CPU.ActiveCfg = Release|Any CPU
        {c2f2b31d-652e-4458-9e65-4ff6b8be8099}.Release|Any CPU.Build.0 = Release|Any CPU
        {a755b90d-2214-41cd-873d-028faf7d7a31}.Debug|Any CPU.ActiveCfg = Debug|Any CPU
        {a755b90d-2214-41cd-873d-028faf7d7a31}.Debug|Any CPU.Build.0 = Debug|Any CPU
        {a755b90d-2214-41cd-873d-028faf7d7a31}.Release|Any CPU.ActiveCfg = Release|Any CPU
        {a755b90d-2214-41cd-873d-028faf7d7a31}.Release|Any CPU.Build.0 = Release|Any CPU
        {ef9fabf4-4b51-40ac-b63d-6cdf582375ff}.Debug|Any CPU.ActiveCfg = Debug|Any CPU
        {ef9fabf4-4b51-40ac-b63d-6cdf582375ff}.Debug|Any CPU.Build.0 = Debug|Any CPU
        {ef9fabf4-4b51-40ac-b63d-6cdf582375ff}.Release|Any CPU.ActiveCfg = Release|Any CPU
        {ef9fabf4-4b51-40ac-b63d-6cdf582375ff}.Release|Any CPU.Build.0 = Release|Any CPU
        {4229eda0-c05d-4752-9d19-5d3e5e215e85}.Debug|Any CPU.ActiveCfg = Debug|Any CPU
        {4229eda0-c05d-4752-9d19-5d3e5e215e85}.Debug|Any CPU.Build.0 = Debug|Any CPU
        {4229eda0-c05d-4752-9d19-5d3e5e215e85}.Release|Any CPU.ActiveCfg = Release|Any CPU
        {4229eda0-c05d-4752-9d19-5d3e5e215e85}.Release|Any CPU.Build.0 = Release|Any CPU
        {7918cb6c-5252-4510-ac68-bd55f3ccbd43}.Debug|Any CPU.ActiveCfg = Debug|Any CPU
        {7918cb6c-5252-4510-ac68-bd55f3ccbd43}.Debug|Any CPU.Build.0 = Debug|Any CPU
        {7918cb6c-5252-4510-ac68-bd55f3ccbd43}.Release|Any CPU.ActiveCfg = Release|Any CPU
        {7918cb6c-5252-4510-ac68-bd55f3ccbd43}.Release|Any CPU.Build.0 = Release|Any CPU
    EndGlobalSection
    GlobalSection(SolutionProperties) = preSolution
        HideSolutionNode = FALSE
    EndGlobalSection
    GlobalSection(ExtensibilityGlobals) = postSolution
        SolutionGuid = {e2a7127e-a61b-4bf1-8271-1c79fdeb90cd}
    EndGlobalSection
EndGlobal
