Microsoft Visual Studio Solution File, Format Version 12.00
# Visual Studio 15
VisualStudioVersion = 15.0.27428.2015
MinimumVisualStudioVersion = 10.0.40219.1
Project("{A8A06387-5A08-470D-8F9C-CD5ECF2DDB09}") = "Align", "align/align.cmproj", "{89bf23c5-6f7a-40fb-94ab-778a6a9cac0b}"
EndProject
Project("{A8A06387-5A08-470D-8F9C-CD5ECF2DDB09}") = "ClassDelegate", "class_delegate/class_delegate.cmproj", "{473f8e36-d9c8-442e-b512-15ae194c151c}"
EndProject
Project("{A8A06387-5A08-470D-8F9C-CD5ECF2DDB09}") = "Console", "console/console.cmproj", "{d242ea06-64c1-4ae8-9ca4-9a7791a5139c}"
EndProject
Project("{A8A06387-5A08-470D-8F9C-CD5ECF2DDB09}") = "Delegate", "delegate/delegate.cmproj", "{113f7e87-7c76-4e01-be25-86538beb886d}"
EndProject
Project("{A8A06387-5A08-470D-8F9C-CD5ECF2DDB09}") = "Interface", "interface/interface.cmproj", "{58855089-d081-43e0-88f6-c5fc53dd8098}"
EndProject
Project("{A8A06387-5A08-470D-8F9C-CD5ECF2DDB09}") = "Min", "min/min.cmproj", "{a4d88def-64ed-4fe6-b3fc-16ecb177ad26}"
EndProject
Project("{A8A06387-5A08-470D-8F9C-CD5ECF2DDB09}") = "phonebook", "phonebook/phonebook.cmproj", "{7c24b310-1b5a-416f-a28d-82c0b822eecc}"
EndProject
Project("{A8A06387-5A08-470D-8F9C-CD5ECF2DDB09}") = "Point", "point/point.cmproj", "{9d4370bc-02ff-4c90-ae78-39f29702f835}"
EndProject
Project("{A8A06387-5A08-470D-8F9C-CD5ECF2DDB09}") = "QuickSort", "quickSort/QuickSort.cmproj", "{c5231de4-3080-4107-9a74-27a2bb9e3e7b}"
EndProject
Project("{A8A06387-5A08-470D-8F9C-CD5ECF2DDB09}") = "RangeFor", "range_for/range_for.cmproj", "{8b916fab-c32d-45b3-a8d2-9f37c92fe19e}"
EndProject
Project("{A8A06387-5A08-470D-8F9C-CD5ECF2DDB09}") = "rfc", "rfc/rfc.cmproj", "{59437832-cda0-4f81-9d5e-27b7f4234a9f}"
EndProject
Project("{A8A06387-5A08-470D-8F9C-CD5ECF2DDB09}") = "sgrep", "sgrep/sgrep.cmproj", "{43d4ee8c-e61a-473b-9b18-e2f5d023575b}"
EndProject
Project("{A8A06387-5A08-470D-8F9C-CD5ECF2DDB09}") = "StrLen", "strlen/strlen.cmproj", "{032528af-c41b-4f30-8612-656c1a644c6a}"
EndProject
Project("{A8A06387-5A08-470D-8F9C-CD5ECF2DDB09}") = "globalvar", "globalvar/globalvar.cmproj", "{efbd90fe-c3c1-481f-afe9-995a136cab75}"
EndProject
Project("{A8A06387-5A08-470D-8F9C-CD5ECF2DDB09}") = "UniquePtr", "unique_ptr/unique_ptr.cmproj", "{c0f41fbd-587f-41ff-9ae0-3303e39d7ba0}"
EndProject
Project("{A8A06387-5A08-470D-8F9C-CD5ECF2DDB09}") = "Vehicles", "vehicles/vehicles.cmproj", "{a4905759-4125-499e-a931-72756ac451a8}"
EndProject
Project("{A8A06387-5A08-470D-8F9C-CD5ECF2DDB09}") = "FiberTest", "fiber/FiberTest.cmproj", "{e7dca9bb-6720-4fdc-afd5-e31ce824e242}"
EndProject
Global
    GlobalSection(SolutionConfigurationPlatforms) = preSolution
        Debug|Any CPU = Debug|Any CPU
        Release|Any CPU = Release|Any CPU
    EndGlobalSection
    GlobalSection(ProjectConfigurationPlatforms) = postSolution
        {89bf23c5-6f7a-40fb-94ab-778a6a9cac0b}.Debug|Any CPU.ActiveCfg = Debug|Any CPU
        {89bf23c5-6f7a-40fb-94ab-778a6a9cac0b}.Debug|Any CPU.Build.0 = Debug|Any CPU
        {89bf23c5-6f7a-40fb-94ab-778a6a9cac0b}.Release|Any CPU.ActiveCfg = Release|Any CPU
        {89bf23c5-6f7a-40fb-94ab-778a6a9cac0b}.Release|Any CPU.Build.0 = Release|Any CPU
        {473f8e36-d9c8-442e-b512-15ae194c151c}.Debug|Any CPU.ActiveCfg = Debug|Any CPU
        {473f8e36-d9c8-442e-b512-15ae194c151c}.Debug|Any CPU.Build.0 = Debug|Any CPU
        {473f8e36-d9c8-442e-b512-15ae194c151c}.Release|Any CPU.ActiveCfg = Release|Any CPU
        {473f8e36-d9c8-442e-b512-15ae194c151c}.Release|Any CPU.Build.0 = Release|Any CPU
        {d242ea06-64c1-4ae8-9ca4-9a7791a5139c}.Debug|Any CPU.ActiveCfg = Debug|Any CPU
        {d242ea06-64c1-4ae8-9ca4-9a7791a5139c}.Debug|Any CPU.Build.0 = Debug|Any CPU
        {d242ea06-64c1-4ae8-9ca4-9a7791a5139c}.Release|Any CPU.ActiveCfg = Release|Any CPU
        {d242ea06-64c1-4ae8-9ca4-9a7791a5139c}.Release|Any CPU.Build.0 = Release|Any CPU
        {113f7e87-7c76-4e01-be25-86538beb886d}.Debug|Any CPU.ActiveCfg = Debug|Any CPU
        {113f7e87-7c76-4e01-be25-86538beb886d}.Debug|Any CPU.Build.0 = Debug|Any CPU
        {113f7e87-7c76-4e01-be25-86538beb886d}.Release|Any CPU.ActiveCfg = Release|Any CPU
        {113f7e87-7c76-4e01-be25-86538beb886d}.Release|Any CPU.Build.0 = Release|Any CPU
        {58855089-d081-43e0-88f6-c5fc53dd8098}.Debug|Any CPU.ActiveCfg = Debug|Any CPU
        {58855089-d081-43e0-88f6-c5fc53dd8098}.Debug|Any CPU.Build.0 = Debug|Any CPU
        {58855089-d081-43e0-88f6-c5fc53dd8098}.Release|Any CPU.ActiveCfg = Release|Any CPU
        {58855089-d081-43e0-88f6-c5fc53dd8098}.Release|Any CPU.Build.0 = Release|Any CPU
        {a4d88def-64ed-4fe6-b3fc-16ecb177ad26}.Debug|Any CPU.ActiveCfg = Debug|Any CPU
        {a4d88def-64ed-4fe6-b3fc-16ecb177ad26}.Debug|Any CPU.Build.0 = Debug|Any CPU
        {a4d88def-64ed-4fe6-b3fc-16ecb177ad26}.Release|Any CPU.ActiveCfg = Release|Any CPU
        {a4d88def-64ed-4fe6-b3fc-16ecb177ad26}.Release|Any CPU.Build.0 = Release|Any CPU
        {7c24b310-1b5a-416f-a28d-82c0b822eecc}.Debug|Any CPU.ActiveCfg = Debug|Any CPU
        {7c24b310-1b5a-416f-a28d-82c0b822eecc}.Debug|Any CPU.Build.0 = Debug|Any CPU
        {7c24b310-1b5a-416f-a28d-82c0b822eecc}.Release|Any CPU.ActiveCfg = Release|Any CPU
        {7c24b310-1b5a-416f-a28d-82c0b822eecc}.Release|Any CPU.Build.0 = Release|Any CPU
        {9d4370bc-02ff-4c90-ae78-39f29702f835}.Debug|Any CPU.ActiveCfg = Debug|Any CPU
        {9d4370bc-02ff-4c90-ae78-39f29702f835}.Debug|Any CPU.Build.0 = Debug|Any CPU
        {9d4370bc-02ff-4c90-ae78-39f29702f835}.Release|Any CPU.ActiveCfg = Release|Any CPU
        {9d4370bc-02ff-4c90-ae78-39f29702f835}.Release|Any CPU.Build.0 = Release|Any CPU
        {c5231de4-3080-4107-9a74-27a2bb9e3e7b}.Debug|Any CPU.ActiveCfg = Debug|Any CPU
        {c5231de4-3080-4107-9a74-27a2bb9e3e7b}.Debug|Any CPU.Build.0 = Debug|Any CPU
        {c5231de4-3080-4107-9a74-27a2bb9e3e7b}.Release|Any CPU.ActiveCfg = Release|Any CPU
        {c5231de4-3080-4107-9a74-27a2bb9e3e7b}.Release|Any CPU.Build.0 = Release|Any CPU
        {8b916fab-c32d-45b3-a8d2-9f37c92fe19e}.Debug|Any CPU.ActiveCfg = Debug|Any CPU
        {8b916fab-c32d-45b3-a8d2-9f37c92fe19e}.Debug|Any CPU.Build.0 = Debug|Any CPU
        {8b916fab-c32d-45b3-a8d2-9f37c92fe19e}.Release|Any CPU.ActiveCfg = Release|Any CPU
        {8b916fab-c32d-45b3-a8d2-9f37c92fe19e}.Release|Any CPU.Build.0 = Release|Any CPU
        {59437832-cda0-4f81-9d5e-27b7f4234a9f}.Debug|Any CPU.ActiveCfg = Debug|Any CPU
        {59437832-cda0-4f81-9d5e-27b7f4234a9f}.Debug|Any CPU.Build.0 = Debug|Any CPU
        {59437832-cda0-4f81-9d5e-27b7f4234a9f}.Release|Any CPU.ActiveCfg = Release|Any CPU
        {59437832-cda0-4f81-9d5e-27b7f4234a9f}.Release|Any CPU.Build.0 = Release|Any CPU
        {43d4ee8c-e61a-473b-9b18-e2f5d023575b}.Debug|Any CPU.ActiveCfg = Debug|Any CPU
        {43d4ee8c-e61a-473b-9b18-e2f5d023575b}.Debug|Any CPU.Build.0 = Debug|Any CPU
        {43d4ee8c-e61a-473b-9b18-e2f5d023575b}.Release|Any CPU.ActiveCfg = Release|Any CPU
        {43d4ee8c-e61a-473b-9b18-e2f5d023575b}.Release|Any CPU.Build.0 = Release|Any CPU
        {032528af-c41b-4f30-8612-656c1a644c6a}.Debug|Any CPU.ActiveCfg = Debug|Any CPU
        {032528af-c41b-4f30-8612-656c1a644c6a}.Debug|Any CPU.Build.0 = Debug|Any CPU
        {032528af-c41b-4f30-8612-656c1a644c6a}.Release|Any CPU.ActiveCfg = Release|Any CPU
        {032528af-c41b-4f30-8612-656c1a644c6a}.Release|Any CPU.Build.0 = Release|Any CPU
        {efbd90fe-c3c1-481f-afe9-995a136cab75}.Debug|Any CPU.ActiveCfg = Debug|Any CPU
        {efbd90fe-c3c1-481f-afe9-995a136cab75}.Debug|Any CPU.Build.0 = Debug|Any CPU
        {efbd90fe-c3c1-481f-afe9-995a136cab75}.Release|Any CPU.ActiveCfg = Release|Any CPU
        {efbd90fe-c3c1-481f-afe9-995a136cab75}.Release|Any CPU.Build.0 = Release|Any CPU
        {c0f41fbd-587f-41ff-9ae0-3303e39d7ba0}.Debug|Any CPU.ActiveCfg = Debug|Any CPU
        {c0f41fbd-587f-41ff-9ae0-3303e39d7ba0}.Debug|Any CPU.Build.0 = Debug|Any CPU
        {c0f41fbd-587f-41ff-9ae0-3303e39d7ba0}.Release|Any CPU.ActiveCfg = Release|Any CPU
        {c0f41fbd-587f-41ff-9ae0-3303e39d7ba0}.Release|Any CPU.Build.0 = Release|Any CPU
        {a4905759-4125-499e-a931-72756ac451a8}.Debug|Any CPU.ActiveCfg = Debug|Any CPU
        {a4905759-4125-499e-a931-72756ac451a8}.Debug|Any CPU.Build.0 = Debug|Any CPU
        {a4905759-4125-499e-a931-72756ac451a8}.Release|Any CPU.ActiveCfg = Release|Any CPU
        {a4905759-4125-499e-a931-72756ac451a8}.Release|Any CPU.Build.0 = Release|Any CPU
        {e7dca9bb-6720-4fdc-afd5-e31ce824e242}.Debug|Any CPU.ActiveCfg = Debug|Any CPU
        {e7dca9bb-6720-4fdc-afd5-e31ce824e242}.Debug|Any CPU.Build.0 = Debug|Any CPU
        {e7dca9bb-6720-4fdc-afd5-e31ce824e242}.Release|Any CPU.ActiveCfg = Release|Any CPU
        {e7dca9bb-6720-4fdc-afd5-e31ce824e242}.Release|Any CPU.Build.0 = Release|Any CPU
    EndGlobalSection
    GlobalSection(SolutionProperties) = preSolution
        HideSolutionNode = FALSE
    EndGlobalSection
    GlobalSection(ExtensibilityGlobals) = postSolution
        SolutionGuid = {b0b152df-937f-4f00-b2f7-a47af108fb18}
    EndGlobalSection
EndGlobal
