Microsoft Visual Studio Solution File, Format Version 12.00
# Visual Studio 15
VisualStudioVersion = 15.0.27428.2015
MinimumVisualStudioVersion = 10.0.40219.1
Project("{A8A06387-5A08-470D-8F9C-CD5ECF2DDB09}") = "Align", "align/align.cmproj", "{42310353-139f-48db-ae03-cfd8386db2b9}"
EndProject
Project("{A8A06387-5A08-470D-8F9C-CD5ECF2DDB09}") = "ClassDelegate", "class_delegate/class_delegate.cmproj", "{7ed3a19d-c43e-4a9f-85af-713f95e553c3}"
EndProject
Project("{A8A06387-5A08-470D-8F9C-CD5ECF2DDB09}") = "Console", "console/console.cmproj", "{ffbfc464-acdb-46f8-b648-f80fc60979f3}"
EndProject
Project("{A8A06387-5A08-470D-8F9C-CD5ECF2DDB09}") = "Delegate", "delegate/delegate.cmproj", "{37a9570b-dde2-4030-9f4d-c2c549b72f54}"
EndProject
Project("{A8A06387-5A08-470D-8F9C-CD5ECF2DDB09}") = "Interface", "interface/interface.cmproj", "{18bc0a3c-f762-434a-8712-6e5d8656dcaa}"
EndProject
Project("{A8A06387-5A08-470D-8F9C-CD5ECF2DDB09}") = "Min", "min/min.cmproj", "{7ecd440e-f071-475a-a8e9-ed1f4017e331}"
EndProject
Project("{A8A06387-5A08-470D-8F9C-CD5ECF2DDB09}") = "phonebook", "phonebook/phonebook.cmproj", "{468e49b1-9d9d-4705-9a23-b8f6074cc14d}"
EndProject
Project("{A8A06387-5A08-470D-8F9C-CD5ECF2DDB09}") = "Point", "point/point.cmproj", "{71dafa37-0ffd-425a-8723-26b025a0769c}"
EndProject
Project("{A8A06387-5A08-470D-8F9C-CD5ECF2DDB09}") = "QuickSort", "quickSort/QuickSort.cmproj", "{61878200-f237-4fb8-90e2-2cbf44b5cda2}"
EndProject
Project("{A8A06387-5A08-470D-8F9C-CD5ECF2DDB09}") = "RangeFor", "range_for/range_for.cmproj", "{8cdf3fc5-e40e-4bcd-a1ee-47e0f101e2e7}"
EndProject
Project("{A8A06387-5A08-470D-8F9C-CD5ECF2DDB09}") = "rfc", "rfc/rfc.cmproj", "{523ac10b-db7d-4245-9722-9d1adc380457}"
EndProject
Project("{A8A06387-5A08-470D-8F9C-CD5ECF2DDB09}") = "sgrep", "sgrep/sgrep.cmproj", "{e1de5903-7398-43f1-8cf5-1c2acc4e5225}"
EndProject
Project("{A8A06387-5A08-470D-8F9C-CD5ECF2DDB09}") = "StrLen", "strlen/strlen.cmproj", "{aac149f8-625e-4828-bb31-1dab73667f79}"
EndProject
Project("{A8A06387-5A08-470D-8F9C-CD5ECF2DDB09}") = "globalvar", "globalvar/globalvar.cmproj", "{38f9554e-7e58-44b6-9587-5c9edc47bd65}"
EndProject
Project("{A8A06387-5A08-470D-8F9C-CD5ECF2DDB09}") = "UniquePtr", "unique_ptr/unique_ptr.cmproj", "{36cd9158-4fcc-4d68-9898-6a323de5283d}"
EndProject
Project("{A8A06387-5A08-470D-8F9C-CD5ECF2DDB09}") = "Vehicles", "vehicles/vehicles.cmproj", "{5b2da8fb-3df1-4c8c-92ac-3ef1e6da3bb9}"
EndProject
Project("{A8A06387-5A08-470D-8F9C-CD5ECF2DDB09}") = "FiberTest", "fiber/FiberTest.cmproj", "{504b8288-ae30-43d9-8f96-1ab20ad038b3}"
EndProject
Project("{A8A06387-5A08-470D-8F9C-CD5ECF2DDB09}") = "testprog", "process/testprog.cmproj", "{bb858f34-a4e5-450a-8e68-a22e88fa6f3d}"
EndProject
Project("{A8A06387-5A08-470D-8F9C-CD5ECF2DDB09}") = "ProcessTest", "process/ProcessTest.cmproj", "{353854f5-8262-4f07-9b9b-9cc79c69710a}"
EndProject
Global
    GlobalSection(SolutionConfigurationPlatforms) = preSolution
        Debug|Any CPU = Debug|Any CPU
        Release|Any CPU = Release|Any CPU
    EndGlobalSection
    GlobalSection(ProjectConfigurationPlatforms) = postSolution
        {42310353-139f-48db-ae03-cfd8386db2b9}.Debug|Any CPU.ActiveCfg = Debug|Any CPU
        {42310353-139f-48db-ae03-cfd8386db2b9}.Debug|Any CPU.Build.0 = Debug|Any CPU
        {42310353-139f-48db-ae03-cfd8386db2b9}.Release|Any CPU.ActiveCfg = Release|Any CPU
        {42310353-139f-48db-ae03-cfd8386db2b9}.Release|Any CPU.Build.0 = Release|Any CPU
        {7ed3a19d-c43e-4a9f-85af-713f95e553c3}.Debug|Any CPU.ActiveCfg = Debug|Any CPU
        {7ed3a19d-c43e-4a9f-85af-713f95e553c3}.Debug|Any CPU.Build.0 = Debug|Any CPU
        {7ed3a19d-c43e-4a9f-85af-713f95e553c3}.Release|Any CPU.ActiveCfg = Release|Any CPU
        {7ed3a19d-c43e-4a9f-85af-713f95e553c3}.Release|Any CPU.Build.0 = Release|Any CPU
        {ffbfc464-acdb-46f8-b648-f80fc60979f3}.Debug|Any CPU.ActiveCfg = Debug|Any CPU
        {ffbfc464-acdb-46f8-b648-f80fc60979f3}.Debug|Any CPU.Build.0 = Debug|Any CPU
        {ffbfc464-acdb-46f8-b648-f80fc60979f3}.Release|Any CPU.ActiveCfg = Release|Any CPU
        {ffbfc464-acdb-46f8-b648-f80fc60979f3}.Release|Any CPU.Build.0 = Release|Any CPU
        {37a9570b-dde2-4030-9f4d-c2c549b72f54}.Debug|Any CPU.ActiveCfg = Debug|Any CPU
        {37a9570b-dde2-4030-9f4d-c2c549b72f54}.Debug|Any CPU.Build.0 = Debug|Any CPU
        {37a9570b-dde2-4030-9f4d-c2c549b72f54}.Release|Any CPU.ActiveCfg = Release|Any CPU
        {37a9570b-dde2-4030-9f4d-c2c549b72f54}.Release|Any CPU.Build.0 = Release|Any CPU
        {18bc0a3c-f762-434a-8712-6e5d8656dcaa}.Debug|Any CPU.ActiveCfg = Debug|Any CPU
        {18bc0a3c-f762-434a-8712-6e5d8656dcaa}.Debug|Any CPU.Build.0 = Debug|Any CPU
        {18bc0a3c-f762-434a-8712-6e5d8656dcaa}.Release|Any CPU.ActiveCfg = Release|Any CPU
        {18bc0a3c-f762-434a-8712-6e5d8656dcaa}.Release|Any CPU.Build.0 = Release|Any CPU
        {7ecd440e-f071-475a-a8e9-ed1f4017e331}.Debug|Any CPU.ActiveCfg = Debug|Any CPU
        {7ecd440e-f071-475a-a8e9-ed1f4017e331}.Debug|Any CPU.Build.0 = Debug|Any CPU
        {7ecd440e-f071-475a-a8e9-ed1f4017e331}.Release|Any CPU.ActiveCfg = Release|Any CPU
        {7ecd440e-f071-475a-a8e9-ed1f4017e331}.Release|Any CPU.Build.0 = Release|Any CPU
        {468e49b1-9d9d-4705-9a23-b8f6074cc14d}.Debug|Any CPU.ActiveCfg = Debug|Any CPU
        {468e49b1-9d9d-4705-9a23-b8f6074cc14d}.Debug|Any CPU.Build.0 = Debug|Any CPU
        {468e49b1-9d9d-4705-9a23-b8f6074cc14d}.Release|Any CPU.ActiveCfg = Release|Any CPU
        {468e49b1-9d9d-4705-9a23-b8f6074cc14d}.Release|Any CPU.Build.0 = Release|Any CPU
        {71dafa37-0ffd-425a-8723-26b025a0769c}.Debug|Any CPU.ActiveCfg = Debug|Any CPU
        {71dafa37-0ffd-425a-8723-26b025a0769c}.Debug|Any CPU.Build.0 = Debug|Any CPU
        {71dafa37-0ffd-425a-8723-26b025a0769c}.Release|Any CPU.ActiveCfg = Release|Any CPU
        {71dafa37-0ffd-425a-8723-26b025a0769c}.Release|Any CPU.Build.0 = Release|Any CPU
        {61878200-f237-4fb8-90e2-2cbf44b5cda2}.Debug|Any CPU.ActiveCfg = Debug|Any CPU
        {61878200-f237-4fb8-90e2-2cbf44b5cda2}.Debug|Any CPU.Build.0 = Debug|Any CPU
        {61878200-f237-4fb8-90e2-2cbf44b5cda2}.Release|Any CPU.ActiveCfg = Release|Any CPU
        {61878200-f237-4fb8-90e2-2cbf44b5cda2}.Release|Any CPU.Build.0 = Release|Any CPU
        {8cdf3fc5-e40e-4bcd-a1ee-47e0f101e2e7}.Debug|Any CPU.ActiveCfg = Debug|Any CPU
        {8cdf3fc5-e40e-4bcd-a1ee-47e0f101e2e7}.Debug|Any CPU.Build.0 = Debug|Any CPU
        {8cdf3fc5-e40e-4bcd-a1ee-47e0f101e2e7}.Release|Any CPU.ActiveCfg = Release|Any CPU
        {8cdf3fc5-e40e-4bcd-a1ee-47e0f101e2e7}.Release|Any CPU.Build.0 = Release|Any CPU
        {523ac10b-db7d-4245-9722-9d1adc380457}.Debug|Any CPU.ActiveCfg = Debug|Any CPU
        {523ac10b-db7d-4245-9722-9d1adc380457}.Debug|Any CPU.Build.0 = Debug|Any CPU
        {523ac10b-db7d-4245-9722-9d1adc380457}.Release|Any CPU.ActiveCfg = Release|Any CPU
        {523ac10b-db7d-4245-9722-9d1adc380457}.Release|Any CPU.Build.0 = Release|Any CPU
        {e1de5903-7398-43f1-8cf5-1c2acc4e5225}.Debug|Any CPU.ActiveCfg = Debug|Any CPU
        {e1de5903-7398-43f1-8cf5-1c2acc4e5225}.Debug|Any CPU.Build.0 = Debug|Any CPU
        {e1de5903-7398-43f1-8cf5-1c2acc4e5225}.Release|Any CPU.ActiveCfg = Release|Any CPU
        {e1de5903-7398-43f1-8cf5-1c2acc4e5225}.Release|Any CPU.Build.0 = Release|Any CPU
        {aac149f8-625e-4828-bb31-1dab73667f79}.Debug|Any CPU.ActiveCfg = Debug|Any CPU
        {aac149f8-625e-4828-bb31-1dab73667f79}.Debug|Any CPU.Build.0 = Debug|Any CPU
        {aac149f8-625e-4828-bb31-1dab73667f79}.Release|Any CPU.ActiveCfg = Release|Any CPU
        {aac149f8-625e-4828-bb31-1dab73667f79}.Release|Any CPU.Build.0 = Release|Any CPU
        {38f9554e-7e58-44b6-9587-5c9edc47bd65}.Debug|Any CPU.ActiveCfg = Debug|Any CPU
        {38f9554e-7e58-44b6-9587-5c9edc47bd65}.Debug|Any CPU.Build.0 = Debug|Any CPU
        {38f9554e-7e58-44b6-9587-5c9edc47bd65}.Release|Any CPU.ActiveCfg = Release|Any CPU
        {38f9554e-7e58-44b6-9587-5c9edc47bd65}.Release|Any CPU.Build.0 = Release|Any CPU
        {36cd9158-4fcc-4d68-9898-6a323de5283d}.Debug|Any CPU.ActiveCfg = Debug|Any CPU
        {36cd9158-4fcc-4d68-9898-6a323de5283d}.Debug|Any CPU.Build.0 = Debug|Any CPU
        {36cd9158-4fcc-4d68-9898-6a323de5283d}.Release|Any CPU.ActiveCfg = Release|Any CPU
        {36cd9158-4fcc-4d68-9898-6a323de5283d}.Release|Any CPU.Build.0 = Release|Any CPU
        {5b2da8fb-3df1-4c8c-92ac-3ef1e6da3bb9}.Debug|Any CPU.ActiveCfg = Debug|Any CPU
        {5b2da8fb-3df1-4c8c-92ac-3ef1e6da3bb9}.Debug|Any CPU.Build.0 = Debug|Any CPU
        {5b2da8fb-3df1-4c8c-92ac-3ef1e6da3bb9}.Release|Any CPU.ActiveCfg = Release|Any CPU
        {5b2da8fb-3df1-4c8c-92ac-3ef1e6da3bb9}.Release|Any CPU.Build.0 = Release|Any CPU
        {504b8288-ae30-43d9-8f96-1ab20ad038b3}.Debug|Any CPU.ActiveCfg = Debug|Any CPU
        {504b8288-ae30-43d9-8f96-1ab20ad038b3}.Debug|Any CPU.Build.0 = Debug|Any CPU
        {504b8288-ae30-43d9-8f96-1ab20ad038b3}.Release|Any CPU.ActiveCfg = Release|Any CPU
        {504b8288-ae30-43d9-8f96-1ab20ad038b3}.Release|Any CPU.Build.0 = Release|Any CPU
        {bb858f34-a4e5-450a-8e68-a22e88fa6f3d}.Debug|Any CPU.ActiveCfg = Debug|Any CPU
        {bb858f34-a4e5-450a-8e68-a22e88fa6f3d}.Debug|Any CPU.Build.0 = Debug|Any CPU
        {bb858f34-a4e5-450a-8e68-a22e88fa6f3d}.Release|Any CPU.ActiveCfg = Release|Any CPU
        {bb858f34-a4e5-450a-8e68-a22e88fa6f3d}.Release|Any CPU.Build.0 = Release|Any CPU
        {353854f5-8262-4f07-9b9b-9cc79c69710a}.Debug|Any CPU.ActiveCfg = Debug|Any CPU
        {353854f5-8262-4f07-9b9b-9cc79c69710a}.Debug|Any CPU.Build.0 = Debug|Any CPU
        {353854f5-8262-4f07-9b9b-9cc79c69710a}.Release|Any CPU.ActiveCfg = Release|Any CPU
        {353854f5-8262-4f07-9b9b-9cc79c69710a}.Release|Any CPU.Build.0 = Release|Any CPU
    EndGlobalSection
    GlobalSection(SolutionProperties) = preSolution
        HideSolutionNode = FALSE
    EndGlobalSection
    GlobalSection(ExtensibilityGlobals) = postSolution
        SolutionGuid = {81d2b5ff-fe9e-4a9e-a2a9-a08ae09cfd61}
    EndGlobalSection
EndGlobal
