Microsoft Visual Studio Solution File, Format Version 12.00
# Visual Studio 15
VisualStudioVersion = 15.0.27428.2015
MinimumVisualStudioVersion = 10.0.40219.1
Project("{A8A06387-5A08-470D-8F9C-CD5ECF2DDB09}") = "System", "System/System.cmproj", "{faeafc6d-a17b-44b4-b1c8-d1615082ec41}"
EndProject
Project("{A8A06387-5A08-470D-8F9C-CD5ECF2DDB09}") = "System.Base", "System.Base/System.Base.cmproj", "{e35701c7-df7b-4f7e-b556-d4b7eacd570c}"
EndProject
Project("{A8A06387-5A08-470D-8F9C-CD5ECF2DDB09}") = "System.Core", "System.Core/System.Core.cmproj", "{6e85fc70-079a-425e-bb8e-aee9d6bc98e0}"
EndProject
Project("{A8A06387-5A08-470D-8F9C-CD5ECF2DDB09}") = "System.Dom", "System.Dom/System.Dom.cmproj", "{d873eda4-96db-4217-92a4-64afec776725}"
EndProject
Project("{A8A06387-5A08-470D-8F9C-CD5ECF2DDB09}") = "System.Install", "System.Install/System.Install.cmproj", "{49f0ed07-f4db-4c89-8457-618b92f47c94}"
EndProject
Project("{A8A06387-5A08-470D-8F9C-CD5ECF2DDB09}") = "System.IO.Compression", "System.IO.Compression/System.IO.Compression.cmproj", "{3cf10a3c-b585-4f58-8a30-0afb904c4025}"
EndProject
Project("{A8A06387-5A08-470D-8F9C-CD5ECF2DDB09}") = "System.Json", "System.Json/System.Json.cmproj", "{8d3047d8-1308-4081-bba2-3677090cfdb4}"
EndProject
Project("{A8A06387-5A08-470D-8F9C-CD5ECF2DDB09}") = "System.Lex", "System.Lex/System.Lex.cmproj", "{7adee65c-26f2-4575-8b8b-0dc7a4db2e14}"
EndProject
Project("{A8A06387-5A08-470D-8F9C-CD5ECF2DDB09}") = "System.Net.Http", "System.Net.Http/System.Net.Http.cmproj", "{d3ac3359-ff77-45b1-9a16-abc2f05ee042}"
EndProject
Project("{A8A06387-5A08-470D-8F9C-CD5ECF2DDB09}") = "System.Net.Sockets", "System.Net.Sockets/System.Net.Sockets.cmproj", "{33cd0332-2bcc-4a90-87f4-5b69fc8ab4b6}"
EndProject
Project("{A8A06387-5A08-470D-8F9C-CD5ECF2DDB09}") = "System.Numerics.Multiprecision", "System.Numerics.Multiprecision/System.Numerics.Multiprecision.cmproj", "{ab2aab47-d56a-4e42-927e-d651f9f04552}"
EndProject
Project("{A8A06387-5A08-470D-8F9C-CD5ECF2DDB09}") = "System.Parsing", "System.Parsing/System.Parsing.cmproj", "{2bfe7eca-24bb-42c4-abec-9595ab4b68aa}"
EndProject
Project("{A8A06387-5A08-470D-8F9C-CD5ECF2DDB09}") = "System.Runtime", "System.Runtime/System.Runtime.cmproj", "{a7e8642f-7132-4931-ae8a-04a95c94a4c5}"
EndProject
Project("{A8A06387-5A08-470D-8F9C-CD5ECF2DDB09}") = "System.Text.Parsing", "System.Text.Parsing/System.Text.Parsing.cmproj", "{fc11f735-1053-40bd-97c9-e9b21ffc4039}"
EndProject
Project("{A8A06387-5A08-470D-8F9C-CD5ECF2DDB09}") = "System.Text.Parsing.CodeDom", "System.Text.Parsing.CodeDom/System.Text.Parsing.CodeDom.cmproj", "{b4b37028-7485-4452-b55e-99aeee8a788f}"
EndProject
Project("{A8A06387-5A08-470D-8F9C-CD5ECF2DDB09}") = "System.Text.RegularExpressions", "System.Text.RegularExpressions/System.Text.RegularExpressions.cmproj", "{d01ec946-cc36-4972-a87c-cc3e47292e9f}"
EndProject
Project("{A8A06387-5A08-470D-8F9C-CD5ECF2DDB09}") = "System.Xml", "System.Xml/System.Xml.cmproj", "{cbe92cd8-a34d-42b1-a2c1-624880266517}"
EndProject
Project("{A8A06387-5A08-470D-8F9C-CD5ECF2DDB09}") = "System.XPath", "System.XPath/System.XPath.cmproj", "{1bd5215b-c9b7-4a8c-b650-6ae5f509c791}"
EndProject
Global
    GlobalSection(SolutionConfigurationPlatforms) = preSolution
        Debug|Any CPU = Debug|Any CPU
        Release|Any CPU = Release|Any CPU
    EndGlobalSection
    GlobalSection(ProjectConfigurationPlatforms) = postSolution
        {faeafc6d-a17b-44b4-b1c8-d1615082ec41}.Debug|Any CPU.ActiveCfg = Debug|Any CPU
        {faeafc6d-a17b-44b4-b1c8-d1615082ec41}.Debug|Any CPU.Build.0 = Debug|Any CPU
        {faeafc6d-a17b-44b4-b1c8-d1615082ec41}.Release|Any CPU.ActiveCfg = Release|Any CPU
        {faeafc6d-a17b-44b4-b1c8-d1615082ec41}.Release|Any CPU.Build.0 = Release|Any CPU
        {e35701c7-df7b-4f7e-b556-d4b7eacd570c}.Debug|Any CPU.ActiveCfg = Debug|Any CPU
        {e35701c7-df7b-4f7e-b556-d4b7eacd570c}.Debug|Any CPU.Build.0 = Debug|Any CPU
        {e35701c7-df7b-4f7e-b556-d4b7eacd570c}.Release|Any CPU.ActiveCfg = Release|Any CPU
        {e35701c7-df7b-4f7e-b556-d4b7eacd570c}.Release|Any CPU.Build.0 = Release|Any CPU
        {6e85fc70-079a-425e-bb8e-aee9d6bc98e0}.Debug|Any CPU.ActiveCfg = Debug|Any CPU
        {6e85fc70-079a-425e-bb8e-aee9d6bc98e0}.Debug|Any CPU.Build.0 = Debug|Any CPU
        {6e85fc70-079a-425e-bb8e-aee9d6bc98e0}.Release|Any CPU.ActiveCfg = Release|Any CPU
        {6e85fc70-079a-425e-bb8e-aee9d6bc98e0}.Release|Any CPU.Build.0 = Release|Any CPU
        {d873eda4-96db-4217-92a4-64afec776725}.Debug|Any CPU.ActiveCfg = Debug|Any CPU
        {d873eda4-96db-4217-92a4-64afec776725}.Debug|Any CPU.Build.0 = Debug|Any CPU
        {d873eda4-96db-4217-92a4-64afec776725}.Release|Any CPU.ActiveCfg = Release|Any CPU
        {d873eda4-96db-4217-92a4-64afec776725}.Release|Any CPU.Build.0 = Release|Any CPU
        {49f0ed07-f4db-4c89-8457-618b92f47c94}.Debug|Any CPU.ActiveCfg = Debug|Any CPU
        {49f0ed07-f4db-4c89-8457-618b92f47c94}.Debug|Any CPU.Build.0 = Debug|Any CPU
        {49f0ed07-f4db-4c89-8457-618b92f47c94}.Release|Any CPU.ActiveCfg = Release|Any CPU
        {49f0ed07-f4db-4c89-8457-618b92f47c94}.Release|Any CPU.Build.0 = Release|Any CPU
        {3cf10a3c-b585-4f58-8a30-0afb904c4025}.Debug|Any CPU.ActiveCfg = Debug|Any CPU
        {3cf10a3c-b585-4f58-8a30-0afb904c4025}.Debug|Any CPU.Build.0 = Debug|Any CPU
        {3cf10a3c-b585-4f58-8a30-0afb904c4025}.Release|Any CPU.ActiveCfg = Release|Any CPU
        {3cf10a3c-b585-4f58-8a30-0afb904c4025}.Release|Any CPU.Build.0 = Release|Any CPU
        {8d3047d8-1308-4081-bba2-3677090cfdb4}.Debug|Any CPU.ActiveCfg = Debug|Any CPU
        {8d3047d8-1308-4081-bba2-3677090cfdb4}.Debug|Any CPU.Build.0 = Debug|Any CPU
        {8d3047d8-1308-4081-bba2-3677090cfdb4}.Release|Any CPU.ActiveCfg = Release|Any CPU
        {8d3047d8-1308-4081-bba2-3677090cfdb4}.Release|Any CPU.Build.0 = Release|Any CPU
        {7adee65c-26f2-4575-8b8b-0dc7a4db2e14}.Debug|Any CPU.ActiveCfg = Debug|Any CPU
        {7adee65c-26f2-4575-8b8b-0dc7a4db2e14}.Debug|Any CPU.Build.0 = Debug|Any CPU
        {7adee65c-26f2-4575-8b8b-0dc7a4db2e14}.Release|Any CPU.ActiveCfg = Release|Any CPU
        {7adee65c-26f2-4575-8b8b-0dc7a4db2e14}.Release|Any CPU.Build.0 = Release|Any CPU
        {d3ac3359-ff77-45b1-9a16-abc2f05ee042}.Debug|Any CPU.ActiveCfg = Debug|Any CPU
        {d3ac3359-ff77-45b1-9a16-abc2f05ee042}.Debug|Any CPU.Build.0 = Debug|Any CPU
        {d3ac3359-ff77-45b1-9a16-abc2f05ee042}.Release|Any CPU.ActiveCfg = Release|Any CPU
        {d3ac3359-ff77-45b1-9a16-abc2f05ee042}.Release|Any CPU.Build.0 = Release|Any CPU
        {33cd0332-2bcc-4a90-87f4-5b69fc8ab4b6}.Debug|Any CPU.ActiveCfg = Debug|Any CPU
        {33cd0332-2bcc-4a90-87f4-5b69fc8ab4b6}.Debug|Any CPU.Build.0 = Debug|Any CPU
        {33cd0332-2bcc-4a90-87f4-5b69fc8ab4b6}.Release|Any CPU.ActiveCfg = Release|Any CPU
        {33cd0332-2bcc-4a90-87f4-5b69fc8ab4b6}.Release|Any CPU.Build.0 = Release|Any CPU
        {ab2aab47-d56a-4e42-927e-d651f9f04552}.Debug|Any CPU.ActiveCfg = Debug|Any CPU
        {ab2aab47-d56a-4e42-927e-d651f9f04552}.Debug|Any CPU.Build.0 = Debug|Any CPU
        {ab2aab47-d56a-4e42-927e-d651f9f04552}.Release|Any CPU.ActiveCfg = Release|Any CPU
        {ab2aab47-d56a-4e42-927e-d651f9f04552}.Release|Any CPU.Build.0 = Release|Any CPU
        {2bfe7eca-24bb-42c4-abec-9595ab4b68aa}.Debug|Any CPU.ActiveCfg = Debug|Any CPU
        {2bfe7eca-24bb-42c4-abec-9595ab4b68aa}.Debug|Any CPU.Build.0 = Debug|Any CPU
        {2bfe7eca-24bb-42c4-abec-9595ab4b68aa}.Release|Any CPU.ActiveCfg = Release|Any CPU
        {2bfe7eca-24bb-42c4-abec-9595ab4b68aa}.Release|Any CPU.Build.0 = Release|Any CPU
        {a7e8642f-7132-4931-ae8a-04a95c94a4c5}.Debug|Any CPU.ActiveCfg = Debug|Any CPU
        {a7e8642f-7132-4931-ae8a-04a95c94a4c5}.Debug|Any CPU.Build.0 = Debug|Any CPU
        {a7e8642f-7132-4931-ae8a-04a95c94a4c5}.Release|Any CPU.ActiveCfg = Release|Any CPU
        {a7e8642f-7132-4931-ae8a-04a95c94a4c5}.Release|Any CPU.Build.0 = Release|Any CPU
        {fc11f735-1053-40bd-97c9-e9b21ffc4039}.Debug|Any CPU.ActiveCfg = Debug|Any CPU
        {fc11f735-1053-40bd-97c9-e9b21ffc4039}.Debug|Any CPU.Build.0 = Debug|Any CPU
        {fc11f735-1053-40bd-97c9-e9b21ffc4039}.Release|Any CPU.ActiveCfg = Release|Any CPU
        {fc11f735-1053-40bd-97c9-e9b21ffc4039}.Release|Any CPU.Build.0 = Release|Any CPU
        {b4b37028-7485-4452-b55e-99aeee8a788f}.Debug|Any CPU.ActiveCfg = Debug|Any CPU
        {b4b37028-7485-4452-b55e-99aeee8a788f}.Debug|Any CPU.Build.0 = Debug|Any CPU
        {b4b37028-7485-4452-b55e-99aeee8a788f}.Release|Any CPU.ActiveCfg = Release|Any CPU
        {b4b37028-7485-4452-b55e-99aeee8a788f}.Release|Any CPU.Build.0 = Release|Any CPU
        {d01ec946-cc36-4972-a87c-cc3e47292e9f}.Debug|Any CPU.ActiveCfg = Debug|Any CPU
        {d01ec946-cc36-4972-a87c-cc3e47292e9f}.Debug|Any CPU.Build.0 = Debug|Any CPU
        {d01ec946-cc36-4972-a87c-cc3e47292e9f}.Release|Any CPU.ActiveCfg = Release|Any CPU
        {d01ec946-cc36-4972-a87c-cc3e47292e9f}.Release|Any CPU.Build.0 = Release|Any CPU
        {cbe92cd8-a34d-42b1-a2c1-624880266517}.Debug|Any CPU.ActiveCfg = Debug|Any CPU
        {cbe92cd8-a34d-42b1-a2c1-624880266517}.Debug|Any CPU.Build.0 = Debug|Any CPU
        {cbe92cd8-a34d-42b1-a2c1-624880266517}.Release|Any CPU.ActiveCfg = Release|Any CPU
        {cbe92cd8-a34d-42b1-a2c1-624880266517}.Release|Any CPU.Build.0 = Release|Any CPU
        {1bd5215b-c9b7-4a8c-b650-6ae5f509c791}.Debug|Any CPU.ActiveCfg = Debug|Any CPU
        {1bd5215b-c9b7-4a8c-b650-6ae5f509c791}.Debug|Any CPU.Build.0 = Debug|Any CPU
        {1bd5215b-c9b7-4a8c-b650-6ae5f509c791}.Release|Any CPU.ActiveCfg = Release|Any CPU
        {1bd5215b-c9b7-4a8c-b650-6ae5f509c791}.Release|Any CPU.Build.0 = Release|Any CPU
    EndGlobalSection
    GlobalSection(SolutionProperties) = preSolution
        HideSolutionNode = FALSE
    EndGlobalSection
    GlobalSection(ExtensibilityGlobals) = postSolution
        SolutionGuid = {0309a765-3077-4b2d-bc78-36f2802d3ae4}
    EndGlobalSection
EndGlobal
