Microsoft Visual Studio Solution File, Format Version 12.00
# Visual Studio Version 16
VisualStudioVersion = 16.0.29411.108
MinimumVisualStudioVersion = 10.0.40219.1
Project("{A8A06387-5A08-470D-8F9C-CD5ECF2DDB09}") = "System", "System\System.cmproj", "{6BE34E71-CA74-4E2D-B462-4CD5D6787141}"
EndProject
Project("{A8A06387-5A08-470D-8F9C-CD5ECF2DDB09}") = "System.Base", "System.Base\System.Base.cmproj", "{BDE0A42E-B452-41B2-8899-816288EF95AC}"
EndProject
Project("{A8A06387-5A08-470D-8F9C-CD5ECF2DDB09}") = "System.Cmajor.Ast", "System.Cmajor.Ast\System.Cmajor.Ast.cmproj", "{38F91864-7DE6-42DD-9433-9A0AD9647D46}"
EndProject
Project("{A8A06387-5A08-470D-8F9C-CD5ECF2DDB09}") = "System.Core", "System.Core\System.Core.cmproj", "{6B91DAAA-EA18-4ED8-ACA3-F1713077785B}"
EndProject
Project("{A8A06387-5A08-470D-8F9C-CD5ECF2DDB09}") = "System.Dom", "System.Dom\System.Dom.cmproj", "{A3A2FDD3-A2FD-4D1A-8DC8-B242309B5717}"
EndProject
Project("{A8A06387-5A08-470D-8F9C-CD5ECF2DDB09}") = "System.Install", "System.Install\System.Install.cmproj", "{17AD2082-A467-4C7A-9E01-2306FD0FDA29}"
EndProject
Project("{A8A06387-5A08-470D-8F9C-CD5ECF2DDB09}") = "System.IO.Compression", "System.IO.Compression\System.IO.Compression.cmproj", "{4D3E8468-64CD-41FC-8E9D-547ED05ECF8E}"
EndProject
Project("{A8A06387-5A08-470D-8F9C-CD5ECF2DDB09}") = "System.Json", "System.Json\System.Json.cmproj", "{B74600F7-60C5-4E4D-A48B-275BE32833A2}"
EndProject
Project("{A8A06387-5A08-470D-8F9C-CD5ECF2DDB09}") = "System.Lex", "System.Lex\System.Lex.cmproj", "{DA50FC5A-D7C9-42E3-854E-887D10ECE265}"
EndProject
Project("{A8A06387-5A08-470D-8F9C-CD5ECF2DDB09}") = "System.Net.Http", "System.Net.Http\System.Net.Http.cmproj", "{AD7B1699-9E49-46C1-A45D-44B6F792B7CD}"
EndProject
Project("{A8A06387-5A08-470D-8F9C-CD5ECF2DDB09}") = "System.Net.Sockets", "System.Net.Sockets\System.Net.Sockets.cmproj", "{F43A98BB-4521-47B9-9AC7-A2E6BFD41C5E}"
EndProject
Project("{A8A06387-5A08-470D-8F9C-CD5ECF2DDB09}") = "System.Numerics.Multiprecision", "System.Numerics.Multiprecision\System.Numerics.Multiprecision.cmproj", "{2F8EE8AD-B066-46DB-AE9E-D5BE8341EF99}"
EndProject
Project("{A8A06387-5A08-470D-8F9C-CD5ECF2DDB09}") = "System.Parsing", "System.Parsing\System.Parsing.cmproj", "{11403C49-9F00-484B-8F5B-DA254A00B12A}"
EndProject
Project("{A8A06387-5A08-470D-8F9C-CD5ECF2DDB09}") = "System.Runtime", "System.Runtime\System.Runtime.cmproj", "{CE70A399-8C65-415C-A19C-C9C511543E9B}"
EndProject
Project("{A8A06387-5A08-470D-8F9C-CD5ECF2DDB09}") = "System.Text.Parsing", "System.Text.Parsing\System.Text.Parsing.cmproj", "{01CB462F-7D3C-4D93-80D1-E6BED8502591}"
EndProject
Project("{A8A06387-5A08-470D-8F9C-CD5ECF2DDB09}") = "System.Text.Parsing.CodeDom", "System.Text.Parsing.CodeDom\System.Text.Parsing.CodeDom.cmproj", "{112B8AC1-6E41-4077-B86F-2D82B648B83A}"
EndProject
Project("{A8A06387-5A08-470D-8F9C-CD5ECF2DDB09}") = "System.Text.RegularExpressions", "System.Text.RegularExpressions\System.Text.RegularExpressions.cmproj", "{90969898-F42A-4E2E-8CBB-2A23EC0D8FE1}"
EndProject
Project("{A8A06387-5A08-470D-8F9C-CD5ECF2DDB09}") = "System.Xml", "System.Xml\System.Xml.cmproj", "{D65214A2-09F5-4D74-9B01-41EB31184295}"
EndProject
Project("{A8A06387-5A08-470D-8F9C-CD5ECF2DDB09}") = "System.XPath", "System.XPath\System.XPath.cmproj", "{951D439B-9389-4145-941C-F7E098651537}"
EndProject
Global
	GlobalSection(SolutionConfigurationPlatforms) = preSolution
		Debug|Any CPU = Debug|Any CPU
		Release|Any CPU = Release|Any CPU
	EndGlobalSection
	GlobalSection(ProjectConfigurationPlatforms) = postSolution
		{6BE34E71-CA74-4E2D-B462-4CD5D6787141}.Debug|Any CPU.ActiveCfg = Debug|Any CPU
		{6BE34E71-CA74-4E2D-B462-4CD5D6787141}.Debug|Any CPU.Build.0 = Debug|Any CPU
		{6BE34E71-CA74-4E2D-B462-4CD5D6787141}.Release|Any CPU.ActiveCfg = Release|Any CPU
		{6BE34E71-CA74-4E2D-B462-4CD5D6787141}.Release|Any CPU.Build.0 = Release|Any CPU
		{BDE0A42E-B452-41B2-8899-816288EF95AC}.Debug|Any CPU.ActiveCfg = Debug|Any CPU
		{BDE0A42E-B452-41B2-8899-816288EF95AC}.Debug|Any CPU.Build.0 = Debug|Any CPU
		{BDE0A42E-B452-41B2-8899-816288EF95AC}.Release|Any CPU.ActiveCfg = Release|Any CPU
		{BDE0A42E-B452-41B2-8899-816288EF95AC}.Release|Any CPU.Build.0 = Release|Any CPU
		{38F91864-7DE6-42DD-9433-9A0AD9647D46}.Debug|Any CPU.ActiveCfg = Debug|Any CPU
		{38F91864-7DE6-42DD-9433-9A0AD9647D46}.Debug|Any CPU.Build.0 = Debug|Any CPU
		{38F91864-7DE6-42DD-9433-9A0AD9647D46}.Release|Any CPU.ActiveCfg = Release|Any CPU
		{38F91864-7DE6-42DD-9433-9A0AD9647D46}.Release|Any CPU.Build.0 = Release|Any CPU
		{6B91DAAA-EA18-4ED8-ACA3-F1713077785B}.Debug|Any CPU.ActiveCfg = Debug|Any CPU
		{6B91DAAA-EA18-4ED8-ACA3-F1713077785B}.Debug|Any CPU.Build.0 = Debug|Any CPU
		{6B91DAAA-EA18-4ED8-ACA3-F1713077785B}.Release|Any CPU.ActiveCfg = Release|Any CPU
		{6B91DAAA-EA18-4ED8-ACA3-F1713077785B}.Release|Any CPU.Build.0 = Release|Any CPU
		{A3A2FDD3-A2FD-4D1A-8DC8-B242309B5717}.Debug|Any CPU.ActiveCfg = Debug|Any CPU
		{A3A2FDD3-A2FD-4D1A-8DC8-B242309B5717}.Debug|Any CPU.Build.0 = Debug|Any CPU
		{A3A2FDD3-A2FD-4D1A-8DC8-B242309B5717}.Release|Any CPU.ActiveCfg = Release|Any CPU
		{A3A2FDD3-A2FD-4D1A-8DC8-B242309B5717}.Release|Any CPU.Build.0 = Release|Any CPU
		{17AD2082-A467-4C7A-9E01-2306FD0FDA29}.Debug|Any CPU.ActiveCfg = Debug|Any CPU
		{17AD2082-A467-4C7A-9E01-2306FD0FDA29}.Debug|Any CPU.Build.0 = Debug|Any CPU
		{17AD2082-A467-4C7A-9E01-2306FD0FDA29}.Release|Any CPU.ActiveCfg = Release|Any CPU
		{17AD2082-A467-4C7A-9E01-2306FD0FDA29}.Release|Any CPU.Build.0 = Release|Any CPU
		{4D3E8468-64CD-41FC-8E9D-547ED05ECF8E}.Debug|Any CPU.ActiveCfg = Debug|Any CPU
		{4D3E8468-64CD-41FC-8E9D-547ED05ECF8E}.Debug|Any CPU.Build.0 = Debug|Any CPU
		{4D3E8468-64CD-41FC-8E9D-547ED05ECF8E}.Release|Any CPU.ActiveCfg = Release|Any CPU
		{4D3E8468-64CD-41FC-8E9D-547ED05ECF8E}.Release|Any CPU.Build.0 = Release|Any CPU
		{B74600F7-60C5-4E4D-A48B-275BE32833A2}.Debug|Any CPU.ActiveCfg = Debug|Any CPU
		{B74600F7-60C5-4E4D-A48B-275BE32833A2}.Debug|Any CPU.Build.0 = Debug|Any CPU
		{B74600F7-60C5-4E4D-A48B-275BE32833A2}.Release|Any CPU.ActiveCfg = Release|Any CPU
		{B74600F7-60C5-4E4D-A48B-275BE32833A2}.Release|Any CPU.Build.0 = Release|Any CPU
		{DA50FC5A-D7C9-42E3-854E-887D10ECE265}.Debug|Any CPU.ActiveCfg = Debug|Any CPU
		{DA50FC5A-D7C9-42E3-854E-887D10ECE265}.Debug|Any CPU.Build.0 = Debug|Any CPU
		{DA50FC5A-D7C9-42E3-854E-887D10ECE265}.Release|Any CPU.ActiveCfg = Release|Any CPU
		{DA50FC5A-D7C9-42E3-854E-887D10ECE265}.Release|Any CPU.Build.0 = Release|Any CPU
		{AD7B1699-9E49-46C1-A45D-44B6F792B7CD}.Debug|Any CPU.ActiveCfg = Debug|Any CPU
		{AD7B1699-9E49-46C1-A45D-44B6F792B7CD}.Debug|Any CPU.Build.0 = Debug|Any CPU
		{AD7B1699-9E49-46C1-A45D-44B6F792B7CD}.Release|Any CPU.ActiveCfg = Release|Any CPU
		{AD7B1699-9E49-46C1-A45D-44B6F792B7CD}.Release|Any CPU.Build.0 = Release|Any CPU
		{F43A98BB-4521-47B9-9AC7-A2E6BFD41C5E}.Debug|Any CPU.ActiveCfg = Debug|Any CPU
		{F43A98BB-4521-47B9-9AC7-A2E6BFD41C5E}.Debug|Any CPU.Build.0 = Debug|Any CPU
		{F43A98BB-4521-47B9-9AC7-A2E6BFD41C5E}.Release|Any CPU.ActiveCfg = Release|Any CPU
		{F43A98BB-4521-47B9-9AC7-A2E6BFD41C5E}.Release|Any CPU.Build.0 = Release|Any CPU
		{2F8EE8AD-B066-46DB-AE9E-D5BE8341EF99}.Debug|Any CPU.ActiveCfg = Debug|Any CPU
		{2F8EE8AD-B066-46DB-AE9E-D5BE8341EF99}.Debug|Any CPU.Build.0 = Debug|Any CPU
		{2F8EE8AD-B066-46DB-AE9E-D5BE8341EF99}.Release|Any CPU.ActiveCfg = Release|Any CPU
		{2F8EE8AD-B066-46DB-AE9E-D5BE8341EF99}.Release|Any CPU.Build.0 = Release|Any CPU
		{11403C49-9F00-484B-8F5B-DA254A00B12A}.Debug|Any CPU.ActiveCfg = Debug|Any CPU
		{11403C49-9F00-484B-8F5B-DA254A00B12A}.Debug|Any CPU.Build.0 = Debug|Any CPU
		{11403C49-9F00-484B-8F5B-DA254A00B12A}.Release|Any CPU.ActiveCfg = Release|Any CPU
		{11403C49-9F00-484B-8F5B-DA254A00B12A}.Release|Any CPU.Build.0 = Release|Any CPU
		{CE70A399-8C65-415C-A19C-C9C511543E9B}.Debug|Any CPU.ActiveCfg = Debug|Any CPU
		{CE70A399-8C65-415C-A19C-C9C511543E9B}.Debug|Any CPU.Build.0 = Debug|Any CPU
		{CE70A399-8C65-415C-A19C-C9C511543E9B}.Release|Any CPU.ActiveCfg = Release|Any CPU
		{CE70A399-8C65-415C-A19C-C9C511543E9B}.Release|Any CPU.Build.0 = Release|Any CPU
		{01CB462F-7D3C-4D93-80D1-E6BED8502591}.Debug|Any CPU.ActiveCfg = Debug|Any CPU
		{01CB462F-7D3C-4D93-80D1-E6BED8502591}.Debug|Any CPU.Build.0 = Debug|Any CPU
		{01CB462F-7D3C-4D93-80D1-E6BED8502591}.Release|Any CPU.ActiveCfg = Release|Any CPU
		{01CB462F-7D3C-4D93-80D1-E6BED8502591}.Release|Any CPU.Build.0 = Release|Any CPU
		{112B8AC1-6E41-4077-B86F-2D82B648B83A}.Debug|Any CPU.ActiveCfg = Debug|Any CPU
		{112B8AC1-6E41-4077-B86F-2D82B648B83A}.Debug|Any CPU.Build.0 = Debug|Any CPU
		{112B8AC1-6E41-4077-B86F-2D82B648B83A}.Release|Any CPU.ActiveCfg = Release|Any CPU
		{112B8AC1-6E41-4077-B86F-2D82B648B83A}.Release|Any CPU.Build.0 = Release|Any CPU
		{90969898-F42A-4E2E-8CBB-2A23EC0D8FE1}.Debug|Any CPU.ActiveCfg = Debug|Any CPU
		{90969898-F42A-4E2E-8CBB-2A23EC0D8FE1}.Debug|Any CPU.Build.0 = Debug|Any CPU
		{90969898-F42A-4E2E-8CBB-2A23EC0D8FE1}.Release|Any CPU.ActiveCfg = Release|Any CPU
		{90969898-F42A-4E2E-8CBB-2A23EC0D8FE1}.Release|Any CPU.Build.0 = Release|Any CPU
		{D65214A2-09F5-4D74-9B01-41EB31184295}.Debug|Any CPU.ActiveCfg = Debug|Any CPU
		{D65214A2-09F5-4D74-9B01-41EB31184295}.Debug|Any CPU.Build.0 = Debug|Any CPU
		{D65214A2-09F5-4D74-9B01-41EB31184295}.Release|Any CPU.ActiveCfg = Release|Any CPU
		{D65214A2-09F5-4D74-9B01-41EB31184295}.Release|Any CPU.Build.0 = Release|Any CPU
		{951D439B-9389-4145-941C-F7E098651537}.Debug|Any CPU.ActiveCfg = Debug|Any CPU
		{951D439B-9389-4145-941C-F7E098651537}.Debug|Any CPU.Build.0 = Debug|Any CPU
		{951D439B-9389-4145-941C-F7E098651537}.Release|Any CPU.ActiveCfg = Release|Any CPU
		{951D439B-9389-4145-941C-F7E098651537}.Release|Any CPU.Build.0 = Release|Any CPU
	EndGlobalSection
	GlobalSection(SolutionProperties) = preSolution
		HideSolutionNode = FALSE
	EndGlobalSection
	GlobalSection(ExtensibilityGlobals) = postSolution
		        SolutionGuid = {a158dc5e-b092-4e7f-bc44-3e3ed74476d1}
		SolutionGuid = {7D468063-7C87-41E3-8334-95A5CD783B94}
	EndGlobalSection
EndGlobal
