Microsoft Visual Studio Solution File, Format Version 12.00
# Visual Studio 15
VisualStudioVersion = 15.0.27428.2015
MinimumVisualStudioVersion = 10.0.40219.1
Project("{A8A06387-5A08-470D-8F9C-CD5ECF2DDB09}") = "System", "System/System.cmproj", "{aebec329-6357-4476-9786-880ba65c2a9b}"
EndProject
Project("{A8A06387-5A08-470D-8F9C-CD5ECF2DDB09}") = "System.Base", "System.Base/System.Base.cmproj", "{922749ba-1019-417a-b8a8-8b4d196e39a1}"
EndProject
Project("{A8A06387-5A08-470D-8F9C-CD5ECF2DDB09}") = "System.Core", "System.Core/System.Core.cmproj", "{38945d97-a677-4a84-a04b-6d44b7d0051f}"
EndProject
Project("{A8A06387-5A08-470D-8F9C-CD5ECF2DDB09}") = "System.Dom", "System.Dom/System.Dom.cmproj", "{4bae3946-d95c-4bac-b321-de837a6f9805}"
EndProject
Project("{A8A06387-5A08-470D-8F9C-CD5ECF2DDB09}") = "System.Install", "System.Install/System.Install.cmproj", "{227dfc62-db91-4a4f-af8d-98e39afbd394}"
EndProject
Project("{A8A06387-5A08-470D-8F9C-CD5ECF2DDB09}") = "System.IO.Compression", "System.IO.Compression/System.IO.Compression.cmproj", "{dd25b140-1d8b-46e1-8a68-5a3c420b2888}"
EndProject
Project("{A8A06387-5A08-470D-8F9C-CD5ECF2DDB09}") = "System.Json", "System.Json/System.Json.cmproj", "{4da5f1a4-47b3-431a-9af6-044e04acd9bf}"
EndProject
Project("{A8A06387-5A08-470D-8F9C-CD5ECF2DDB09}") = "System.Lex", "System.Lex/System.Lex.cmproj", "{d2c75650-bc04-491f-8176-bcf69c012566}"
EndProject
Project("{A8A06387-5A08-470D-8F9C-CD5ECF2DDB09}") = "System.Net.Http", "System.Net.Http/System.Net.Http.cmproj", "{44363c74-f8c7-480b-bd1d-44b3ea1cfab3}"
EndProject
Project("{A8A06387-5A08-470D-8F9C-CD5ECF2DDB09}") = "System.Net.Sockets", "System.Net.Sockets/System.Net.Sockets.cmproj", "{a32f6893-dfb5-4d77-9348-640615e7c4b7}"
EndProject
Project("{A8A06387-5A08-470D-8F9C-CD5ECF2DDB09}") = "System.Numerics.Multiprecision", "System.Numerics.Multiprecision/System.Numerics.Multiprecision.cmproj", "{873b3e67-df56-4546-bf03-dcfe66bcd378}"
EndProject
Project("{A8A06387-5A08-470D-8F9C-CD5ECF2DDB09}") = "System.Parsing", "System.Parsing/System.Parsing.cmproj", "{b4d7104d-1603-426a-8e3f-a040821b73da}"
EndProject
Project("{A8A06387-5A08-470D-8F9C-CD5ECF2DDB09}") = "System.Runtime", "System.Runtime/System.Runtime.cmproj", "{3a1ffe85-3e26-45cb-98c2-8ed2e7b093bc}"
EndProject
Project("{A8A06387-5A08-470D-8F9C-CD5ECF2DDB09}") = "System.Text.Parsing", "System.Text.Parsing/System.Text.Parsing.cmproj", "{f6b56049-5bd7-4535-b2d3-ead319e564fc}"
EndProject
Project("{A8A06387-5A08-470D-8F9C-CD5ECF2DDB09}") = "System.Text.Parsing.CodeDom", "System.Text.Parsing.CodeDom/System.Text.Parsing.CodeDom.cmproj", "{e9b0bd94-4833-489e-b267-a8c655c8c17f}"
EndProject
Project("{A8A06387-5A08-470D-8F9C-CD5ECF2DDB09}") = "System.Text.RegularExpressions", "System.Text.RegularExpressions/System.Text.RegularExpressions.cmproj", "{b2a020ea-7807-4986-845b-e1bd35a1c165}"
EndProject
Project("{A8A06387-5A08-470D-8F9C-CD5ECF2DDB09}") = "System.Xml", "System.Xml/System.Xml.cmproj", "{741d81f9-9631-4f1b-b27f-57cc7bf3fb50}"
EndProject
Project("{A8A06387-5A08-470D-8F9C-CD5ECF2DDB09}") = "System.XPath", "System.XPath/System.XPath.cmproj", "{94b874d7-f269-4c4e-a7d7-e7981828d2aa}"
EndProject
Global
    GlobalSection(SolutionConfigurationPlatforms) = preSolution
        Debug|Any CPU = Debug|Any CPU
        Release|Any CPU = Release|Any CPU
    EndGlobalSection
    GlobalSection(ProjectConfigurationPlatforms) = postSolution
        {aebec329-6357-4476-9786-880ba65c2a9b}.Debug|Any CPU.ActiveCfg = Debug|Any CPU
        {aebec329-6357-4476-9786-880ba65c2a9b}.Debug|Any CPU.Build.0 = Debug|Any CPU
        {aebec329-6357-4476-9786-880ba65c2a9b}.Release|Any CPU.ActiveCfg = Release|Any CPU
        {aebec329-6357-4476-9786-880ba65c2a9b}.Release|Any CPU.Build.0 = Release|Any CPU
        {922749ba-1019-417a-b8a8-8b4d196e39a1}.Debug|Any CPU.ActiveCfg = Debug|Any CPU
        {922749ba-1019-417a-b8a8-8b4d196e39a1}.Debug|Any CPU.Build.0 = Debug|Any CPU
        {922749ba-1019-417a-b8a8-8b4d196e39a1}.Release|Any CPU.ActiveCfg = Release|Any CPU
        {922749ba-1019-417a-b8a8-8b4d196e39a1}.Release|Any CPU.Build.0 = Release|Any CPU
        {38945d97-a677-4a84-a04b-6d44b7d0051f}.Debug|Any CPU.ActiveCfg = Debug|Any CPU
        {38945d97-a677-4a84-a04b-6d44b7d0051f}.Debug|Any CPU.Build.0 = Debug|Any CPU
        {38945d97-a677-4a84-a04b-6d44b7d0051f}.Release|Any CPU.ActiveCfg = Release|Any CPU
        {38945d97-a677-4a84-a04b-6d44b7d0051f}.Release|Any CPU.Build.0 = Release|Any CPU
        {4bae3946-d95c-4bac-b321-de837a6f9805}.Debug|Any CPU.ActiveCfg = Debug|Any CPU
        {4bae3946-d95c-4bac-b321-de837a6f9805}.Debug|Any CPU.Build.0 = Debug|Any CPU
        {4bae3946-d95c-4bac-b321-de837a6f9805}.Release|Any CPU.ActiveCfg = Release|Any CPU
        {4bae3946-d95c-4bac-b321-de837a6f9805}.Release|Any CPU.Build.0 = Release|Any CPU
        {227dfc62-db91-4a4f-af8d-98e39afbd394}.Debug|Any CPU.ActiveCfg = Debug|Any CPU
        {227dfc62-db91-4a4f-af8d-98e39afbd394}.Debug|Any CPU.Build.0 = Debug|Any CPU
        {227dfc62-db91-4a4f-af8d-98e39afbd394}.Release|Any CPU.ActiveCfg = Release|Any CPU
        {227dfc62-db91-4a4f-af8d-98e39afbd394}.Release|Any CPU.Build.0 = Release|Any CPU
        {dd25b140-1d8b-46e1-8a68-5a3c420b2888}.Debug|Any CPU.ActiveCfg = Debug|Any CPU
        {dd25b140-1d8b-46e1-8a68-5a3c420b2888}.Debug|Any CPU.Build.0 = Debug|Any CPU
        {dd25b140-1d8b-46e1-8a68-5a3c420b2888}.Release|Any CPU.ActiveCfg = Release|Any CPU
        {dd25b140-1d8b-46e1-8a68-5a3c420b2888}.Release|Any CPU.Build.0 = Release|Any CPU
        {4da5f1a4-47b3-431a-9af6-044e04acd9bf}.Debug|Any CPU.ActiveCfg = Debug|Any CPU
        {4da5f1a4-47b3-431a-9af6-044e04acd9bf}.Debug|Any CPU.Build.0 = Debug|Any CPU
        {4da5f1a4-47b3-431a-9af6-044e04acd9bf}.Release|Any CPU.ActiveCfg = Release|Any CPU
        {4da5f1a4-47b3-431a-9af6-044e04acd9bf}.Release|Any CPU.Build.0 = Release|Any CPU
        {d2c75650-bc04-491f-8176-bcf69c012566}.Debug|Any CPU.ActiveCfg = Debug|Any CPU
        {d2c75650-bc04-491f-8176-bcf69c012566}.Debug|Any CPU.Build.0 = Debug|Any CPU
        {d2c75650-bc04-491f-8176-bcf69c012566}.Release|Any CPU.ActiveCfg = Release|Any CPU
        {d2c75650-bc04-491f-8176-bcf69c012566}.Release|Any CPU.Build.0 = Release|Any CPU
        {44363c74-f8c7-480b-bd1d-44b3ea1cfab3}.Debug|Any CPU.ActiveCfg = Debug|Any CPU
        {44363c74-f8c7-480b-bd1d-44b3ea1cfab3}.Debug|Any CPU.Build.0 = Debug|Any CPU
        {44363c74-f8c7-480b-bd1d-44b3ea1cfab3}.Release|Any CPU.ActiveCfg = Release|Any CPU
        {44363c74-f8c7-480b-bd1d-44b3ea1cfab3}.Release|Any CPU.Build.0 = Release|Any CPU
        {a32f6893-dfb5-4d77-9348-640615e7c4b7}.Debug|Any CPU.ActiveCfg = Debug|Any CPU
        {a32f6893-dfb5-4d77-9348-640615e7c4b7}.Debug|Any CPU.Build.0 = Debug|Any CPU
        {a32f6893-dfb5-4d77-9348-640615e7c4b7}.Release|Any CPU.ActiveCfg = Release|Any CPU
        {a32f6893-dfb5-4d77-9348-640615e7c4b7}.Release|Any CPU.Build.0 = Release|Any CPU
        {873b3e67-df56-4546-bf03-dcfe66bcd378}.Debug|Any CPU.ActiveCfg = Debug|Any CPU
        {873b3e67-df56-4546-bf03-dcfe66bcd378}.Debug|Any CPU.Build.0 = Debug|Any CPU
        {873b3e67-df56-4546-bf03-dcfe66bcd378}.Release|Any CPU.ActiveCfg = Release|Any CPU
        {873b3e67-df56-4546-bf03-dcfe66bcd378}.Release|Any CPU.Build.0 = Release|Any CPU
        {b4d7104d-1603-426a-8e3f-a040821b73da}.Debug|Any CPU.ActiveCfg = Debug|Any CPU
        {b4d7104d-1603-426a-8e3f-a040821b73da}.Debug|Any CPU.Build.0 = Debug|Any CPU
        {b4d7104d-1603-426a-8e3f-a040821b73da}.Release|Any CPU.ActiveCfg = Release|Any CPU
        {b4d7104d-1603-426a-8e3f-a040821b73da}.Release|Any CPU.Build.0 = Release|Any CPU
        {3a1ffe85-3e26-45cb-98c2-8ed2e7b093bc}.Debug|Any CPU.ActiveCfg = Debug|Any CPU
        {3a1ffe85-3e26-45cb-98c2-8ed2e7b093bc}.Debug|Any CPU.Build.0 = Debug|Any CPU
        {3a1ffe85-3e26-45cb-98c2-8ed2e7b093bc}.Release|Any CPU.ActiveCfg = Release|Any CPU
        {3a1ffe85-3e26-45cb-98c2-8ed2e7b093bc}.Release|Any CPU.Build.0 = Release|Any CPU
        {f6b56049-5bd7-4535-b2d3-ead319e564fc}.Debug|Any CPU.ActiveCfg = Debug|Any CPU
        {f6b56049-5bd7-4535-b2d3-ead319e564fc}.Debug|Any CPU.Build.0 = Debug|Any CPU
        {f6b56049-5bd7-4535-b2d3-ead319e564fc}.Release|Any CPU.ActiveCfg = Release|Any CPU
        {f6b56049-5bd7-4535-b2d3-ead319e564fc}.Release|Any CPU.Build.0 = Release|Any CPU
        {e9b0bd94-4833-489e-b267-a8c655c8c17f}.Debug|Any CPU.ActiveCfg = Debug|Any CPU
        {e9b0bd94-4833-489e-b267-a8c655c8c17f}.Debug|Any CPU.Build.0 = Debug|Any CPU
        {e9b0bd94-4833-489e-b267-a8c655c8c17f}.Release|Any CPU.ActiveCfg = Release|Any CPU
        {e9b0bd94-4833-489e-b267-a8c655c8c17f}.Release|Any CPU.Build.0 = Release|Any CPU
        {b2a020ea-7807-4986-845b-e1bd35a1c165}.Debug|Any CPU.ActiveCfg = Debug|Any CPU
        {b2a020ea-7807-4986-845b-e1bd35a1c165}.Debug|Any CPU.Build.0 = Debug|Any CPU
        {b2a020ea-7807-4986-845b-e1bd35a1c165}.Release|Any CPU.ActiveCfg = Release|Any CPU
        {b2a020ea-7807-4986-845b-e1bd35a1c165}.Release|Any CPU.Build.0 = Release|Any CPU
        {741d81f9-9631-4f1b-b27f-57cc7bf3fb50}.Debug|Any CPU.ActiveCfg = Debug|Any CPU
        {741d81f9-9631-4f1b-b27f-57cc7bf3fb50}.Debug|Any CPU.Build.0 = Debug|Any CPU
        {741d81f9-9631-4f1b-b27f-57cc7bf3fb50}.Release|Any CPU.ActiveCfg = Release|Any CPU
        {741d81f9-9631-4f1b-b27f-57cc7bf3fb50}.Release|Any CPU.Build.0 = Release|Any CPU
        {94b874d7-f269-4c4e-a7d7-e7981828d2aa}.Debug|Any CPU.ActiveCfg = Debug|Any CPU
        {94b874d7-f269-4c4e-a7d7-e7981828d2aa}.Debug|Any CPU.Build.0 = Debug|Any CPU
        {94b874d7-f269-4c4e-a7d7-e7981828d2aa}.Release|Any CPU.ActiveCfg = Release|Any CPU
        {94b874d7-f269-4c4e-a7d7-e7981828d2aa}.Release|Any CPU.Build.0 = Release|Any CPU
    EndGlobalSection
    GlobalSection(SolutionProperties) = preSolution
        HideSolutionNode = FALSE
    EndGlobalSection
    GlobalSection(ExtensibilityGlobals) = postSolution
        SolutionGuid = {f84de7dc-cef7-4d37-aaea-77bc96ddf92c}
    EndGlobalSection
EndGlobal
