Microsoft Visual Studio Solution File, Format Version 12.00
# Visual Studio 15
VisualStudioVersion = 15.0.27428.2015
MinimumVisualStudioVersion = 10.0.40219.1
Project("{FAE04EC0-301F-11D3-BF4B-00C04F79EFBC}") = "Cmajor.ProjectType", "Cmajor\Cmajor.ProjectType\Cmajor.ProjectType.csproj", "{FF47CE78-B542-447F-8FF0-C883CC88F721}"
EndProject
Project("{FAE04EC0-301F-11D3-BF4B-00C04F79EFBC}") = "Cmajor.ConsoleAppProjectTemplate", "Cmajor\Cmajor.ConsoleAppProjectTemplate\Cmajor.ConsoleAppProjectTemplate.csproj", "{B833A376-0DA4-416C-B29A-B2E027E49F1F}"
EndProject
Project("{FAE04EC0-301F-11D3-BF4B-00C04F79EFBC}") = "CmItemTemplate", "Cmajor\CmItemTemplate\CmItemTemplate.csproj", "{653ACF87-8725-4762-8C2C-D81C42C168BA}"
EndProject
Project("{FAE04EC0-301F-11D3-BF4B-00C04F79EFBC}") = "Cmajor.Editor", "Cmajor\Cmajor.Editor\Cmajor.Editor.csproj", "{5941F963-11E2-40AC-AEFD-2BC9EDE5E477}"
EndProject
Project("{FAE04EC0-301F-11D3-BF4B-00C04F79EFBC}") = "Cmajor.LibraryProjectTemplate", "Cmajor\Cmajor.LibraryProjectTemplate\Cmajor.LibraryProjectTemplate.csproj", "{F28244D0-1340-4D75-AF72-9BE6F14925D3}"
EndProject
Project("{FAE04EC0-301F-11D3-BF4B-00C04F79EFBC}") = "Cmajor.MenuCommands", "Cmajor.MenuCommands\Cmajor.MenuCommands.csproj", "{756CC65C-8B00-4E7C-B79B-9534BA9E74CB}"
EndProject
Global
	GlobalSection(SolutionConfigurationPlatforms) = preSolution
		Debug|Any CPU = Debug|Any CPU
		Release|Any CPU = Release|Any CPU
	EndGlobalSection
	GlobalSection(ProjectConfigurationPlatforms) = postSolution
		{FF47CE78-B542-447F-8FF0-C883CC88F721}.Debug|Any CPU.ActiveCfg = Debug|Any CPU
		{FF47CE78-B542-447F-8FF0-C883CC88F721}.Debug|Any CPU.Build.0 = Debug|Any CPU
		{FF47CE78-B542-447F-8FF0-C883CC88F721}.Release|Any CPU.ActiveCfg = Release|Any CPU
		{FF47CE78-B542-447F-8FF0-C883CC88F721}.Release|Any CPU.Build.0 = Release|Any CPU
		{B833A376-0DA4-416C-B29A-B2E027E49F1F}.Debug|Any CPU.ActiveCfg = Debug|Any CPU
		{B833A376-0DA4-416C-B29A-B2E027E49F1F}.Debug|Any CPU.Build.0 = Debug|Any CPU
		{B833A376-0DA4-416C-B29A-B2E027E49F1F}.Release|Any CPU.ActiveCfg = Release|Any CPU
		{B833A376-0DA4-416C-B29A-B2E027E49F1F}.Release|Any CPU.Build.0 = Release|Any CPU
		{653ACF87-8725-4762-8C2C-D81C42C168BA}.Debug|Any CPU.ActiveCfg = Debug|Any CPU
		{653ACF87-8725-4762-8C2C-D81C42C168BA}.Debug|Any CPU.Build.0 = Debug|Any CPU
		{653ACF87-8725-4762-8C2C-D81C42C168BA}.Release|Any CPU.ActiveCfg = Release|Any CPU
		{653ACF87-8725-4762-8C2C-D81C42C168BA}.Release|Any CPU.Build.0 = Release|Any CPU
		{5941F963-11E2-40AC-AEFD-2BC9EDE5E477}.Debug|Any CPU.ActiveCfg = Debug|Any CPU
		{5941F963-11E2-40AC-AEFD-2BC9EDE5E477}.Debug|Any CPU.Build.0 = Debug|Any CPU
		{5941F963-11E2-40AC-AEFD-2BC9EDE5E477}.Release|Any CPU.ActiveCfg = Release|Any CPU
		{5941F963-11E2-40AC-AEFD-2BC9EDE5E477}.Release|Any CPU.Build.0 = Release|Any CPU
		{F28244D0-1340-4D75-AF72-9BE6F14925D3}.Debug|Any CPU.ActiveCfg = Debug|Any CPU
		{F28244D0-1340-4D75-AF72-9BE6F14925D3}.Debug|Any CPU.Build.0 = Debug|Any CPU
		{F28244D0-1340-4D75-AF72-9BE6F14925D3}.Release|Any CPU.ActiveCfg = Release|Any CPU
		{F28244D0-1340-4D75-AF72-9BE6F14925D3}.Release|Any CPU.Build.0 = Release|Any CPU
		{756CC65C-8B00-4E7C-B79B-9534BA9E74CB}.Debug|Any CPU.ActiveCfg = Debug|Any CPU
		{756CC65C-8B00-4E7C-B79B-9534BA9E74CB}.Debug|Any CPU.Build.0 = Debug|Any CPU
		{756CC65C-8B00-4E7C-B79B-9534BA9E74CB}.Release|Any CPU.ActiveCfg = Release|Any CPU
		{756CC65C-8B00-4E7C-B79B-9534BA9E74CB}.Release|Any CPU.Build.0 = Release|Any CPU
	EndGlobalSection
	GlobalSection(SolutionProperties) = preSolution
		HideSolutionNode = FALSE
	EndGlobalSection
	GlobalSection(ExtensibilityGlobals) = postSolution
		SolutionGuid = {A0B97C4E-8E3F-429A-9DA3-880BDC000C7A}
	EndGlobalSection
EndGlobal
