Microsoft Visual Studio Solution File, Format Version 12.00
# Visual Studio Version 16
VisualStudioVersion = 16.0.30114.105
MinimumVisualStudioVersion = 10.0.40219.1
Project("{A8A06387-5A08-470D-8F9C-CD5ECF2DDB09}") = "FiberTest", "FiberTest.cmproj", "{D44A8D57-1A3B-4052-B1CB-28324EB2CAC9}"
EndProject
Global
	GlobalSection(SolutionConfigurationPlatforms) = preSolution
		Debug|Any CPU = Debug|Any CPU
		Release|Any CPU = Release|Any CPU
	EndGlobalSection
	GlobalSection(ProjectConfigurationPlatforms) = postSolution
		{D44A8D57-1A3B-4052-B1CB-28324EB2CAC9}.Debug|Any CPU.ActiveCfg = Debug|Any CPU
		{D44A8D57-1A3B-4052-B1CB-28324EB2CAC9}.Debug|Any CPU.Build.0 = Debug|Any CPU
		{D44A8D57-1A3B-4052-B1CB-28324EB2CAC9}.Release|Any CPU.ActiveCfg = Release|Any CPU
		{D44A8D57-1A3B-4052-B1CB-28324EB2CAC9}.Release|Any CPU.Build.0 = Release|Any CPU
	EndGlobalSection
	GlobalSection(SolutionProperties) = preSolution
		HideSolutionNode = FALSE
	EndGlobalSection
	GlobalSection(ExtensibilityGlobals) = postSolution
		        SolutionGuid = {9a52911c-d7dd-4461-bf08-07a7cf2291b2}
		SolutionGuid = {F0059E22-B343-4F9F-9E01-15BA6C6B85BC}
	EndGlobalSection
EndGlobal
