Microsoft Visual Studio Solution File, Format Version 12.00
# Visual Studio Version 16
VisualStudioVersion = 16.0.29920.165
MinimumVisualStudioVersion = 10.0.40219.1
Project("{A8A06387-5A08-470D-8F9C-CD5ECF2DDB09}") = "spring", "spring.cmproj", "{86131413-67B7-4A18-9263-94F2010E81EF}"
EndProject
Global
	GlobalSection(SolutionConfigurationPlatforms) = preSolution
		Debug|Any CPU = Debug|Any CPU
		Release|Any CPU = Release|Any CPU
	EndGlobalSection
	GlobalSection(ProjectConfigurationPlatforms) = postSolution
		{86131413-67B7-4A18-9263-94F2010E81EF}.Debug|Any CPU.ActiveCfg = Debug|Any CPU
		{86131413-67B7-4A18-9263-94F2010E81EF}.Debug|Any CPU.Build.0 = Debug|Any CPU
		{86131413-67B7-4A18-9263-94F2010E81EF}.Release|Any CPU.ActiveCfg = Release|Any CPU
		{86131413-67B7-4A18-9263-94F2010E81EF}.Release|Any CPU.Build.0 = Release|Any CPU
	EndGlobalSection
	GlobalSection(SolutionProperties) = preSolution
		HideSolutionNode = FALSE
	EndGlobalSection
	GlobalSection(ExtensibilityGlobals) = postSolution
		        SolutionGuid = {598aafff-6cfa-4583-baf3-c350d62d4c11}
		SolutionGuid = {0E197A7E-7324-4DBC-8BFC-597B8597113B}
	EndGlobalSection
EndGlobal
