Microsoft Visual Studio Solution File, Format Version 12.00
# Visual Studio Version 16
VisualStudioVersion = 16.0.31729.503
MinimumVisualStudioVersion = 10.0.40219.1
Project("{A8A06387-5A08-470D-8F9C-CD5ECF2DDB09}") = "System", "System\System.cmproj", "{A1C2CB62-5E6E-4D68-B2D5-23B115A6136A}"
EndProject
Project("{A8A06387-5A08-470D-8F9C-CD5ECF2DDB09}") = "System.Core", "System.Core\System.Core.cmproj", "{C959EF5F-661E-4764-9F5A-09CA0F6A0A31}"
EndProject
Project("{A8A06387-5A08-470D-8F9C-CD5ECF2DDB09}") = "System.Base", "System.Base\System.Base.cmproj", "{B6BA48CD-A545-4656-83B0-F33FA9F93308}"
EndProject
Project("{A8A06387-5A08-470D-8F9C-CD5ECF2DDB09}") = "System.Install", "System.Install\System.Install.cmproj", "{F6A6A373-829D-433D-8BB4-1F97CE9C6440}"
EndProject
Global
	GlobalSection(SolutionConfigurationPlatforms) = preSolution
		Debug|Any CPU = Debug|Any CPU
		Release|Any CPU = Release|Any CPU
	EndGlobalSection
	GlobalSection(ProjectConfigurationPlatforms) = postSolution
		{A1C2CB62-5E6E-4D68-B2D5-23B115A6136A}.Debug|Any CPU.ActiveCfg = Debug|Any CPU
		{A1C2CB62-5E6E-4D68-B2D5-23B115A6136A}.Debug|Any CPU.Build.0 = Debug|Any CPU
		{A1C2CB62-5E6E-4D68-B2D5-23B115A6136A}.Release|Any CPU.ActiveCfg = Release|Any CPU
		{A1C2CB62-5E6E-4D68-B2D5-23B115A6136A}.Release|Any CPU.Build.0 = Release|Any CPU
		{C959EF5F-661E-4764-9F5A-09CA0F6A0A31}.Debug|Any CPU.ActiveCfg = Debug|Any CPU
		{C959EF5F-661E-4764-9F5A-09CA0F6A0A31}.Debug|Any CPU.Build.0 = Debug|Any CPU
		{C959EF5F-661E-4764-9F5A-09CA0F6A0A31}.Release|Any CPU.ActiveCfg = Release|Any CPU
		{C959EF5F-661E-4764-9F5A-09CA0F6A0A31}.Release|Any CPU.Build.0 = Release|Any CPU
		{B6BA48CD-A545-4656-83B0-F33FA9F93308}.Debug|Any CPU.ActiveCfg = Debug|Any CPU
		{B6BA48CD-A545-4656-83B0-F33FA9F93308}.Debug|Any CPU.Build.0 = Debug|Any CPU
		{B6BA48CD-A545-4656-83B0-F33FA9F93308}.Release|Any CPU.ActiveCfg = Release|Any CPU
		{B6BA48CD-A545-4656-83B0-F33FA9F93308}.Release|Any CPU.Build.0 = Release|Any CPU
		{F6A6A373-829D-433D-8BB4-1F97CE9C6440}.Debug|Any CPU.ActiveCfg = Debug|Any CPU
		{F6A6A373-829D-433D-8BB4-1F97CE9C6440}.Debug|Any CPU.Build.0 = Debug|Any CPU
		{F6A6A373-829D-433D-8BB4-1F97CE9C6440}.Release|Any CPU.ActiveCfg = Release|Any CPU
		{F6A6A373-829D-433D-8BB4-1F97CE9C6440}.Release|Any CPU.Build.0 = Release|Any CPU
	EndGlobalSection
	GlobalSection(SolutionProperties) = preSolution
		HideSolutionNode = FALSE
	EndGlobalSection
	GlobalSection(ExtensibilityGlobals) = postSolution
		        SolutionGuid = {ad32db94-537e-43d7-b3d8-121207d244a2}
		SolutionGuid = {DA4E09D8-6EBE-47ED-BE42-D1C228F6E0AB}
	EndGlobalSection
EndGlobal
