Microsoft Visual Studio Solution File, Format Version 12.00
# Visual Studio Version 16
VisualStudioVersion = 16.0.31729.503
MinimumVisualStudioVersion = 10.0.40219.1
Project("{A8A06387-5A08-470D-8F9C-CD5ECF2DDB09}") = "System", "..\..\System\System.cmproj", "{4D11B12D-1DC6-4730-8DE1-7B6072A4FF4B}"
EndProject
Project("{A8A06387-5A08-470D-8F9C-CD5ECF2DDB09}") = "System.Base", "..\..\System.Base\System.Base.cmproj", "{2C60D183-A4D5-4C93-A1A6-506D17A66D99}"
EndProject
Project("{A8A06387-5A08-470D-8F9C-CD5ECF2DDB09}") = "System.Core", "..\..\System.Core\System.Core.cmproj", "{14D4A170-97A5-47F1-98CC-FA1284201BB5}"
EndProject
Project("{A8A06387-5A08-470D-8F9C-CD5ECF2DDB09}") = "System.Dom", "..\..\System.Dom\System.Dom.cmproj", "{3CDC9728-B401-4FE5-BA04-6855116BFE65}"
EndProject
Project("{A8A06387-5A08-470D-8F9C-CD5ECF2DDB09}") = "System.IO.Compression", "..\..\System.IO.Compression\System.IO.Compression.cmproj", "{30FA5AC7-B67D-4E21-84B9-52CE2DC2D5EA}"
EndProject
Project("{A8A06387-5A08-470D-8F9C-CD5ECF2DDB09}") = "System.Init", "..\..\System.Init\System.Init.cmproj", "{E5C8D40C-2351-43D4-8E35-5F614AF12313}"
EndProject
Project("{A8A06387-5A08-470D-8F9C-CD5ECF2DDB09}") = "System.Json", "..\..\System.Json\System.Json.cmproj", "{095E60FE-9EF7-4456-9F86-C36473C67225}"
EndProject
Project("{A8A06387-5A08-470D-8F9C-CD5ECF2DDB09}") = "System.Lex", "..\..\System.Lex\System.Lex.cmproj", "{474B0816-3C6E-445C-B51F-C6A5684FEBE1}"
EndProject
Project("{A8A06387-5A08-470D-8F9C-CD5ECF2DDB09}") = "System.Net.Http", "..\..\System.Net.Http\System.Net.Http.cmproj", "{D7D91910-E204-44BE-B884-3EA595292885}"
EndProject
Project("{A8A06387-5A08-470D-8F9C-CD5ECF2DDB09}") = "System.Net.Sockets", "..\..\System.Net.Sockets\System.Net.Sockets.cmproj", "{9EEF0374-6849-4CB7-88A3-075E3F8301CE}"
EndProject
Project("{A8A06387-5A08-470D-8F9C-CD5ECF2DDB09}") = "System.Numerics.Multiprecision", "..\..\System.Numerics.Multiprecision\System.Numerics.Multiprecision.cmproj", "{1C73F96A-BF79-4758-8BE2-6659C4A28F0B}"
EndProject
Project("{A8A06387-5A08-470D-8F9C-CD5ECF2DDB09}") = "System.Parsing", "..\..\System.Parsing\System.Parsing.cmproj", "{1E1FBEBA-0844-4E46-AC86-B8FAD91585EA}"
EndProject
Project("{A8A06387-5A08-470D-8F9C-CD5ECF2DDB09}") = "System.RegularExpressions", "..\..\System.RegularExpressions\System.RegularExpressions.cmproj", "{9FA35216-B237-45DC-8DE6-5EA2EA5FC612}"
EndProject
Project("{A8A06387-5A08-470D-8F9C-CD5ECF2DDB09}") = "System.Runtime", "..\..\System.Runtime\System.Runtime.cmproj", "{FFA2793D-D063-43A1-812A-277B190A52FD}"
EndProject
Project("{A8A06387-5A08-470D-8F9C-CD5ECF2DDB09}") = "System.Windows", "..\..\System.Windows\System.Windows.cmproj", "{117AD66F-5445-4E83-9943-CCC9F8B29CC2}"
EndProject
Project("{A8A06387-5A08-470D-8F9C-CD5ECF2DDB09}") = "System.Windows.Install", "..\..\System.Windows.Install\System.Windows.Install.cmproj", "{6A0FECC1-C8F5-4987-9954-312FD0A36609}"
EndProject
Project("{A8A06387-5A08-470D-8F9C-CD5ECF2DDB09}") = "System.XPath", "..\..\System.XPath\System.XPath.cmproj", "{644D4789-635C-4BE3-B919-2179E618E2D5}"
EndProject
Project("{A8A06387-5A08-470D-8F9C-CD5ECF2DDB09}") = "System.Xml", "..\..\System.Xml\System.Xml.cmproj", "{90E29ED2-2F56-49B1-833E-7A547E4340AA}"
EndProject
Project("{A8A06387-5A08-470D-8F9C-CD5ECF2DDB09}") = "System.Xml.Serialization", "..\..\System.Xml.Serialization\System.Xml.Serialization.cmproj", "{52D501DF-5146-48DA-9898-D14C22EA7C69}"
EndProject
Global
	GlobalSection(SolutionConfigurationPlatforms) = preSolution
		Debug|Any CPU = Debug|Any CPU
		Release|Any CPU = Release|Any CPU
	EndGlobalSection
	GlobalSection(ProjectConfigurationPlatforms) = postSolution
		{4D11B12D-1DC6-4730-8DE1-7B6072A4FF4B}.Debug|Any CPU.ActiveCfg = Debug|Any CPU
		{4D11B12D-1DC6-4730-8DE1-7B6072A4FF4B}.Debug|Any CPU.Build.0 = Debug|Any CPU
		{4D11B12D-1DC6-4730-8DE1-7B6072A4FF4B}.Release|Any CPU.ActiveCfg = Release|Any CPU
		{4D11B12D-1DC6-4730-8DE1-7B6072A4FF4B}.Release|Any CPU.Build.0 = Release|Any CPU
		{2C60D183-A4D5-4C93-A1A6-506D17A66D99}.Debug|Any CPU.ActiveCfg = Debug|Any CPU
		{2C60D183-A4D5-4C93-A1A6-506D17A66D99}.Debug|Any CPU.Build.0 = Debug|Any CPU
		{2C60D183-A4D5-4C93-A1A6-506D17A66D99}.Release|Any CPU.ActiveCfg = Release|Any CPU
		{2C60D183-A4D5-4C93-A1A6-506D17A66D99}.Release|Any CPU.Build.0 = Release|Any CPU
		{14D4A170-97A5-47F1-98CC-FA1284201BB5}.Debug|Any CPU.ActiveCfg = Debug|Any CPU
		{14D4A170-97A5-47F1-98CC-FA1284201BB5}.Debug|Any CPU.Build.0 = Debug|Any CPU
		{14D4A170-97A5-47F1-98CC-FA1284201BB5}.Release|Any CPU.ActiveCfg = Release|Any CPU
		{14D4A170-97A5-47F1-98CC-FA1284201BB5}.Release|Any CPU.Build.0 = Release|Any CPU
		{3CDC9728-B401-4FE5-BA04-6855116BFE65}.Debug|Any CPU.ActiveCfg = Debug|Any CPU
		{3CDC9728-B401-4FE5-BA04-6855116BFE65}.Debug|Any CPU.Build.0 = Debug|Any CPU
		{3CDC9728-B401-4FE5-BA04-6855116BFE65}.Release|Any CPU.ActiveCfg = Release|Any CPU
		{3CDC9728-B401-4FE5-BA04-6855116BFE65}.Release|Any CPU.Build.0 = Release|Any CPU
		{30FA5AC7-B67D-4E21-84B9-52CE2DC2D5EA}.Debug|Any CPU.ActiveCfg = Debug|Any CPU
		{30FA5AC7-B67D-4E21-84B9-52CE2DC2D5EA}.Debug|Any CPU.Build.0 = Debug|Any CPU
		{30FA5AC7-B67D-4E21-84B9-52CE2DC2D5EA}.Release|Any CPU.ActiveCfg = Release|Any CPU
		{30FA5AC7-B67D-4E21-84B9-52CE2DC2D5EA}.Release|Any CPU.Build.0 = Release|Any CPU
		{E5C8D40C-2351-43D4-8E35-5F614AF12313}.Debug|Any CPU.ActiveCfg = Debug|Any CPU
		{E5C8D40C-2351-43D4-8E35-5F614AF12313}.Debug|Any CPU.Build.0 = Debug|Any CPU
		{E5C8D40C-2351-43D4-8E35-5F614AF12313}.Release|Any CPU.ActiveCfg = Release|Any CPU
		{E5C8D40C-2351-43D4-8E35-5F614AF12313}.Release|Any CPU.Build.0 = Release|Any CPU
		{095E60FE-9EF7-4456-9F86-C36473C67225}.Debug|Any CPU.ActiveCfg = Debug|Any CPU
		{095E60FE-9EF7-4456-9F86-C36473C67225}.Debug|Any CPU.Build.0 = Debug|Any CPU
		{095E60FE-9EF7-4456-9F86-C36473C67225}.Release|Any CPU.ActiveCfg = Release|Any CPU
		{095E60FE-9EF7-4456-9F86-C36473C67225}.Release|Any CPU.Build.0 = Release|Any CPU
		{474B0816-3C6E-445C-B51F-C6A5684FEBE1}.Debug|Any CPU.ActiveCfg = Debug|Any CPU
		{474B0816-3C6E-445C-B51F-C6A5684FEBE1}.Debug|Any CPU.Build.0 = Debug|Any CPU
		{474B0816-3C6E-445C-B51F-C6A5684FEBE1}.Release|Any CPU.ActiveCfg = Release|Any CPU
		{474B0816-3C6E-445C-B51F-C6A5684FEBE1}.Release|Any CPU.Build.0 = Release|Any CPU
		{D7D91910-E204-44BE-B884-3EA595292885}.Debug|Any CPU.ActiveCfg = Debug|Any CPU
		{D7D91910-E204-44BE-B884-3EA595292885}.Debug|Any CPU.Build.0 = Debug|Any CPU
		{D7D91910-E204-44BE-B884-3EA595292885}.Release|Any CPU.ActiveCfg = Release|Any CPU
		{D7D91910-E204-44BE-B884-3EA595292885}.Release|Any CPU.Build.0 = Release|Any CPU
		{9EEF0374-6849-4CB7-88A3-075E3F8301CE}.Debug|Any CPU.ActiveCfg = Debug|Any CPU
		{9EEF0374-6849-4CB7-88A3-075E3F8301CE}.Debug|Any CPU.Build.0 = Debug|Any CPU
		{9EEF0374-6849-4CB7-88A3-075E3F8301CE}.Release|Any CPU.ActiveCfg = Release|Any CPU
		{9EEF0374-6849-4CB7-88A3-075E3F8301CE}.Release|Any CPU.Build.0 = Release|Any CPU
		{1C73F96A-BF79-4758-8BE2-6659C4A28F0B}.Debug|Any CPU.ActiveCfg = Debug|Any CPU
		{1C73F96A-BF79-4758-8BE2-6659C4A28F0B}.Debug|Any CPU.Build.0 = Debug|Any CPU
		{1C73F96A-BF79-4758-8BE2-6659C4A28F0B}.Release|Any CPU.ActiveCfg = Release|Any CPU
		{1C73F96A-BF79-4758-8BE2-6659C4A28F0B}.Release|Any CPU.Build.0 = Release|Any CPU
		{1E1FBEBA-0844-4E46-AC86-B8FAD91585EA}.Debug|Any CPU.ActiveCfg = Debug|Any CPU
		{1E1FBEBA-0844-4E46-AC86-B8FAD91585EA}.Debug|Any CPU.Build.0 = Debug|Any CPU
		{1E1FBEBA-0844-4E46-AC86-B8FAD91585EA}.Release|Any CPU.ActiveCfg = Release|Any CPU
		{1E1FBEBA-0844-4E46-AC86-B8FAD91585EA}.Release|Any CPU.Build.0 = Release|Any CPU
		{9FA35216-B237-45DC-8DE6-5EA2EA5FC612}.Debug|Any CPU.ActiveCfg = Debug|Any CPU
		{9FA35216-B237-45DC-8DE6-5EA2EA5FC612}.Debug|Any CPU.Build.0 = Debug|Any CPU
		{9FA35216-B237-45DC-8DE6-5EA2EA5FC612}.Release|Any CPU.ActiveCfg = Release|Any CPU
		{9FA35216-B237-45DC-8DE6-5EA2EA5FC612}.Release|Any CPU.Build.0 = Release|Any CPU
		{FFA2793D-D063-43A1-812A-277B190A52FD}.Debug|Any CPU.ActiveCfg = Debug|Any CPU
		{FFA2793D-D063-43A1-812A-277B190A52FD}.Debug|Any CPU.Build.0 = Debug|Any CPU
		{FFA2793D-D063-43A1-812A-277B190A52FD}.Release|Any CPU.ActiveCfg = Release|Any CPU
		{FFA2793D-D063-43A1-812A-277B190A52FD}.Release|Any CPU.Build.0 = Release|Any CPU
		{117AD66F-5445-4E83-9943-CCC9F8B29CC2}.Debug|Any CPU.ActiveCfg = Debug|Any CPU
		{117AD66F-5445-4E83-9943-CCC9F8B29CC2}.Debug|Any CPU.Build.0 = Debug|Any CPU
		{117AD66F-5445-4E83-9943-CCC9F8B29CC2}.Release|Any CPU.ActiveCfg = Release|Any CPU
		{117AD66F-5445-4E83-9943-CCC9F8B29CC2}.Release|Any CPU.Build.0 = Release|Any CPU
		{6A0FECC1-C8F5-4987-9954-312FD0A36609}.Debug|Any CPU.ActiveCfg = Debug|Any CPU
		{6A0FECC1-C8F5-4987-9954-312FD0A36609}.Debug|Any CPU.Build.0 = Debug|Any CPU
		{6A0FECC1-C8F5-4987-9954-312FD0A36609}.Release|Any CPU.ActiveCfg = Release|Any CPU
		{6A0FECC1-C8F5-4987-9954-312FD0A36609}.Release|Any CPU.Build.0 = Release|Any CPU
		{644D4789-635C-4BE3-B919-2179E618E2D5}.Debug|Any CPU.ActiveCfg = Debug|Any CPU
		{644D4789-635C-4BE3-B919-2179E618E2D5}.Debug|Any CPU.Build.0 = Debug|Any CPU
		{644D4789-635C-4BE3-B919-2179E618E2D5}.Release|Any CPU.ActiveCfg = Release|Any CPU
		{644D4789-635C-4BE3-B919-2179E618E2D5}.Release|Any CPU.Build.0 = Release|Any CPU
		{90E29ED2-2F56-49B1-833E-7A547E4340AA}.Debug|Any CPU.ActiveCfg = Debug|Any CPU
		{90E29ED2-2F56-49B1-833E-7A547E4340AA}.Debug|Any CPU.Build.0 = Debug|Any CPU
		{90E29ED2-2F56-49B1-833E-7A547E4340AA}.Release|Any CPU.ActiveCfg = Release|Any CPU
		{90E29ED2-2F56-49B1-833E-7A547E4340AA}.Release|Any CPU.Build.0 = Release|Any CPU
		{52D501DF-5146-48DA-9898-D14C22EA7C69}.Debug|Any CPU.ActiveCfg = Debug|Any CPU
		{52D501DF-5146-48DA-9898-D14C22EA7C69}.Debug|Any CPU.Build.0 = Debug|Any CPU
		{52D501DF-5146-48DA-9898-D14C22EA7C69}.Release|Any CPU.ActiveCfg = Release|Any CPU
		{52D501DF-5146-48DA-9898-D14C22EA7C69}.Release|Any CPU.Build.0 = Release|Any CPU
	EndGlobalSection
	GlobalSection(SolutionProperties) = preSolution
		HideSolutionNode = FALSE
	EndGlobalSection
	GlobalSection(ExtensibilityGlobals) = postSolution
		        SolutionGuid = {947163a8-4a1f-4362-9012-a50d2e77baa8}
		SolutionGuid = {B016F6C4-127E-4208-9E15-A0AEAB6B1638}
	EndGlobalSection
EndGlobal
