Microsoft Visual Studio Solution File, Format Version 12.00
# Visual Studio 15
VisualStudioVersion = 15.0.27428.2015
MinimumVisualStudioVersion = 10.0.40219.1
Project("{A8A06387-5A08-470D-8F9C-CD5ECF2DDB09}") = "System", "../../System/System.cmproj", "{74a8eda9-93c5-4a5c-bbc1-1ac9974349b8}"
EndProject
Project("{A8A06387-5A08-470D-8F9C-CD5ECF2DDB09}") = "System.Base", "../../System.Base/System.Base.cmproj", "{53fdbeed-a45a-4bed-96c8-8f779d80fb56}"
EndProject
Project("{A8A06387-5A08-470D-8F9C-CD5ECF2DDB09}") = "System.Core", "../../System.Core/System.Core.cmproj", "{2f6a01cb-f298-4670-9b75-add9b53693bc}"
EndProject
Project("{A8A06387-5A08-470D-8F9C-CD5ECF2DDB09}") = "System.Dom", "../../System.Dom/System.Dom.cmproj", "{c135691b-1611-4c5e-b541-7721900e3391}"
EndProject
Project("{A8A06387-5A08-470D-8F9C-CD5ECF2DDB09}") = "System.IO.Compression", "../../System.IO.Compression/System.IO.Compression.cmproj", "{f72554b1-28b1-49d1-bfd0-52767e1e0832}"
EndProject
Project("{A8A06387-5A08-470D-8F9C-CD5ECF2DDB09}") = "System.Json", "../../System.Json/System.Json.cmproj", "{4f8a2dfb-6680-4c56-aaaa-bf46a9bad98f}"
EndProject
Project("{A8A06387-5A08-470D-8F9C-CD5ECF2DDB09}") = "System.Lex", "../../System.Lex/System.Lex.cmproj", "{0ae740c0-8ccd-480d-a5d3-9a00178e5cb3}"
EndProject
Project("{A8A06387-5A08-470D-8F9C-CD5ECF2DDB09}") = "System.Net.Http", "../../System.Net.Http/System.Net.Http.cmproj", "{b993a24a-6a13-48c5-8fbe-34c2df9684c3}"
EndProject
Project("{A8A06387-5A08-470D-8F9C-CD5ECF2DDB09}") = "System.Net.Sockets", "../../System.Net.Sockets/System.Net.Sockets.cmproj", "{a80b14ef-7cff-4511-8633-4d5f1c4f4304}"
EndProject
Project("{A8A06387-5A08-470D-8F9C-CD5ECF2DDB09}") = "System.Numerics.Multiprecision", "../../System.Numerics.Multiprecision/System.Numerics.Multiprecision.cmproj", "{9e1de07f-2695-46cf-a7a2-d65cc765e065}"
EndProject
Project("{A8A06387-5A08-470D-8F9C-CD5ECF2DDB09}") = "System.Parsing", "../../System.Parsing/System.Parsing.cmproj", "{6b77abbf-5f1c-4431-b11b-28a0e8390456}"
EndProject
Project("{A8A06387-5A08-470D-8F9C-CD5ECF2DDB09}") = "System.Runtime", "../../System.Runtime/System.Runtime.cmproj", "{a6b20a34-9b32-4695-8602-e2c07f932709}"
EndProject
Project("{A8A06387-5A08-470D-8F9C-CD5ECF2DDB09}") = "System.Text.Parsing", "../../System.Text.Parsing/System.Text.Parsing.cmproj", "{e404de63-0ffc-41d5-a511-45bbb9795154}"
EndProject
Project("{A8A06387-5A08-470D-8F9C-CD5ECF2DDB09}") = "System.Text.Parsing.CodeDom", "../../System.Text.Parsing.CodeDom/System.Text.Parsing.CodeDom.cmproj", "{5d05779a-dbbe-462e-b83b-e7e1e1130c7a}"
EndProject
Project("{A8A06387-5A08-470D-8F9C-CD5ECF2DDB09}") = "System.RegularExpressions", "../../System.RegularExpressions/System.RegularExpressions.cmproj", "{8f62fc89-cda2-4348-83d5-bcbb86a0eb74}"
EndProject
Project("{A8A06387-5A08-470D-8F9C-CD5ECF2DDB09}") = "System.Windows", "../../System.Windows/System.Windows.cmproj", "{a8c2f762-038b-4dd8-bd44-d3117e83950e}"
EndProject
Project("{A8A06387-5A08-470D-8F9C-CD5ECF2DDB09}") = "System.Windows.Install", "../../System.Windows.Install/System.Windows.Install.cmproj", "{988140c8-2f5e-4911-b60e-51a044b59651}"
EndProject
Project("{A8A06387-5A08-470D-8F9C-CD5ECF2DDB09}") = "System.Xml", "../../System.Xml/System.Xml.cmproj", "{d3e009b0-e6b7-4fba-94ee-b56b6d08eb5d}"
EndProject
Project("{A8A06387-5A08-470D-8F9C-CD5ECF2DDB09}") = "System.XPath", "../../System.XPath/System.XPath.cmproj", "{bca4b9a0-ca0d-487b-8c18-d49344994779}"
EndProject
Global
    GlobalSection(SolutionConfigurationPlatforms) = preSolution
        Debug|Any CPU = Debug|Any CPU
        Release|Any CPU = Release|Any CPU
    EndGlobalSection
    GlobalSection(ProjectConfigurationPlatforms) = postSolution
        {74a8eda9-93c5-4a5c-bbc1-1ac9974349b8}.Debug|Any CPU.ActiveCfg = Debug|Any CPU
        {74a8eda9-93c5-4a5c-bbc1-1ac9974349b8}.Debug|Any CPU.Build.0 = Debug|Any CPU
        {74a8eda9-93c5-4a5c-bbc1-1ac9974349b8}.Release|Any CPU.ActiveCfg = Release|Any CPU
        {74a8eda9-93c5-4a5c-bbc1-1ac9974349b8}.Release|Any CPU.Build.0 = Release|Any CPU
        {53fdbeed-a45a-4bed-96c8-8f779d80fb56}.Debug|Any CPU.ActiveCfg = Debug|Any CPU
        {53fdbeed-a45a-4bed-96c8-8f779d80fb56}.Debug|Any CPU.Build.0 = Debug|Any CPU
        {53fdbeed-a45a-4bed-96c8-8f779d80fb56}.Release|Any CPU.ActiveCfg = Release|Any CPU
        {53fdbeed-a45a-4bed-96c8-8f779d80fb56}.Release|Any CPU.Build.0 = Release|Any CPU
        {2f6a01cb-f298-4670-9b75-add9b53693bc}.Debug|Any CPU.ActiveCfg = Debug|Any CPU
        {2f6a01cb-f298-4670-9b75-add9b53693bc}.Debug|Any CPU.Build.0 = Debug|Any CPU
        {2f6a01cb-f298-4670-9b75-add9b53693bc}.Release|Any CPU.ActiveCfg = Release|Any CPU
        {2f6a01cb-f298-4670-9b75-add9b53693bc}.Release|Any CPU.Build.0 = Release|Any CPU
        {c135691b-1611-4c5e-b541-7721900e3391}.Debug|Any CPU.ActiveCfg = Debug|Any CPU
        {c135691b-1611-4c5e-b541-7721900e3391}.Debug|Any CPU.Build.0 = Debug|Any CPU
        {c135691b-1611-4c5e-b541-7721900e3391}.Release|Any CPU.ActiveCfg = Release|Any CPU
        {c135691b-1611-4c5e-b541-7721900e3391}.Release|Any CPU.Build.0 = Release|Any CPU
        {f72554b1-28b1-49d1-bfd0-52767e1e0832}.Debug|Any CPU.ActiveCfg = Debug|Any CPU
        {f72554b1-28b1-49d1-bfd0-52767e1e0832}.Debug|Any CPU.Build.0 = Debug|Any CPU
        {f72554b1-28b1-49d1-bfd0-52767e1e0832}.Release|Any CPU.ActiveCfg = Release|Any CPU
        {f72554b1-28b1-49d1-bfd0-52767e1e0832}.Release|Any CPU.Build.0 = Release|Any CPU
        {4f8a2dfb-6680-4c56-aaaa-bf46a9bad98f}.Debug|Any CPU.ActiveCfg = Debug|Any CPU
        {4f8a2dfb-6680-4c56-aaaa-bf46a9bad98f}.Debug|Any CPU.Build.0 = Debug|Any CPU
        {4f8a2dfb-6680-4c56-aaaa-bf46a9bad98f}.Release|Any CPU.ActiveCfg = Release|Any CPU
        {4f8a2dfb-6680-4c56-aaaa-bf46a9bad98f}.Release|Any CPU.Build.0 = Release|Any CPU
        {0ae740c0-8ccd-480d-a5d3-9a00178e5cb3}.Debug|Any CPU.ActiveCfg = Debug|Any CPU
        {0ae740c0-8ccd-480d-a5d3-9a00178e5cb3}.Debug|Any CPU.Build.0 = Debug|Any CPU
        {0ae740c0-8ccd-480d-a5d3-9a00178e5cb3}.Release|Any CPU.ActiveCfg = Release|Any CPU
        {0ae740c0-8ccd-480d-a5d3-9a00178e5cb3}.Release|Any CPU.Build.0 = Release|Any CPU
        {b993a24a-6a13-48c5-8fbe-34c2df9684c3}.Debug|Any CPU.ActiveCfg = Debug|Any CPU
        {b993a24a-6a13-48c5-8fbe-34c2df9684c3}.Debug|Any CPU.Build.0 = Debug|Any CPU
        {b993a24a-6a13-48c5-8fbe-34c2df9684c3}.Release|Any CPU.ActiveCfg = Release|Any CPU
        {b993a24a-6a13-48c5-8fbe-34c2df9684c3}.Release|Any CPU.Build.0 = Release|Any CPU
        {a80b14ef-7cff-4511-8633-4d5f1c4f4304}.Debug|Any CPU.ActiveCfg = Debug|Any CPU
        {a80b14ef-7cff-4511-8633-4d5f1c4f4304}.Debug|Any CPU.Build.0 = Debug|Any CPU
        {a80b14ef-7cff-4511-8633-4d5f1c4f4304}.Release|Any CPU.ActiveCfg = Release|Any CPU
        {a80b14ef-7cff-4511-8633-4d5f1c4f4304}.Release|Any CPU.Build.0 = Release|Any CPU
        {9e1de07f-2695-46cf-a7a2-d65cc765e065}.Debug|Any CPU.ActiveCfg = Debug|Any CPU
        {9e1de07f-2695-46cf-a7a2-d65cc765e065}.Debug|Any CPU.Build.0 = Debug|Any CPU
        {9e1de07f-2695-46cf-a7a2-d65cc765e065}.Release|Any CPU.ActiveCfg = Release|Any CPU
        {9e1de07f-2695-46cf-a7a2-d65cc765e065}.Release|Any CPU.Build.0 = Release|Any CPU
        {6b77abbf-5f1c-4431-b11b-28a0e8390456}.Debug|Any CPU.ActiveCfg = Debug|Any CPU
        {6b77abbf-5f1c-4431-b11b-28a0e8390456}.Debug|Any CPU.Build.0 = Debug|Any CPU
        {6b77abbf-5f1c-4431-b11b-28a0e8390456}.Release|Any CPU.ActiveCfg = Release|Any CPU
        {6b77abbf-5f1c-4431-b11b-28a0e8390456}.Release|Any CPU.Build.0 = Release|Any CPU
        {a6b20a34-9b32-4695-8602-e2c07f932709}.Debug|Any CPU.ActiveCfg = Debug|Any CPU
        {a6b20a34-9b32-4695-8602-e2c07f932709}.Debug|Any CPU.Build.0 = Debug|Any CPU
        {a6b20a34-9b32-4695-8602-e2c07f932709}.Release|Any CPU.ActiveCfg = Release|Any CPU
        {a6b20a34-9b32-4695-8602-e2c07f932709}.Release|Any CPU.Build.0 = Release|Any CPU
        {e404de63-0ffc-41d5-a511-45bbb9795154}.Debug|Any CPU.ActiveCfg = Debug|Any CPU
        {e404de63-0ffc-41d5-a511-45bbb9795154}.Debug|Any CPU.Build.0 = Debug|Any CPU
        {e404de63-0ffc-41d5-a511-45bbb9795154}.Release|Any CPU.ActiveCfg = Release|Any CPU
        {e404de63-0ffc-41d5-a511-45bbb9795154}.Release|Any CPU.Build.0 = Release|Any CPU
        {5d05779a-dbbe-462e-b83b-e7e1e1130c7a}.Debug|Any CPU.ActiveCfg = Debug|Any CPU
        {5d05779a-dbbe-462e-b83b-e7e1e1130c7a}.Debug|Any CPU.Build.0 = Debug|Any CPU
        {5d05779a-dbbe-462e-b83b-e7e1e1130c7a}.Release|Any CPU.ActiveCfg = Release|Any CPU
        {5d05779a-dbbe-462e-b83b-e7e1e1130c7a}.Release|Any CPU.Build.0 = Release|Any CPU
        {8f62fc89-cda2-4348-83d5-bcbb86a0eb74}.Debug|Any CPU.ActiveCfg = Debug|Any CPU
        {8f62fc89-cda2-4348-83d5-bcbb86a0eb74}.Debug|Any CPU.Build.0 = Debug|Any CPU
        {8f62fc89-cda2-4348-83d5-bcbb86a0eb74}.Release|Any CPU.ActiveCfg = Release|Any CPU
        {8f62fc89-cda2-4348-83d5-bcbb86a0eb74}.Release|Any CPU.Build.0 = Release|Any CPU
        {a8c2f762-038b-4dd8-bd44-d3117e83950e}.Debug|Any CPU.ActiveCfg = Debug|Any CPU
        {a8c2f762-038b-4dd8-bd44-d3117e83950e}.Debug|Any CPU.Build.0 = Debug|Any CPU
        {a8c2f762-038b-4dd8-bd44-d3117e83950e}.Release|Any CPU.ActiveCfg = Release|Any CPU
        {a8c2f762-038b-4dd8-bd44-d3117e83950e}.Release|Any CPU.Build.0 = Release|Any CPU
        {988140c8-2f5e-4911-b60e-51a044b59651}.Debug|Any CPU.ActiveCfg = Debug|Any CPU
        {988140c8-2f5e-4911-b60e-51a044b59651}.Debug|Any CPU.Build.0 = Debug|Any CPU
        {988140c8-2f5e-4911-b60e-51a044b59651}.Release|Any CPU.ActiveCfg = Release|Any CPU
        {988140c8-2f5e-4911-b60e-51a044b59651}.Release|Any CPU.Build.0 = Release|Any CPU
        {d3e009b0-e6b7-4fba-94ee-b56b6d08eb5d}.Debug|Any CPU.ActiveCfg = Debug|Any CPU
        {d3e009b0-e6b7-4fba-94ee-b56b6d08eb5d}.Debug|Any CPU.Build.0 = Debug|Any CPU
        {d3e009b0-e6b7-4fba-94ee-b56b6d08eb5d}.Release|Any CPU.ActiveCfg = Release|Any CPU
        {d3e009b0-e6b7-4fba-94ee-b56b6d08eb5d}.Release|Any CPU.Build.0 = Release|Any CPU
        {bca4b9a0-ca0d-487b-8c18-d49344994779}.Debug|Any CPU.ActiveCfg = Debug|Any CPU
        {bca4b9a0-ca0d-487b-8c18-d49344994779}.Debug|Any CPU.Build.0 = Debug|Any CPU
        {bca4b9a0-ca0d-487b-8c18-d49344994779}.Release|Any CPU.ActiveCfg = Release|Any CPU
        {bca4b9a0-ca0d-487b-8c18-d49344994779}.Release|Any CPU.Build.0 = Release|Any CPU
    EndGlobalSection
    GlobalSection(SolutionProperties) = preSolution
        HideSolutionNode = FALSE
    EndGlobalSection
    GlobalSection(ExtensibilityGlobals) = postSolution
        SolutionGuid = {2b710d36-c180-4137-b4c6-21c8b7a33bee}
    EndGlobalSection
EndGlobal
