Microsoft Visual Studio Solution File, Format Version 12.00
# Visual Studio 15
VisualStudioVersion = 15.0.27428.2015
MinimumVisualStudioVersion = 10.0.40219.1
Project("{A8A06387-5A08-470D-8F9C-CD5ECF2DDB09}") = "System", "../../System/System.cmproj", "{7cb7d3af-d495-44be-8538-f496a82192ec}"
EndProject
Project("{A8A06387-5A08-470D-8F9C-CD5ECF2DDB09}") = "System.Base", "../../System.Base/System.Base.cmproj", "{b9858d45-c70c-49e1-9288-3a3cf12c508b}"
EndProject
Project("{A8A06387-5A08-470D-8F9C-CD5ECF2DDB09}") = "System.Core", "../../System.Core/System.Core.cmproj", "{92e09e15-32e3-4cbc-aa2b-481827db165c}"
EndProject
Project("{A8A06387-5A08-470D-8F9C-CD5ECF2DDB09}") = "System.Dom", "../../System.Dom/System.Dom.cmproj", "{0d8589a4-d5d1-4b89-9d39-2e7849b9b0b3}"
EndProject
Project("{A8A06387-5A08-470D-8F9C-CD5ECF2DDB09}") = "System.Init", "../../System.Init/System.Init.cmproj", "{cfb8d30b-c59d-431d-b239-2a18d1570474}"
EndProject
Project("{A8A06387-5A08-470D-8F9C-CD5ECF2DDB09}") = "System.IO.Compression", "../../System.IO.Compression/System.IO.Compression.cmproj", "{7bd955a7-6ebc-462f-97fa-98349badf160}"
EndProject
Project("{A8A06387-5A08-470D-8F9C-CD5ECF2DDB09}") = "System.Json", "../../System.Json/System.Json.cmproj", "{3d3d5677-ae88-4353-86ce-d1fbd2c55ff6}"
EndProject
Project("{A8A06387-5A08-470D-8F9C-CD5ECF2DDB09}") = "System.Lex", "../../System.Lex/System.Lex.cmproj", "{c95d9887-9a0d-4607-ac36-63a9a5b3870c}"
EndProject
Project("{A8A06387-5A08-470D-8F9C-CD5ECF2DDB09}") = "System.Net.Http", "../../System.Net.Http/System.Net.Http.cmproj", "{2995e743-71b2-4609-bb67-602dbef963cb}"
EndProject
Project("{A8A06387-5A08-470D-8F9C-CD5ECF2DDB09}") = "System.Net.Sockets", "../../System.Net.Sockets/System.Net.Sockets.cmproj", "{369fa704-481e-41ea-89e9-03e5873540c5}"
EndProject
Project("{A8A06387-5A08-470D-8F9C-CD5ECF2DDB09}") = "System.Numerics.Multiprecision", "../../System.Numerics.Multiprecision/System.Numerics.Multiprecision.cmproj", "{190b3311-5afe-406b-aa83-ae6afa3d6c54}"
EndProject
Project("{A8A06387-5A08-470D-8F9C-CD5ECF2DDB09}") = "System.Parsing", "../../System.Parsing/System.Parsing.cmproj", "{08257873-1f61-4b04-8080-07d6c97ee54d}"
EndProject
Project("{A8A06387-5A08-470D-8F9C-CD5ECF2DDB09}") = "System.RegularExpressions", "../../System.RegularExpressions/System.RegularExpressions.cmproj", "{069cb45d-28a5-47d1-937a-35c0eaaa2470}"
EndProject
Project("{A8A06387-5A08-470D-8F9C-CD5ECF2DDB09}") = "System.Runtime", "../../System.Runtime/System.Runtime.cmproj", "{a9136d49-3b42-4e18-9796-0929d8128950}"
EndProject
Project("{A8A06387-5A08-470D-8F9C-CD5ECF2DDB09}") = "System.Text.Parsing", "../../System.Text.Parsing/System.Text.Parsing.cmproj", "{11dcdd6a-8a67-47e4-bf91-59c83485a6cc}"
EndProject
Project("{A8A06387-5A08-470D-8F9C-CD5ECF2DDB09}") = "System.Text.Parsing.CodeDom", "../../System.Text.Parsing.CodeDom/System.Text.Parsing.CodeDom.cmproj", "{e203fbae-f7ca-4e23-ab9d-bc396593b007}"
EndProject
Project("{A8A06387-5A08-470D-8F9C-CD5ECF2DDB09}") = "System.Windows", "../../System.Windows/System.Windows.cmproj", "{c605ef92-4fce-4882-8eb8-c12048d11e54}"
EndProject
Project("{A8A06387-5A08-470D-8F9C-CD5ECF2DDB09}") = "System.Windows.Install", "../../System.Windows.Install/System.Windows.Install.cmproj", "{5297d768-6b85-4f27-9b74-fbd21f51cfc6}"
EndProject
Project("{A8A06387-5A08-470D-8F9C-CD5ECF2DDB09}") = "System.Xml", "../../System.Xml/System.Xml.cmproj", "{1d214bce-f411-4a4a-8967-dfc670881c2d}"
EndProject
Project("{A8A06387-5A08-470D-8F9C-CD5ECF2DDB09}") = "System.XPath", "../../System.XPath/System.XPath.cmproj", "{aa39fd57-c24b-4c06-87c2-468ff971b470}"
EndProject
Global
    GlobalSection(SolutionConfigurationPlatforms) = preSolution
        Debug|Any CPU = Debug|Any CPU
        Release|Any CPU = Release|Any CPU
    EndGlobalSection
    GlobalSection(ProjectConfigurationPlatforms) = postSolution
        {7cb7d3af-d495-44be-8538-f496a82192ec}.Debug|Any CPU.ActiveCfg = Debug|Any CPU
        {7cb7d3af-d495-44be-8538-f496a82192ec}.Debug|Any CPU.Build.0 = Debug|Any CPU
        {7cb7d3af-d495-44be-8538-f496a82192ec}.Release|Any CPU.ActiveCfg = Release|Any CPU
        {7cb7d3af-d495-44be-8538-f496a82192ec}.Release|Any CPU.Build.0 = Release|Any CPU
        {b9858d45-c70c-49e1-9288-3a3cf12c508b}.Debug|Any CPU.ActiveCfg = Debug|Any CPU
        {b9858d45-c70c-49e1-9288-3a3cf12c508b}.Debug|Any CPU.Build.0 = Debug|Any CPU
        {b9858d45-c70c-49e1-9288-3a3cf12c508b}.Release|Any CPU.ActiveCfg = Release|Any CPU
        {b9858d45-c70c-49e1-9288-3a3cf12c508b}.Release|Any CPU.Build.0 = Release|Any CPU
        {92e09e15-32e3-4cbc-aa2b-481827db165c}.Debug|Any CPU.ActiveCfg = Debug|Any CPU
        {92e09e15-32e3-4cbc-aa2b-481827db165c}.Debug|Any CPU.Build.0 = Debug|Any CPU
        {92e09e15-32e3-4cbc-aa2b-481827db165c}.Release|Any CPU.ActiveCfg = Release|Any CPU
        {92e09e15-32e3-4cbc-aa2b-481827db165c}.Release|Any CPU.Build.0 = Release|Any CPU
        {0d8589a4-d5d1-4b89-9d39-2e7849b9b0b3}.Debug|Any CPU.ActiveCfg = Debug|Any CPU
        {0d8589a4-d5d1-4b89-9d39-2e7849b9b0b3}.Debug|Any CPU.Build.0 = Debug|Any CPU
        {0d8589a4-d5d1-4b89-9d39-2e7849b9b0b3}.Release|Any CPU.ActiveCfg = Release|Any CPU
        {0d8589a4-d5d1-4b89-9d39-2e7849b9b0b3}.Release|Any CPU.Build.0 = Release|Any CPU
        {cfb8d30b-c59d-431d-b239-2a18d1570474}.Debug|Any CPU.ActiveCfg = Debug|Any CPU
        {cfb8d30b-c59d-431d-b239-2a18d1570474}.Debug|Any CPU.Build.0 = Debug|Any CPU
        {cfb8d30b-c59d-431d-b239-2a18d1570474}.Release|Any CPU.ActiveCfg = Release|Any CPU
        {cfb8d30b-c59d-431d-b239-2a18d1570474}.Release|Any CPU.Build.0 = Release|Any CPU
        {7bd955a7-6ebc-462f-97fa-98349badf160}.Debug|Any CPU.ActiveCfg = Debug|Any CPU
        {7bd955a7-6ebc-462f-97fa-98349badf160}.Debug|Any CPU.Build.0 = Debug|Any CPU
        {7bd955a7-6ebc-462f-97fa-98349badf160}.Release|Any CPU.ActiveCfg = Release|Any CPU
        {7bd955a7-6ebc-462f-97fa-98349badf160}.Release|Any CPU.Build.0 = Release|Any CPU
        {3d3d5677-ae88-4353-86ce-d1fbd2c55ff6}.Debug|Any CPU.ActiveCfg = Debug|Any CPU
        {3d3d5677-ae88-4353-86ce-d1fbd2c55ff6}.Debug|Any CPU.Build.0 = Debug|Any CPU
        {3d3d5677-ae88-4353-86ce-d1fbd2c55ff6}.Release|Any CPU.ActiveCfg = Release|Any CPU
        {3d3d5677-ae88-4353-86ce-d1fbd2c55ff6}.Release|Any CPU.Build.0 = Release|Any CPU
        {c95d9887-9a0d-4607-ac36-63a9a5b3870c}.Debug|Any CPU.ActiveCfg = Debug|Any CPU
        {c95d9887-9a0d-4607-ac36-63a9a5b3870c}.Debug|Any CPU.Build.0 = Debug|Any CPU
        {c95d9887-9a0d-4607-ac36-63a9a5b3870c}.Release|Any CPU.ActiveCfg = Release|Any CPU
        {c95d9887-9a0d-4607-ac36-63a9a5b3870c}.Release|Any CPU.Build.0 = Release|Any CPU
        {2995e743-71b2-4609-bb67-602dbef963cb}.Debug|Any CPU.ActiveCfg = Debug|Any CPU
        {2995e743-71b2-4609-bb67-602dbef963cb}.Debug|Any CPU.Build.0 = Debug|Any CPU
        {2995e743-71b2-4609-bb67-602dbef963cb}.Release|Any CPU.ActiveCfg = Release|Any CPU
        {2995e743-71b2-4609-bb67-602dbef963cb}.Release|Any CPU.Build.0 = Release|Any CPU
        {369fa704-481e-41ea-89e9-03e5873540c5}.Debug|Any CPU.ActiveCfg = Debug|Any CPU
        {369fa704-481e-41ea-89e9-03e5873540c5}.Debug|Any CPU.Build.0 = Debug|Any CPU
        {369fa704-481e-41ea-89e9-03e5873540c5}.Release|Any CPU.ActiveCfg = Release|Any CPU
        {369fa704-481e-41ea-89e9-03e5873540c5}.Release|Any CPU.Build.0 = Release|Any CPU
        {190b3311-5afe-406b-aa83-ae6afa3d6c54}.Debug|Any CPU.ActiveCfg = Debug|Any CPU
        {190b3311-5afe-406b-aa83-ae6afa3d6c54}.Debug|Any CPU.Build.0 = Debug|Any CPU
        {190b3311-5afe-406b-aa83-ae6afa3d6c54}.Release|Any CPU.ActiveCfg = Release|Any CPU
        {190b3311-5afe-406b-aa83-ae6afa3d6c54}.Release|Any CPU.Build.0 = Release|Any CPU
        {08257873-1f61-4b04-8080-07d6c97ee54d}.Debug|Any CPU.ActiveCfg = Debug|Any CPU
        {08257873-1f61-4b04-8080-07d6c97ee54d}.Debug|Any CPU.Build.0 = Debug|Any CPU
        {08257873-1f61-4b04-8080-07d6c97ee54d}.Release|Any CPU.ActiveCfg = Release|Any CPU
        {08257873-1f61-4b04-8080-07d6c97ee54d}.Release|Any CPU.Build.0 = Release|Any CPU
        {069cb45d-28a5-47d1-937a-35c0eaaa2470}.Debug|Any CPU.ActiveCfg = Debug|Any CPU
        {069cb45d-28a5-47d1-937a-35c0eaaa2470}.Debug|Any CPU.Build.0 = Debug|Any CPU
        {069cb45d-28a5-47d1-937a-35c0eaaa2470}.Release|Any CPU.ActiveCfg = Release|Any CPU
        {069cb45d-28a5-47d1-937a-35c0eaaa2470}.Release|Any CPU.Build.0 = Release|Any CPU
        {a9136d49-3b42-4e18-9796-0929d8128950}.Debug|Any CPU.ActiveCfg = Debug|Any CPU
        {a9136d49-3b42-4e18-9796-0929d8128950}.Debug|Any CPU.Build.0 = Debug|Any CPU
        {a9136d49-3b42-4e18-9796-0929d8128950}.Release|Any CPU.ActiveCfg = Release|Any CPU
        {a9136d49-3b42-4e18-9796-0929d8128950}.Release|Any CPU.Build.0 = Release|Any CPU
        {11dcdd6a-8a67-47e4-bf91-59c83485a6cc}.Debug|Any CPU.ActiveCfg = Debug|Any CPU
        {11dcdd6a-8a67-47e4-bf91-59c83485a6cc}.Debug|Any CPU.Build.0 = Debug|Any CPU
        {11dcdd6a-8a67-47e4-bf91-59c83485a6cc}.Release|Any CPU.ActiveCfg = Release|Any CPU
        {11dcdd6a-8a67-47e4-bf91-59c83485a6cc}.Release|Any CPU.Build.0 = Release|Any CPU
        {e203fbae-f7ca-4e23-ab9d-bc396593b007}.Debug|Any CPU.ActiveCfg = Debug|Any CPU
        {e203fbae-f7ca-4e23-ab9d-bc396593b007}.Debug|Any CPU.Build.0 = Debug|Any CPU
        {e203fbae-f7ca-4e23-ab9d-bc396593b007}.Release|Any CPU.ActiveCfg = Release|Any CPU
        {e203fbae-f7ca-4e23-ab9d-bc396593b007}.Release|Any CPU.Build.0 = Release|Any CPU
        {c605ef92-4fce-4882-8eb8-c12048d11e54}.Debug|Any CPU.ActiveCfg = Debug|Any CPU
        {c605ef92-4fce-4882-8eb8-c12048d11e54}.Debug|Any CPU.Build.0 = Debug|Any CPU
        {c605ef92-4fce-4882-8eb8-c12048d11e54}.Release|Any CPU.ActiveCfg = Release|Any CPU
        {c605ef92-4fce-4882-8eb8-c12048d11e54}.Release|Any CPU.Build.0 = Release|Any CPU
        {5297d768-6b85-4f27-9b74-fbd21f51cfc6}.Debug|Any CPU.ActiveCfg = Debug|Any CPU
        {5297d768-6b85-4f27-9b74-fbd21f51cfc6}.Debug|Any CPU.Build.0 = Debug|Any CPU
        {5297d768-6b85-4f27-9b74-fbd21f51cfc6}.Release|Any CPU.ActiveCfg = Release|Any CPU
        {5297d768-6b85-4f27-9b74-fbd21f51cfc6}.Release|Any CPU.Build.0 = Release|Any CPU
        {1d214bce-f411-4a4a-8967-dfc670881c2d}.Debug|Any CPU.ActiveCfg = Debug|Any CPU
        {1d214bce-f411-4a4a-8967-dfc670881c2d}.Debug|Any CPU.Build.0 = Debug|Any CPU
        {1d214bce-f411-4a4a-8967-dfc670881c2d}.Release|Any CPU.ActiveCfg = Release|Any CPU
        {1d214bce-f411-4a4a-8967-dfc670881c2d}.Release|Any CPU.Build.0 = Release|Any CPU
        {aa39fd57-c24b-4c06-87c2-468ff971b470}.Debug|Any CPU.ActiveCfg = Debug|Any CPU
        {aa39fd57-c24b-4c06-87c2-468ff971b470}.Debug|Any CPU.Build.0 = Debug|Any CPU
        {aa39fd57-c24b-4c06-87c2-468ff971b470}.Release|Any CPU.ActiveCfg = Release|Any CPU
        {aa39fd57-c24b-4c06-87c2-468ff971b470}.Release|Any CPU.Build.0 = Release|Any CPU
    EndGlobalSection
    GlobalSection(SolutionProperties) = preSolution
        HideSolutionNode = FALSE
    EndGlobalSection
    GlobalSection(ExtensibilityGlobals) = postSolution
        SolutionGuid = {da1c8f52-d857-4b5e-ab00-85e5f0daff8d}
    EndGlobalSection
EndGlobal
