
Microsoft Visual Studio Solution File, Format Version 12.00
# Visual Studio 15
VisualStudioVersion = 15.0.28306.52
MinimumVisualStudioVersion = 10.0.40219.1
Project("{FAE04EC0-301F-11D3-BF4B-00C04F79EFBC}") = "task", "task.csproj", "{A0E4EB5D-6B37-410F-8557-41A00DE4B9D9}"
EndProject
Global
	GlobalSection(SolutionConfigurationPlatforms) = preSolution
		Debug|Any CPU = Debug|Any CPU
		Release|Any CPU = Release|Any CPU
	EndGlobalSection
	GlobalSection(ProjectConfigurationPlatforms) = postSolution
		{A0E4EB5D-6B37-410F-8557-41A00DE4B9D9}.Debug|Any CPU.ActiveCfg = Debug|Any CPU
		{A0E4EB5D-6B37-410F-8557-41A00DE4B9D9}.Debug|Any CPU.Build.0 = Debug|Any CPU
		{A0E4EB5D-6B37-410F-8557-41A00DE4B9D9}.Release|Any CPU.ActiveCfg = Release|Any CPU
		{A0E4EB5D-6B37-410F-8557-41A00DE4B9D9}.Release|Any CPU.Build.0 = Release|Any CPU
	EndGlobalSection
	GlobalSection(SolutionProperties) = preSolution
		HideSolutionNode = FALSE
	EndGlobalSection
	GlobalSection(ExtensibilityGlobals) = postSolution
		SolutionGuid = {25E0EF18-73B6-4F1E-A631-9A32AA61AB88}
	EndGlobalSection
EndGlobal
