Microsoft Visual Studio Solution File, Format Version 12.00
# Visual Studio 15
VisualStudioVersion = 15.0.27428.2015
MinimumVisualStudioVersion = 10.0.40219.1
Project("{A8A06387-5A08-470D-8F9C-CD5ECF2DDB09}") = "Cm.Ast", "ast/Cm.Ast.cmproj", "{9fec556d-59f5-402d-be60-3999e0f15e61}"
EndProject
Project("{A8A06387-5A08-470D-8F9C-CD5ECF2DDB09}") = "Cm.Lexer", "lexer/Cm.Lexer.cmproj", "{a4b50686-f663-4182-a72a-b581ac67ec24}"
EndProject
Project("{A8A06387-5A08-470D-8F9C-CD5ECF2DDB09}") = "Cm.Parser", "parser/Cm.Parser.cmproj", "{e84ef0cc-cb24-4535-85a9-ed824a856d48}"
EndProject
Project("{A8A06387-5A08-470D-8F9C-CD5ECF2DDB09}") = "Cm.Views", "views/Cm.Views.cmproj", "{464a3a38-4329-4188-8507-2cd22d4a8efa}"
EndProject
Project("{A8A06387-5A08-470D-8F9C-CD5ECF2DDB09}") = "cmcmparser", "cmcmparser/cmcmparser.cmproj", "{4898823b-437b-4fec-896b-4f9553e25815}"
EndProject
Project("{A8A06387-5A08-470D-8F9C-CD5ECF2DDB09}") = "cmcode", "cmcode/cmcode.cmproj", "{77648868-0883-4d79-84fd-04c8c67d3ef4}"
EndProject
Global
    GlobalSection(SolutionConfigurationPlatforms) = preSolution
        Debug|Any CPU = Debug|Any CPU
        Release|Any CPU = Release|Any CPU
    EndGlobalSection
    GlobalSection(ProjectConfigurationPlatforms) = postSolution
        {9fec556d-59f5-402d-be60-3999e0f15e61}.Debug|Any CPU.ActiveCfg = Debug|Any CPU
        {9fec556d-59f5-402d-be60-3999e0f15e61}.Debug|Any CPU.Build.0 = Debug|Any CPU
        {9fec556d-59f5-402d-be60-3999e0f15e61}.Release|Any CPU.ActiveCfg = Release|Any CPU
        {9fec556d-59f5-402d-be60-3999e0f15e61}.Release|Any CPU.Build.0 = Release|Any CPU
        {a4b50686-f663-4182-a72a-b581ac67ec24}.Debug|Any CPU.ActiveCfg = Debug|Any CPU
        {a4b50686-f663-4182-a72a-b581ac67ec24}.Debug|Any CPU.Build.0 = Debug|Any CPU
        {a4b50686-f663-4182-a72a-b581ac67ec24}.Release|Any CPU.ActiveCfg = Release|Any CPU
        {a4b50686-f663-4182-a72a-b581ac67ec24}.Release|Any CPU.Build.0 = Release|Any CPU
        {e84ef0cc-cb24-4535-85a9-ed824a856d48}.Debug|Any CPU.ActiveCfg = Debug|Any CPU
        {e84ef0cc-cb24-4535-85a9-ed824a856d48}.Debug|Any CPU.Build.0 = Debug|Any CPU
        {e84ef0cc-cb24-4535-85a9-ed824a856d48}.Release|Any CPU.ActiveCfg = Release|Any CPU
        {e84ef0cc-cb24-4535-85a9-ed824a856d48}.Release|Any CPU.Build.0 = Release|Any CPU
        {464a3a38-4329-4188-8507-2cd22d4a8efa}.Debug|Any CPU.ActiveCfg = Debug|Any CPU
        {464a3a38-4329-4188-8507-2cd22d4a8efa}.Debug|Any CPU.Build.0 = Debug|Any CPU
        {464a3a38-4329-4188-8507-2cd22d4a8efa}.Release|Any CPU.ActiveCfg = Release|Any CPU
        {464a3a38-4329-4188-8507-2cd22d4a8efa}.Release|Any CPU.Build.0 = Release|Any CPU
        {4898823b-437b-4fec-896b-4f9553e25815}.Debug|Any CPU.ActiveCfg = Debug|Any CPU
        {4898823b-437b-4fec-896b-4f9553e25815}.Debug|Any CPU.Build.0 = Debug|Any CPU
        {4898823b-437b-4fec-896b-4f9553e25815}.Release|Any CPU.ActiveCfg = Release|Any CPU
        {4898823b-437b-4fec-896b-4f9553e25815}.Release|Any CPU.Build.0 = Release|Any CPU
        {77648868-0883-4d79-84fd-04c8c67d3ef4}.Debug|Any CPU.ActiveCfg = Debug|Any CPU
        {77648868-0883-4d79-84fd-04c8c67d3ef4}.Debug|Any CPU.Build.0 = Debug|Any CPU
        {77648868-0883-4d79-84fd-04c8c67d3ef4}.Release|Any CPU.ActiveCfg = Release|Any CPU
        {77648868-0883-4d79-84fd-04c8c67d3ef4}.Release|Any CPU.Build.0 = Release|Any CPU
    EndGlobalSection
    GlobalSection(SolutionProperties) = preSolution
        HideSolutionNode = FALSE
    EndGlobalSection
    GlobalSection(ExtensibilityGlobals) = postSolution
        SolutionGuid = {2eaca670-0a16-430d-afd9-f4478c8e4b0f}
    EndGlobalSection
EndGlobal
