Microsoft Visual Studio Solution File, Format Version 12.00
# Visual Studio Version 16
VisualStudioVersion = 16.0.30611.23
MinimumVisualStudioVersion = 10.0.40219.1
Project("{A8A06387-5A08-470D-8F9C-CD5ECF2DDB09}") = "Cm.Ast", "ast\Cm.Ast.cmproj", "{3C692201-54C0-4E88-B4DF-0953F4BEDF5B}"
EndProject
Project("{A8A06387-5A08-470D-8F9C-CD5ECF2DDB09}") = "Cm.Lexer", "lexer\Cm.Lexer.cmproj", "{FE1756BC-81BE-4DDC-ADCB-9669ECF89E24}"
EndProject
Project("{A8A06387-5A08-470D-8F9C-CD5ECF2DDB09}") = "Cm.Parser", "parser\Cm.Parser.cmproj", "{315DCD49-CCE1-4DF7-AA28-117B2F6208A7}"
EndProject
Project("{A8A06387-5A08-470D-8F9C-CD5ECF2DDB09}") = "Cm.Service", "service\Cm.Service.cmproj", "{47F93C37-0B21-4593-8B7D-799D167D20E0}"
EndProject
Project("{A8A06387-5A08-470D-8F9C-CD5ECF2DDB09}") = "Cm.Views", "views\Cm.Views.cmproj", "{60284E98-63D8-4E86-A2FA-B38993ACB221}"
EndProject
Project("{A8A06387-5A08-470D-8F9C-CD5ECF2DDB09}") = "cmcmparser", "cmcmparser\cmcmparser.cmproj", "{76FD6FA6-762C-4930-B680-917FDD0AE840}"
EndProject
Project("{A8A06387-5A08-470D-8F9C-CD5ECF2DDB09}") = "cmcode", "cmcode\cmcode.cmproj", "{538BADBE-552F-401E-B12D-D1EDF0649840}"
EndProject
Project("{A8A06387-5A08-470D-8F9C-CD5ECF2DDB09}") = "cmpmm", "cmpmm\cmpmm.cmproj", "{80D02314-1E63-4620-AF7F-8CF4F2ED8ACD}"
EndProject
Global
	GlobalSection(SolutionConfigurationPlatforms) = preSolution
		Debug|Any CPU = Debug|Any CPU
		Release|Any CPU = Release|Any CPU
	EndGlobalSection
	GlobalSection(ProjectConfigurationPlatforms) = postSolution
		{3C692201-54C0-4E88-B4DF-0953F4BEDF5B}.Debug|Any CPU.ActiveCfg = Debug|Any CPU
		{3C692201-54C0-4E88-B4DF-0953F4BEDF5B}.Debug|Any CPU.Build.0 = Debug|Any CPU
		{3C692201-54C0-4E88-B4DF-0953F4BEDF5B}.Release|Any CPU.ActiveCfg = Release|Any CPU
		{3C692201-54C0-4E88-B4DF-0953F4BEDF5B}.Release|Any CPU.Build.0 = Release|Any CPU
		{FE1756BC-81BE-4DDC-ADCB-9669ECF89E24}.Debug|Any CPU.ActiveCfg = Debug|Any CPU
		{FE1756BC-81BE-4DDC-ADCB-9669ECF89E24}.Debug|Any CPU.Build.0 = Debug|Any CPU
		{FE1756BC-81BE-4DDC-ADCB-9669ECF89E24}.Release|Any CPU.ActiveCfg = Release|Any CPU
		{FE1756BC-81BE-4DDC-ADCB-9669ECF89E24}.Release|Any CPU.Build.0 = Release|Any CPU
		{315DCD49-CCE1-4DF7-AA28-117B2F6208A7}.Debug|Any CPU.ActiveCfg = Debug|Any CPU
		{315DCD49-CCE1-4DF7-AA28-117B2F6208A7}.Debug|Any CPU.Build.0 = Debug|Any CPU
		{315DCD49-CCE1-4DF7-AA28-117B2F6208A7}.Release|Any CPU.ActiveCfg = Release|Any CPU
		{315DCD49-CCE1-4DF7-AA28-117B2F6208A7}.Release|Any CPU.Build.0 = Release|Any CPU
		{47F93C37-0B21-4593-8B7D-799D167D20E0}.Debug|Any CPU.ActiveCfg = Debug|Any CPU
		{47F93C37-0B21-4593-8B7D-799D167D20E0}.Debug|Any CPU.Build.0 = Debug|Any CPU
		{47F93C37-0B21-4593-8B7D-799D167D20E0}.Release|Any CPU.ActiveCfg = Release|Any CPU
		{47F93C37-0B21-4593-8B7D-799D167D20E0}.Release|Any CPU.Build.0 = Release|Any CPU
		{60284E98-63D8-4E86-A2FA-B38993ACB221}.Debug|Any CPU.ActiveCfg = Debug|Any CPU
		{60284E98-63D8-4E86-A2FA-B38993ACB221}.Debug|Any CPU.Build.0 = Debug|Any CPU
		{60284E98-63D8-4E86-A2FA-B38993ACB221}.Release|Any CPU.ActiveCfg = Release|Any CPU
		{60284E98-63D8-4E86-A2FA-B38993ACB221}.Release|Any CPU.Build.0 = Release|Any CPU
		{76FD6FA6-762C-4930-B680-917FDD0AE840}.Debug|Any CPU.ActiveCfg = Debug|Any CPU
		{76FD6FA6-762C-4930-B680-917FDD0AE840}.Debug|Any CPU.Build.0 = Debug|Any CPU
		{76FD6FA6-762C-4930-B680-917FDD0AE840}.Release|Any CPU.ActiveCfg = Release|Any CPU
		{76FD6FA6-762C-4930-B680-917FDD0AE840}.Release|Any CPU.Build.0 = Release|Any CPU
		{538BADBE-552F-401E-B12D-D1EDF0649840}.Debug|Any CPU.ActiveCfg = Debug|Any CPU
		{538BADBE-552F-401E-B12D-D1EDF0649840}.Debug|Any CPU.Build.0 = Debug|Any CPU
		{538BADBE-552F-401E-B12D-D1EDF0649840}.Release|Any CPU.ActiveCfg = Release|Any CPU
		{538BADBE-552F-401E-B12D-D1EDF0649840}.Release|Any CPU.Build.0 = Release|Any CPU
		{80D02314-1E63-4620-AF7F-8CF4F2ED8ACD}.Debug|Any CPU.ActiveCfg = Debug|Any CPU
		{80D02314-1E63-4620-AF7F-8CF4F2ED8ACD}.Debug|Any CPU.Build.0 = Debug|Any CPU
		{80D02314-1E63-4620-AF7F-8CF4F2ED8ACD}.Release|Any CPU.ActiveCfg = Release|Any CPU
		{80D02314-1E63-4620-AF7F-8CF4F2ED8ACD}.Release|Any CPU.Build.0 = Release|Any CPU
	EndGlobalSection
	GlobalSection(SolutionProperties) = preSolution
		HideSolutionNode = FALSE
	EndGlobalSection
	GlobalSection(ExtensibilityGlobals) = postSolution
		        SolutionGuid = {01534fa7-d60a-4cdc-a66f-e8e50c61035c}
		SolutionGuid = {8D6EE6F3-B40D-46C0-A117-9C6F5F225482}
	EndGlobalSection
EndGlobal
