Microsoft Visual Studio Solution File, Format Version 12.00
# Visual Studio Version 16
VisualStudioVersion = 16.0.30330.147
MinimumVisualStudioVersion = 10.0.40219.1
Project("{A8A06387-5A08-470D-8F9C-CD5ECF2DDB09}") = "Cm.Ast", "ast\Cm.Ast.cmproj", "{33833BEC-1391-4120-956B-48C3956AFE12}"
EndProject
Project("{A8A06387-5A08-470D-8F9C-CD5ECF2DDB09}") = "Cm.Lexer", "lexer\Cm.Lexer.cmproj", "{B7FDFF56-BDD5-45F3-94A7-CC170FDA4C83}"
EndProject
Project("{A8A06387-5A08-470D-8F9C-CD5ECF2DDB09}") = "Cm.Parser", "parser\Cm.Parser.cmproj", "{B8F7FE66-A84B-4AAE-833A-074875B0CA8C}"
EndProject
Project("{A8A06387-5A08-470D-8F9C-CD5ECF2DDB09}") = "Cm.Service", "service\Cm.Service.cmproj", "{77CF6EF2-3A60-4D52-95A9-803B51AABC32}"
EndProject
Project("{A8A06387-5A08-470D-8F9C-CD5ECF2DDB09}") = "Cm.Views", "views\Cm.Views.cmproj", "{4E29A5BE-70E9-4CCE-8A7E-BA6CC425E88F}"
EndProject
Project("{A8A06387-5A08-470D-8F9C-CD5ECF2DDB09}") = "cmcmparser", "cmcmparser\cmcmparser.cmproj", "{DC6DBAA9-4D5D-4D1E-8927-7F6A30C495F0}"
EndProject
Project("{A8A06387-5A08-470D-8F9C-CD5ECF2DDB09}") = "cmcode", "cmcode\cmcode.cmproj", "{E1F754BE-CEE8-4AA5-89C6-CCF761DD7A06}"
EndProject
Global
	GlobalSection(SolutionConfigurationPlatforms) = preSolution
		Debug|Any CPU = Debug|Any CPU
		Release|Any CPU = Release|Any CPU
	EndGlobalSection
	GlobalSection(ProjectConfigurationPlatforms) = postSolution
		{33833BEC-1391-4120-956B-48C3956AFE12}.Debug|Any CPU.ActiveCfg = Debug|Any CPU
		{33833BEC-1391-4120-956B-48C3956AFE12}.Debug|Any CPU.Build.0 = Debug|Any CPU
		{33833BEC-1391-4120-956B-48C3956AFE12}.Release|Any CPU.ActiveCfg = Release|Any CPU
		{33833BEC-1391-4120-956B-48C3956AFE12}.Release|Any CPU.Build.0 = Release|Any CPU
		{B7FDFF56-BDD5-45F3-94A7-CC170FDA4C83}.Debug|Any CPU.ActiveCfg = Debug|Any CPU
		{B7FDFF56-BDD5-45F3-94A7-CC170FDA4C83}.Debug|Any CPU.Build.0 = Debug|Any CPU
		{B7FDFF56-BDD5-45F3-94A7-CC170FDA4C83}.Release|Any CPU.ActiveCfg = Release|Any CPU
		{B7FDFF56-BDD5-45F3-94A7-CC170FDA4C83}.Release|Any CPU.Build.0 = Release|Any CPU
		{B8F7FE66-A84B-4AAE-833A-074875B0CA8C}.Debug|Any CPU.ActiveCfg = Debug|Any CPU
		{B8F7FE66-A84B-4AAE-833A-074875B0CA8C}.Debug|Any CPU.Build.0 = Debug|Any CPU
		{B8F7FE66-A84B-4AAE-833A-074875B0CA8C}.Release|Any CPU.ActiveCfg = Release|Any CPU
		{B8F7FE66-A84B-4AAE-833A-074875B0CA8C}.Release|Any CPU.Build.0 = Release|Any CPU
		{77CF6EF2-3A60-4D52-95A9-803B51AABC32}.Debug|Any CPU.ActiveCfg = Debug|Any CPU
		{77CF6EF2-3A60-4D52-95A9-803B51AABC32}.Debug|Any CPU.Build.0 = Debug|Any CPU
		{77CF6EF2-3A60-4D52-95A9-803B51AABC32}.Release|Any CPU.ActiveCfg = Release|Any CPU
		{77CF6EF2-3A60-4D52-95A9-803B51AABC32}.Release|Any CPU.Build.0 = Release|Any CPU
		{4E29A5BE-70E9-4CCE-8A7E-BA6CC425E88F}.Debug|Any CPU.ActiveCfg = Debug|Any CPU
		{4E29A5BE-70E9-4CCE-8A7E-BA6CC425E88F}.Debug|Any CPU.Build.0 = Debug|Any CPU
		{4E29A5BE-70E9-4CCE-8A7E-BA6CC425E88F}.Release|Any CPU.ActiveCfg = Release|Any CPU
		{4E29A5BE-70E9-4CCE-8A7E-BA6CC425E88F}.Release|Any CPU.Build.0 = Release|Any CPU
		{DC6DBAA9-4D5D-4D1E-8927-7F6A30C495F0}.Debug|Any CPU.ActiveCfg = Debug|Any CPU
		{DC6DBAA9-4D5D-4D1E-8927-7F6A30C495F0}.Debug|Any CPU.Build.0 = Debug|Any CPU
		{DC6DBAA9-4D5D-4D1E-8927-7F6A30C495F0}.Release|Any CPU.ActiveCfg = Release|Any CPU
		{DC6DBAA9-4D5D-4D1E-8927-7F6A30C495F0}.Release|Any CPU.Build.0 = Release|Any CPU
		{E1F754BE-CEE8-4AA5-89C6-CCF761DD7A06}.Debug|Any CPU.ActiveCfg = Debug|Any CPU
		{E1F754BE-CEE8-4AA5-89C6-CCF761DD7A06}.Debug|Any CPU.Build.0 = Debug|Any CPU
		{E1F754BE-CEE8-4AA5-89C6-CCF761DD7A06}.Release|Any CPU.ActiveCfg = Release|Any CPU
		{E1F754BE-CEE8-4AA5-89C6-CCF761DD7A06}.Release|Any CPU.Build.0 = Release|Any CPU
	EndGlobalSection
	GlobalSection(SolutionProperties) = preSolution
		HideSolutionNode = FALSE
	EndGlobalSection
	GlobalSection(ExtensibilityGlobals) = postSolution
		        SolutionGuid = {92d07925-6622-4d66-8646-344a1a68771a}
		SolutionGuid = {2DFA8CDB-C3EE-4AEB-AFEF-A177109307DD}
	EndGlobalSection
EndGlobal
