Microsoft Visual Studio Solution File, Format Version 12.00
# Visual Studio 15
VisualStudioVersion = 15.0.27428.2015
MinimumVisualStudioVersion = 10.0.40219.1
Project("{A8A06387-5A08-470D-8F9C-CD5ECF2DDB09}") = "ASTViewer", "ASTViewer/ASTViewer.cmproj", "{873240b0-3abf-4b1b-8c33-eef55c5a854e}"
EndProject
Project("{A8A06387-5A08-470D-8F9C-CD5ECF2DDB09}") = "Args", "args/Args.cmproj", "{f5d36937-bbf4-4d0b-9c16-b88a384a67ab}"
EndProject
Project("{A8A06387-5A08-470D-8F9C-CD5ECF2DDB09}") = "BigNumCalc", "BigNumCalc/BigNumCalc.cmproj", "{b3d5e9c1-9e96-4dca-9865-deaed1fe1cae}"
EndProject
Project("{A8A06387-5A08-470D-8F9C-CD5ECF2DDB09}") = "Calculator", "Calculator/Calculator.cmproj", "{bb676330-99b4-4f50-8170-e66ee477267c}"
EndProject
Project("{A8A06387-5A08-470D-8F9C-CD5ECF2DDB09}") = "DirectoryWatcher", "DirectoryWatcher/DirectoryWatcher.cmproj", "{d1d07a72-99fb-4abf-8b5a-f2d61c6f82b1}"
EndProject
Project("{A8A06387-5A08-470D-8F9C-CD5ECF2DDB09}") = "Hello", "Hello/Hello.cmproj", "{2750a2db-12c8-4fc8-a7a2-84860824ab04}"
EndProject
Project("{A8A06387-5A08-470D-8F9C-CD5ECF2DDB09}") = "HelloGUI", "HelloGUI/HelloGUI.cmproj", "{a73e9b60-a129-4f9b-b9c0-8e88d65449b6}"
EndProject
Project("{A8A06387-5A08-470D-8F9C-CD5ECF2DDB09}") = "HexDump", "HexDump/hexdump.cmproj", "{50f1ec6b-4a58-4c85-a552-facae481b55b}"
EndProject
Project("{A8A06387-5A08-470D-8F9C-CD5ECF2DDB09}") = "dialog", "dialog/dialog.cmproj", "{407706db-bb04-4e45-a8a8-0ea51925a2a6}"
EndProject
Project("{A8A06387-5A08-470D-8F9C-CD5ECF2DDB09}") = "keys", "keys/keys.cmproj", "{f44c0d5b-1ba4-4348-ab5f-caaa67ca7780}"
EndProject
Project("{A8A06387-5A08-470D-8F9C-CD5ECF2DDB09}") = "ms", "ms/ms.cmproj", "{6dfc29d1-2681-4275-a5c3-a34f8c75c524}"
EndProject
Project("{A8A06387-5A08-470D-8F9C-CD5ECF2DDB09}") = "rfc", "rfc/rfc.cmproj", "{c70693cc-03d3-4a54-b1ad-52dc4d579874}"
EndProject
Project("{A8A06387-5A08-470D-8F9C-CD5ECF2DDB09}") = "sgrep", "sgrep/sgrep.cmproj", "{a7579411-5597-40ef-a25d-2644726ee233}"
EndProject
Project("{A8A06387-5A08-470D-8F9C-CD5ECF2DDB09}") = "sted", "sted/sted.cmproj", "{0ffba54b-60e3-41ec-9cc8-fdfdc106ad7e}"
EndProject
Project("{A8A06387-5A08-470D-8F9C-CD5ECF2DDB09}") = "xpq", "xpq/xpq.cmproj", "{21fade1c-5b73-402b-bdea-e861b0a0f567}"
EndProject
Global
    GlobalSection(SolutionConfigurationPlatforms) = preSolution
        Debug|Any CPU = Debug|Any CPU
        Release|Any CPU = Release|Any CPU
    EndGlobalSection
    GlobalSection(ProjectConfigurationPlatforms) = postSolution
        {873240b0-3abf-4b1b-8c33-eef55c5a854e}.Debug|Any CPU.ActiveCfg = Debug|Any CPU
        {873240b0-3abf-4b1b-8c33-eef55c5a854e}.Debug|Any CPU.Build.0 = Debug|Any CPU
        {873240b0-3abf-4b1b-8c33-eef55c5a854e}.Release|Any CPU.ActiveCfg = Release|Any CPU
        {873240b0-3abf-4b1b-8c33-eef55c5a854e}.Release|Any CPU.Build.0 = Release|Any CPU
        {f5d36937-bbf4-4d0b-9c16-b88a384a67ab}.Debug|Any CPU.ActiveCfg = Debug|Any CPU
        {f5d36937-bbf4-4d0b-9c16-b88a384a67ab}.Debug|Any CPU.Build.0 = Debug|Any CPU
        {f5d36937-bbf4-4d0b-9c16-b88a384a67ab}.Release|Any CPU.ActiveCfg = Release|Any CPU
        {f5d36937-bbf4-4d0b-9c16-b88a384a67ab}.Release|Any CPU.Build.0 = Release|Any CPU
        {b3d5e9c1-9e96-4dca-9865-deaed1fe1cae}.Debug|Any CPU.ActiveCfg = Debug|Any CPU
        {b3d5e9c1-9e96-4dca-9865-deaed1fe1cae}.Debug|Any CPU.Build.0 = Debug|Any CPU
        {b3d5e9c1-9e96-4dca-9865-deaed1fe1cae}.Release|Any CPU.ActiveCfg = Release|Any CPU
        {b3d5e9c1-9e96-4dca-9865-deaed1fe1cae}.Release|Any CPU.Build.0 = Release|Any CPU
        {bb676330-99b4-4f50-8170-e66ee477267c}.Debug|Any CPU.ActiveCfg = Debug|Any CPU
        {bb676330-99b4-4f50-8170-e66ee477267c}.Debug|Any CPU.Build.0 = Debug|Any CPU
        {bb676330-99b4-4f50-8170-e66ee477267c}.Release|Any CPU.ActiveCfg = Release|Any CPU
        {bb676330-99b4-4f50-8170-e66ee477267c}.Release|Any CPU.Build.0 = Release|Any CPU
        {d1d07a72-99fb-4abf-8b5a-f2d61c6f82b1}.Debug|Any CPU.ActiveCfg = Debug|Any CPU
        {d1d07a72-99fb-4abf-8b5a-f2d61c6f82b1}.Debug|Any CPU.Build.0 = Debug|Any CPU
        {d1d07a72-99fb-4abf-8b5a-f2d61c6f82b1}.Release|Any CPU.ActiveCfg = Release|Any CPU
        {d1d07a72-99fb-4abf-8b5a-f2d61c6f82b1}.Release|Any CPU.Build.0 = Release|Any CPU
        {2750a2db-12c8-4fc8-a7a2-84860824ab04}.Debug|Any CPU.ActiveCfg = Debug|Any CPU
        {2750a2db-12c8-4fc8-a7a2-84860824ab04}.Debug|Any CPU.Build.0 = Debug|Any CPU
        {2750a2db-12c8-4fc8-a7a2-84860824ab04}.Release|Any CPU.ActiveCfg = Release|Any CPU
        {2750a2db-12c8-4fc8-a7a2-84860824ab04}.Release|Any CPU.Build.0 = Release|Any CPU
        {a73e9b60-a129-4f9b-b9c0-8e88d65449b6}.Debug|Any CPU.ActiveCfg = Debug|Any CPU
        {a73e9b60-a129-4f9b-b9c0-8e88d65449b6}.Debug|Any CPU.Build.0 = Debug|Any CPU
        {a73e9b60-a129-4f9b-b9c0-8e88d65449b6}.Release|Any CPU.ActiveCfg = Release|Any CPU
        {a73e9b60-a129-4f9b-b9c0-8e88d65449b6}.Release|Any CPU.Build.0 = Release|Any CPU
        {50f1ec6b-4a58-4c85-a552-facae481b55b}.Debug|Any CPU.ActiveCfg = Debug|Any CPU
        {50f1ec6b-4a58-4c85-a552-facae481b55b}.Debug|Any CPU.Build.0 = Debug|Any CPU
        {50f1ec6b-4a58-4c85-a552-facae481b55b}.Release|Any CPU.ActiveCfg = Release|Any CPU
        {50f1ec6b-4a58-4c85-a552-facae481b55b}.Release|Any CPU.Build.0 = Release|Any CPU
        {407706db-bb04-4e45-a8a8-0ea51925a2a6}.Debug|Any CPU.ActiveCfg = Debug|Any CPU
        {407706db-bb04-4e45-a8a8-0ea51925a2a6}.Debug|Any CPU.Build.0 = Debug|Any CPU
        {407706db-bb04-4e45-a8a8-0ea51925a2a6}.Release|Any CPU.ActiveCfg = Release|Any CPU
        {407706db-bb04-4e45-a8a8-0ea51925a2a6}.Release|Any CPU.Build.0 = Release|Any CPU
        {f44c0d5b-1ba4-4348-ab5f-caaa67ca7780}.Debug|Any CPU.ActiveCfg = Debug|Any CPU
        {f44c0d5b-1ba4-4348-ab5f-caaa67ca7780}.Debug|Any CPU.Build.0 = Debug|Any CPU
        {f44c0d5b-1ba4-4348-ab5f-caaa67ca7780}.Release|Any CPU.ActiveCfg = Release|Any CPU
        {f44c0d5b-1ba4-4348-ab5f-caaa67ca7780}.Release|Any CPU.Build.0 = Release|Any CPU
        {6dfc29d1-2681-4275-a5c3-a34f8c75c524}.Debug|Any CPU.ActiveCfg = Debug|Any CPU
        {6dfc29d1-2681-4275-a5c3-a34f8c75c524}.Debug|Any CPU.Build.0 = Debug|Any CPU
        {6dfc29d1-2681-4275-a5c3-a34f8c75c524}.Release|Any CPU.ActiveCfg = Release|Any CPU
        {6dfc29d1-2681-4275-a5c3-a34f8c75c524}.Release|Any CPU.Build.0 = Release|Any CPU
        {c70693cc-03d3-4a54-b1ad-52dc4d579874}.Debug|Any CPU.ActiveCfg = Debug|Any CPU
        {c70693cc-03d3-4a54-b1ad-52dc4d579874}.Debug|Any CPU.Build.0 = Debug|Any CPU
        {c70693cc-03d3-4a54-b1ad-52dc4d579874}.Release|Any CPU.ActiveCfg = Release|Any CPU
        {c70693cc-03d3-4a54-b1ad-52dc4d579874}.Release|Any CPU.Build.0 = Release|Any CPU
        {a7579411-5597-40ef-a25d-2644726ee233}.Debug|Any CPU.ActiveCfg = Debug|Any CPU
        {a7579411-5597-40ef-a25d-2644726ee233}.Debug|Any CPU.Build.0 = Debug|Any CPU
        {a7579411-5597-40ef-a25d-2644726ee233}.Release|Any CPU.ActiveCfg = Release|Any CPU
        {a7579411-5597-40ef-a25d-2644726ee233}.Release|Any CPU.Build.0 = Release|Any CPU
        {0ffba54b-60e3-41ec-9cc8-fdfdc106ad7e}.Debug|Any CPU.ActiveCfg = Debug|Any CPU
        {0ffba54b-60e3-41ec-9cc8-fdfdc106ad7e}.Debug|Any CPU.Build.0 = Debug|Any CPU
        {0ffba54b-60e3-41ec-9cc8-fdfdc106ad7e}.Release|Any CPU.ActiveCfg = Release|Any CPU
        {0ffba54b-60e3-41ec-9cc8-fdfdc106ad7e}.Release|Any CPU.Build.0 = Release|Any CPU
        {21fade1c-5b73-402b-bdea-e861b0a0f567}.Debug|Any CPU.ActiveCfg = Debug|Any CPU
        {21fade1c-5b73-402b-bdea-e861b0a0f567}.Debug|Any CPU.Build.0 = Debug|Any CPU
        {21fade1c-5b73-402b-bdea-e861b0a0f567}.Release|Any CPU.ActiveCfg = Release|Any CPU
        {21fade1c-5b73-402b-bdea-e861b0a0f567}.Release|Any CPU.Build.0 = Release|Any CPU
    EndGlobalSection
    GlobalSection(SolutionProperties) = preSolution
        HideSolutionNode = FALSE
    EndGlobalSection
    GlobalSection(ExtensibilityGlobals) = postSolution
        SolutionGuid = {f1290128-a058-4ad8-93b4-5cbb443fa53e}
    EndGlobalSection
EndGlobal
