Microsoft Visual Studio Solution File, Format Version 12.00
# Visual Studio 15
VisualStudioVersion = 15.0.27428.2015
MinimumVisualStudioVersion = 10.0.40219.1
Project("{A8A06387-5A08-470D-8F9C-CD5ECF2DDB09}") = "Args", "args/Args.cmproj", "{a3514c6c-6ec6-41c9-926f-e4202d7b724c}"
EndProject
Project("{A8A06387-5A08-470D-8F9C-CD5ECF2DDB09}") = "BigNumCalc", "BigNumCalc/BigNumCalc.cmproj", "{c9a09739-6f8f-455b-8119-9e097961c410}"
EndProject
Project("{A8A06387-5A08-470D-8F9C-CD5ECF2DDB09}") = "Calculator", "Calculator/Calculator.cmproj", "{eb03d28d-69bd-4830-bb2b-b9d51792145c}"
EndProject
Project("{A8A06387-5A08-470D-8F9C-CD5ECF2DDB09}") = "DirectoryWatcher", "DirectoryWatcher/DirectoryWatcher.cmproj", "{ae432fbb-52ea-4050-84af-453f5a65902e}"
EndProject
Project("{A8A06387-5A08-470D-8F9C-CD5ECF2DDB09}") = "Hello", "Hello/Hello.cmproj", "{294e9bc1-416a-4472-9cda-992a4e9c9245}"
EndProject
Project("{A8A06387-5A08-470D-8F9C-CD5ECF2DDB09}") = "HexDump", "HexDump/hexdump.cmproj", "{60aabb89-e74e-4744-b659-a86a4fa8c0d2}"
EndProject
Project("{A8A06387-5A08-470D-8F9C-CD5ECF2DDB09}") = "keys", "keys/keys.cmproj", "{39c10770-42c1-4ff4-a90a-47a039fddf90}"
EndProject
Project("{A8A06387-5A08-470D-8F9C-CD5ECF2DDB09}") = "ms", "ms/ms.cmproj", "{c4a5bf3d-1734-4b04-8bfb-0e567542c054}"
EndProject
Project("{A8A06387-5A08-470D-8F9C-CD5ECF2DDB09}") = "rfc", "rfc/rfc.cmproj", "{ae3f24eb-dd0f-4a37-b131-5a1479749a87}"
EndProject
Project("{A8A06387-5A08-470D-8F9C-CD5ECF2DDB09}") = "sgrep", "sgrep/sgrep.cmproj", "{7220d0c7-94a3-41e0-89b4-b3f301748afc}"
EndProject
Project("{A8A06387-5A08-470D-8F9C-CD5ECF2DDB09}") = "sted", "sted/sted.cmproj", "{171925a9-1790-4d59-972d-63365bba158c}"
EndProject
Project("{A8A06387-5A08-470D-8F9C-CD5ECF2DDB09}") = "xpq", "xpq/xpq.cmproj", "{df2ec096-7ce4-49a2-bdd4-6b9598afdcba}"
EndProject
Global
    GlobalSection(SolutionConfigurationPlatforms) = preSolution
        Debug|Any CPU = Debug|Any CPU
        Release|Any CPU = Release|Any CPU
    EndGlobalSection
    GlobalSection(ProjectConfigurationPlatforms) = postSolution
        {a3514c6c-6ec6-41c9-926f-e4202d7b724c}.Debug|Any CPU.ActiveCfg = Debug|Any CPU
        {a3514c6c-6ec6-41c9-926f-e4202d7b724c}.Debug|Any CPU.Build.0 = Debug|Any CPU
        {a3514c6c-6ec6-41c9-926f-e4202d7b724c}.Release|Any CPU.ActiveCfg = Release|Any CPU
        {a3514c6c-6ec6-41c9-926f-e4202d7b724c}.Release|Any CPU.Build.0 = Release|Any CPU
        {c9a09739-6f8f-455b-8119-9e097961c410}.Debug|Any CPU.ActiveCfg = Debug|Any CPU
        {c9a09739-6f8f-455b-8119-9e097961c410}.Debug|Any CPU.Build.0 = Debug|Any CPU
        {c9a09739-6f8f-455b-8119-9e097961c410}.Release|Any CPU.ActiveCfg = Release|Any CPU
        {c9a09739-6f8f-455b-8119-9e097961c410}.Release|Any CPU.Build.0 = Release|Any CPU
        {eb03d28d-69bd-4830-bb2b-b9d51792145c}.Debug|Any CPU.ActiveCfg = Debug|Any CPU
        {eb03d28d-69bd-4830-bb2b-b9d51792145c}.Debug|Any CPU.Build.0 = Debug|Any CPU
        {eb03d28d-69bd-4830-bb2b-b9d51792145c}.Release|Any CPU.ActiveCfg = Release|Any CPU
        {eb03d28d-69bd-4830-bb2b-b9d51792145c}.Release|Any CPU.Build.0 = Release|Any CPU
        {ae432fbb-52ea-4050-84af-453f5a65902e}.Debug|Any CPU.ActiveCfg = Debug|Any CPU
        {ae432fbb-52ea-4050-84af-453f5a65902e}.Debug|Any CPU.Build.0 = Debug|Any CPU
        {ae432fbb-52ea-4050-84af-453f5a65902e}.Release|Any CPU.ActiveCfg = Release|Any CPU
        {ae432fbb-52ea-4050-84af-453f5a65902e}.Release|Any CPU.Build.0 = Release|Any CPU
        {294e9bc1-416a-4472-9cda-992a4e9c9245}.Debug|Any CPU.ActiveCfg = Debug|Any CPU
        {294e9bc1-416a-4472-9cda-992a4e9c9245}.Debug|Any CPU.Build.0 = Debug|Any CPU
        {294e9bc1-416a-4472-9cda-992a4e9c9245}.Release|Any CPU.ActiveCfg = Release|Any CPU
        {294e9bc1-416a-4472-9cda-992a4e9c9245}.Release|Any CPU.Build.0 = Release|Any CPU
        {60aabb89-e74e-4744-b659-a86a4fa8c0d2}.Debug|Any CPU.ActiveCfg = Debug|Any CPU
        {60aabb89-e74e-4744-b659-a86a4fa8c0d2}.Debug|Any CPU.Build.0 = Debug|Any CPU
        {60aabb89-e74e-4744-b659-a86a4fa8c0d2}.Release|Any CPU.ActiveCfg = Release|Any CPU
        {60aabb89-e74e-4744-b659-a86a4fa8c0d2}.Release|Any CPU.Build.0 = Release|Any CPU
        {39c10770-42c1-4ff4-a90a-47a039fddf90}.Debug|Any CPU.ActiveCfg = Debug|Any CPU
        {39c10770-42c1-4ff4-a90a-47a039fddf90}.Debug|Any CPU.Build.0 = Debug|Any CPU
        {39c10770-42c1-4ff4-a90a-47a039fddf90}.Release|Any CPU.ActiveCfg = Release|Any CPU
        {39c10770-42c1-4ff4-a90a-47a039fddf90}.Release|Any CPU.Build.0 = Release|Any CPU
        {c4a5bf3d-1734-4b04-8bfb-0e567542c054}.Debug|Any CPU.ActiveCfg = Debug|Any CPU
        {c4a5bf3d-1734-4b04-8bfb-0e567542c054}.Debug|Any CPU.Build.0 = Debug|Any CPU
        {c4a5bf3d-1734-4b04-8bfb-0e567542c054}.Release|Any CPU.ActiveCfg = Release|Any CPU
        {c4a5bf3d-1734-4b04-8bfb-0e567542c054}.Release|Any CPU.Build.0 = Release|Any CPU
        {ae3f24eb-dd0f-4a37-b131-5a1479749a87}.Debug|Any CPU.ActiveCfg = Debug|Any CPU
        {ae3f24eb-dd0f-4a37-b131-5a1479749a87}.Debug|Any CPU.Build.0 = Debug|Any CPU
        {ae3f24eb-dd0f-4a37-b131-5a1479749a87}.Release|Any CPU.ActiveCfg = Release|Any CPU
        {ae3f24eb-dd0f-4a37-b131-5a1479749a87}.Release|Any CPU.Build.0 = Release|Any CPU
        {7220d0c7-94a3-41e0-89b4-b3f301748afc}.Debug|Any CPU.ActiveCfg = Debug|Any CPU
        {7220d0c7-94a3-41e0-89b4-b3f301748afc}.Debug|Any CPU.Build.0 = Debug|Any CPU
        {7220d0c7-94a3-41e0-89b4-b3f301748afc}.Release|Any CPU.ActiveCfg = Release|Any CPU
        {7220d0c7-94a3-41e0-89b4-b3f301748afc}.Release|Any CPU.Build.0 = Release|Any CPU
        {171925a9-1790-4d59-972d-63365bba158c}.Debug|Any CPU.ActiveCfg = Debug|Any CPU
        {171925a9-1790-4d59-972d-63365bba158c}.Debug|Any CPU.Build.0 = Debug|Any CPU
        {171925a9-1790-4d59-972d-63365bba158c}.Release|Any CPU.ActiveCfg = Release|Any CPU
        {171925a9-1790-4d59-972d-63365bba158c}.Release|Any CPU.Build.0 = Release|Any CPU
        {df2ec096-7ce4-49a2-bdd4-6b9598afdcba}.Debug|Any CPU.ActiveCfg = Debug|Any CPU
        {df2ec096-7ce4-49a2-bdd4-6b9598afdcba}.Debug|Any CPU.Build.0 = Debug|Any CPU
        {df2ec096-7ce4-49a2-bdd4-6b9598afdcba}.Release|Any CPU.ActiveCfg = Release|Any CPU
        {df2ec096-7ce4-49a2-bdd4-6b9598afdcba}.Release|Any CPU.Build.0 = Release|Any CPU
    EndGlobalSection
    GlobalSection(SolutionProperties) = preSolution
        HideSolutionNode = FALSE
    EndGlobalSection
    GlobalSection(ExtensibilityGlobals) = postSolution
        SolutionGuid = {98055980-c934-4710-8921-d14384a3aef0}
    EndGlobalSection
EndGlobal
