Microsoft Visual Studio Solution File, Format Version 12.00
# Visual Studio Version 16
VisualStudioVersion = 16.0.29709.97
MinimumVisualStudioVersion = 10.0.40219.1
Project("{A8A06387-5A08-470D-8F9C-CD5ECF2DDB09}") = "Args", "args\Args.cmproj", "{9D92E2E7-3C62-437A-B5CC-FFE43A788E59}"
EndProject
Project("{A8A06387-5A08-470D-8F9C-CD5ECF2DDB09}") = "ASTViewer", "ASTViewer\ASTViewer.cmproj", "{426B07AA-BDD8-45B4-9443-11498CAB6630}"
EndProject
Project("{A8A06387-5A08-470D-8F9C-CD5ECF2DDB09}") = "BigNumCalc", "BigNumCalc\BigNumCalc.cmproj", "{25F6779D-3A66-410E-8B7A-4AF9B0D0182B}"
EndProject
Project("{A8A06387-5A08-470D-8F9C-CD5ECF2DDB09}") = "Calculator", "Calculator\Calculator.cmproj", "{1C25D48A-B33C-4A45-880F-8736FBF7601A}"
EndProject
Project("{A8A06387-5A08-470D-8F9C-CD5ECF2DDB09}") = "DirectoryWatcher", "DirectoryWatcher\DirectoryWatcher.cmproj", "{D9C829BC-EDE5-4F2E-9AA5-92B0D6D3055D}"
EndProject
Project("{A8A06387-5A08-470D-8F9C-CD5ECF2DDB09}") = "Hello", "Hello\Hello.cmproj", "{C142AEA6-045C-44A6-BBAC-FF3E3984DDAC}"
EndProject
Project("{A8A06387-5A08-470D-8F9C-CD5ECF2DDB09}") = "HelloGUI", "HelloGUI\HelloGUI.cmproj", "{D92959F2-FC8D-4DD5-A44D-141AB7C725DD}"
EndProject
Project("{A8A06387-5A08-470D-8F9C-CD5ECF2DDB09}") = "hexdump", "HexDump\hexdump.cmproj", "{BBD12E9F-4DD6-44AC-B8CF-75C1B8C7E406}"
EndProject
Project("{A8A06387-5A08-470D-8F9C-CD5ECF2DDB09}") = "keys", "keys\keys.cmproj", "{F992BD3B-79C4-456F-9108-FA548EFD3805}"
EndProject
Project("{A8A06387-5A08-470D-8F9C-CD5ECF2DDB09}") = "ms", "ms\ms.cmproj", "{545BC825-68AF-4467-B35E-CC6E31A7B6A5}"
EndProject
Project("{A8A06387-5A08-470D-8F9C-CD5ECF2DDB09}") = "rfc", "rfc\rfc.cmproj", "{53CCFC52-4173-41C0-B623-32F0B626658E}"
EndProject
Project("{A8A06387-5A08-470D-8F9C-CD5ECF2DDB09}") = "sgrep", "sgrep\sgrep.cmproj", "{252AC899-8360-41BF-96C5-DF2C4A707B82}"
EndProject
Project("{A8A06387-5A08-470D-8F9C-CD5ECF2DDB09}") = "sted", "sted\sted.cmproj", "{CA10E051-40E6-4360-A24E-558E0A5E3FD4}"
EndProject
Project("{A8A06387-5A08-470D-8F9C-CD5ECF2DDB09}") = "xpq", "xpq\xpq.cmproj", "{86CAB710-876F-4140-9B4B-E411F4C701E5}"
EndProject
Global
	GlobalSection(SolutionConfigurationPlatforms) = preSolution
		Debug|Any CPU = Debug|Any CPU
		Release|Any CPU = Release|Any CPU
	EndGlobalSection
	GlobalSection(ProjectConfigurationPlatforms) = postSolution
		{9D92E2E7-3C62-437A-B5CC-FFE43A788E59}.Debug|Any CPU.ActiveCfg = Debug|Any CPU
		{9D92E2E7-3C62-437A-B5CC-FFE43A788E59}.Debug|Any CPU.Build.0 = Debug|Any CPU
		{9D92E2E7-3C62-437A-B5CC-FFE43A788E59}.Release|Any CPU.ActiveCfg = Release|Any CPU
		{9D92E2E7-3C62-437A-B5CC-FFE43A788E59}.Release|Any CPU.Build.0 = Release|Any CPU
		{426B07AA-BDD8-45B4-9443-11498CAB6630}.Debug|Any CPU.ActiveCfg = Debug|Any CPU
		{426B07AA-BDD8-45B4-9443-11498CAB6630}.Debug|Any CPU.Build.0 = Debug|Any CPU
		{426B07AA-BDD8-45B4-9443-11498CAB6630}.Release|Any CPU.ActiveCfg = Release|Any CPU
		{426B07AA-BDD8-45B4-9443-11498CAB6630}.Release|Any CPU.Build.0 = Release|Any CPU
		{25F6779D-3A66-410E-8B7A-4AF9B0D0182B}.Debug|Any CPU.ActiveCfg = Debug|Any CPU
		{25F6779D-3A66-410E-8B7A-4AF9B0D0182B}.Debug|Any CPU.Build.0 = Debug|Any CPU
		{25F6779D-3A66-410E-8B7A-4AF9B0D0182B}.Release|Any CPU.ActiveCfg = Release|Any CPU
		{25F6779D-3A66-410E-8B7A-4AF9B0D0182B}.Release|Any CPU.Build.0 = Release|Any CPU
		{1C25D48A-B33C-4A45-880F-8736FBF7601A}.Debug|Any CPU.ActiveCfg = Debug|Any CPU
		{1C25D48A-B33C-4A45-880F-8736FBF7601A}.Debug|Any CPU.Build.0 = Debug|Any CPU
		{1C25D48A-B33C-4A45-880F-8736FBF7601A}.Release|Any CPU.ActiveCfg = Release|Any CPU
		{1C25D48A-B33C-4A45-880F-8736FBF7601A}.Release|Any CPU.Build.0 = Release|Any CPU
		{D9C829BC-EDE5-4F2E-9AA5-92B0D6D3055D}.Debug|Any CPU.ActiveCfg = Debug|Any CPU
		{D9C829BC-EDE5-4F2E-9AA5-92B0D6D3055D}.Debug|Any CPU.Build.0 = Debug|Any CPU
		{D9C829BC-EDE5-4F2E-9AA5-92B0D6D3055D}.Release|Any CPU.ActiveCfg = Release|Any CPU
		{D9C829BC-EDE5-4F2E-9AA5-92B0D6D3055D}.Release|Any CPU.Build.0 = Release|Any CPU
		{C142AEA6-045C-44A6-BBAC-FF3E3984DDAC}.Debug|Any CPU.ActiveCfg = Debug|Any CPU
		{C142AEA6-045C-44A6-BBAC-FF3E3984DDAC}.Debug|Any CPU.Build.0 = Debug|Any CPU
		{C142AEA6-045C-44A6-BBAC-FF3E3984DDAC}.Release|Any CPU.ActiveCfg = Release|Any CPU
		{C142AEA6-045C-44A6-BBAC-FF3E3984DDAC}.Release|Any CPU.Build.0 = Release|Any CPU
		{D92959F2-FC8D-4DD5-A44D-141AB7C725DD}.Debug|Any CPU.ActiveCfg = Debug|Any CPU
		{D92959F2-FC8D-4DD5-A44D-141AB7C725DD}.Debug|Any CPU.Build.0 = Debug|Any CPU
		{D92959F2-FC8D-4DD5-A44D-141AB7C725DD}.Release|Any CPU.ActiveCfg = Release|Any CPU
		{D92959F2-FC8D-4DD5-A44D-141AB7C725DD}.Release|Any CPU.Build.0 = Release|Any CPU
		{BBD12E9F-4DD6-44AC-B8CF-75C1B8C7E406}.Debug|Any CPU.ActiveCfg = Debug|Any CPU
		{BBD12E9F-4DD6-44AC-B8CF-75C1B8C7E406}.Debug|Any CPU.Build.0 = Debug|Any CPU
		{BBD12E9F-4DD6-44AC-B8CF-75C1B8C7E406}.Release|Any CPU.ActiveCfg = Release|Any CPU
		{BBD12E9F-4DD6-44AC-B8CF-75C1B8C7E406}.Release|Any CPU.Build.0 = Release|Any CPU
		{F992BD3B-79C4-456F-9108-FA548EFD3805}.Debug|Any CPU.ActiveCfg = Debug|Any CPU
		{F992BD3B-79C4-456F-9108-FA548EFD3805}.Debug|Any CPU.Build.0 = Debug|Any CPU
		{F992BD3B-79C4-456F-9108-FA548EFD3805}.Release|Any CPU.ActiveCfg = Release|Any CPU
		{F992BD3B-79C4-456F-9108-FA548EFD3805}.Release|Any CPU.Build.0 = Release|Any CPU
		{545BC825-68AF-4467-B35E-CC6E31A7B6A5}.Debug|Any CPU.ActiveCfg = Debug|Any CPU
		{545BC825-68AF-4467-B35E-CC6E31A7B6A5}.Debug|Any CPU.Build.0 = Debug|Any CPU
		{545BC825-68AF-4467-B35E-CC6E31A7B6A5}.Release|Any CPU.ActiveCfg = Release|Any CPU
		{545BC825-68AF-4467-B35E-CC6E31A7B6A5}.Release|Any CPU.Build.0 = Release|Any CPU
		{53CCFC52-4173-41C0-B623-32F0B626658E}.Debug|Any CPU.ActiveCfg = Debug|Any CPU
		{53CCFC52-4173-41C0-B623-32F0B626658E}.Debug|Any CPU.Build.0 = Debug|Any CPU
		{53CCFC52-4173-41C0-B623-32F0B626658E}.Release|Any CPU.ActiveCfg = Release|Any CPU
		{53CCFC52-4173-41C0-B623-32F0B626658E}.Release|Any CPU.Build.0 = Release|Any CPU
		{252AC899-8360-41BF-96C5-DF2C4A707B82}.Debug|Any CPU.ActiveCfg = Debug|Any CPU
		{252AC899-8360-41BF-96C5-DF2C4A707B82}.Debug|Any CPU.Build.0 = Debug|Any CPU
		{252AC899-8360-41BF-96C5-DF2C4A707B82}.Release|Any CPU.ActiveCfg = Release|Any CPU
		{252AC899-8360-41BF-96C5-DF2C4A707B82}.Release|Any CPU.Build.0 = Release|Any CPU
		{CA10E051-40E6-4360-A24E-558E0A5E3FD4}.Debug|Any CPU.ActiveCfg = Debug|Any CPU
		{CA10E051-40E6-4360-A24E-558E0A5E3FD4}.Debug|Any CPU.Build.0 = Debug|Any CPU
		{CA10E051-40E6-4360-A24E-558E0A5E3FD4}.Release|Any CPU.ActiveCfg = Release|Any CPU
		{CA10E051-40E6-4360-A24E-558E0A5E3FD4}.Release|Any CPU.Build.0 = Release|Any CPU
		{86CAB710-876F-4140-9B4B-E411F4C701E5}.Debug|Any CPU.ActiveCfg = Debug|Any CPU
		{86CAB710-876F-4140-9B4B-E411F4C701E5}.Debug|Any CPU.Build.0 = Debug|Any CPU
		{86CAB710-876F-4140-9B4B-E411F4C701E5}.Release|Any CPU.ActiveCfg = Release|Any CPU
		{86CAB710-876F-4140-9B4B-E411F4C701E5}.Release|Any CPU.Build.0 = Release|Any CPU
	EndGlobalSection
	GlobalSection(SolutionProperties) = preSolution
		HideSolutionNode = FALSE
	EndGlobalSection
	GlobalSection(ExtensibilityGlobals) = postSolution
		        SolutionGuid = {3e7876dc-3256-48ad-b6df-f336318a4897}
		SolutionGuid = {203E2042-2D54-4A4B-8884-557BC1017675}
	EndGlobalSection
EndGlobal
