
Microsoft Visual Studio Solution File, Format Version 12.00
# Visual Studio 15
VisualStudioVersion = 15.0.28306.52
MinimumVisualStudioVersion = 10.0.40219.1
Project("{FAE04EC0-301F-11D3-BF4B-00C04F79EFBC}") = "CreateCmajorCPS", "CreateCmajorCPS.csproj", "{32F27136-7933-4707-A456-F8B06F3DCA18}"
EndProject
Global
	GlobalSection(SolutionConfigurationPlatforms) = preSolution
		Debug|Any CPU = Debug|Any CPU
		Release|Any CPU = Release|Any CPU
	EndGlobalSection
	GlobalSection(ProjectConfigurationPlatforms) = postSolution
		{32F27136-7933-4707-A456-F8B06F3DCA18}.Debug|Any CPU.ActiveCfg = Debug|Any CPU
		{32F27136-7933-4707-A456-F8B06F3DCA18}.Debug|Any CPU.Build.0 = Debug|Any CPU
		{32F27136-7933-4707-A456-F8B06F3DCA18}.Release|Any CPU.ActiveCfg = Release|Any CPU
		{32F27136-7933-4707-A456-F8B06F3DCA18}.Release|Any CPU.Build.0 = Release|Any CPU
	EndGlobalSection
	GlobalSection(SolutionProperties) = preSolution
		HideSolutionNode = FALSE
	EndGlobalSection
	GlobalSection(ExtensibilityGlobals) = postSolution
		SolutionGuid = {A0FE0E48-31A6-4034-8DD1-FE8F602974CB}
	EndGlobalSection
EndGlobal
